
Microsoft Visual Studio Solution File, Format Version 12.00
# Visual Studio Version 17
VisualStudioVersion = 17.0.31903.59
MinimumVisualStudioVersion = 10.0.40219.1
Project("{2150E333-8FDC-42A3-9474-1A3956D46DE8}") = "src", "src", "{827E0CD3-B72D-47B6-A68D-7590B98EB39B}"
EndProject
Project("{FAE04EC0-301F-11D3-BF4B-00C04F79EFBC}") = "Altinn.Swashbuckle.Abstractions", "src\Altinn.Swashbuckle.Abstractions\Altinn.Swashbuckle.Abstractions.csproj", "{55561599-1567-4FA0-83FC-F2D26D2AEDF0}"
EndProject
Project("{FAE04EC0-301F-11D3-BF4B-00C04F79EFBC}") = "Altinn.Swashbuckle", "src\Altinn.Swashbuckle\Altinn.Swashbuckle.csproj", "{AA18785A-4972-4CBE-ABDC-E9B082351766}"
EndProject
Project("{2150E333-8FDC-42A3-9474-1A3956D46DE8}") = "test", "test", "{0C88DD14-F956-CE84-757C-A364CCF449FC}"
EndProject
Project("{FAE04EC0-301F-11D3-BF4B-00C04F79EFBC}") = "Altinn.Swashbuckle.Tests", "test\Altinn.Swashbuckle.Tests\Altinn.Swashbuckle.Tests.csproj", "{9F408297-E807-427E-96E0-9530172C8FED}"
EndProject
Global
	GlobalSection(SolutionConfigurationPlatforms) = preSolution
		Debug|Any CPU = Debug|Any CPU
		Debug|x64 = Debug|x64
		Debug|x86 = Debug|x86
		Release|Any CPU = Release|Any CPU
		Release|x64 = Release|x64
		Release|x86 = Release|x86
	EndGlobalSection
	GlobalSection(ProjectConfigurationPlatforms) = postSolution
		{55561599-1567-4FA0-83FC-F2D26D2AEDF0}.Debug|Any CPU.ActiveCfg = Debug|Any CPU
		{55561599-1567-4FA0-83FC-F2D26D2AEDF0}.Debug|Any CPU.Build.0 = Debug|Any CPU
		{55561599-1567-4FA0-83FC-F2D26D2AEDF0}.Debug|x64.ActiveCfg = Debug|Any CPU
		{55561599-1567-4FA0-83FC-F2D26D2AEDF0}.Debug|x64.Build.0 = Debug|Any CPU
		{55561599-1567-4FA0-83FC-F2D26D2AEDF0}.Debug|x86.ActiveCfg = Debug|Any CPU
		{55561599-1567-4FA0-83FC-F2D26D2AEDF0}.Debug|x86.Build.0 = Debug|Any CPU
		{55561599-1567-4FA0-83FC-F2D26D2AEDF0}.Release|Any CPU.ActiveCfg = Release|Any CPU
		{55561599-1567-4FA0-83FC-F2D26D2AEDF0}.Release|Any CPU.Build.0 = Release|Any CPU
		{55561599-1567-4FA0-83FC-F2D26D2AEDF0}.Release|x64.ActiveCfg = Release|Any CPU
		{55561599-1567-4FA0-83FC-F2D26D2AEDF0}.Release|x64.Build.0 = Release|Any CPU
		{55561599-1567-4FA0-83FC-F2D26D2AEDF0}.Release|x86.ActiveCfg = Release|Any CPU
		{55561599-1567-4FA0-83FC-F2D26D2AEDF0}.Release|x86.Build.0 = Release|Any CPU
		{AA18785A-4972-4CBE-ABDC-E9B082351766}.Debug|Any CPU.ActiveCfg = Debug|Any CPU
		{AA18785A-4972-4CBE-ABDC-E9B082351766}.Debug|Any CPU.Build.0 = Debug|Any CPU
		{AA18785A-4972-4CBE-ABDC-E9B082351766}.Debug|x64.ActiveCfg = Debug|Any CPU
		{AA18785A-4972-4CBE-ABDC-E9B082351766}.Debug|x64.Build.0 = Debug|Any CPU
		{AA18785A-4972-4CBE-ABDC-E9B082351766}.Debug|x86.ActiveCfg = Debug|Any CPU
		{AA18785A-4972-4CBE-ABDC-E9B082351766}.Debug|x86.Build.0 = Debug|Any CPU
		{AA18785A-4972-4CBE-ABDC-E9B082351766}.Release|Any CPU.ActiveCfg = Release|Any CPU
		{AA18785A-4972-4CBE-ABDC-E9B082351766}.Release|Any CPU.Build.0 = Release|Any CPU
		{AA18785A-4972-4CBE-ABDC-E9B082351766}.Release|x64.ActiveCfg = Release|Any CPU
		{AA18785A-4972-4CBE-ABDC-E9B082351766}.Release|x64.Build.0 = Release|Any CPU
		{AA18785A-4972-4CBE-ABDC-E9B082351766}.Release|x86.ActiveCfg = Release|Any CPU
		{AA18785A-4972-4CBE-ABDC-E9B082351766}.Release|x86.Build.0 = Release|Any CPU
		{9F408297-E807-427E-96E0-9530172C8FED}.Debug|Any CPU.ActiveCfg = Debug|Any CPU
		{9F408297-E807-427E-96E0-9530172C8FED}.Debug|Any CPU.Build.0 = Debug|Any CPU
		{9F408297-E807-427E-96E0-9530172C8FED}.Debug|x64.ActiveCfg = Debug|Any CPU
		{9F408297-E807-427E-96E0-9530172C8FED}.Debug|x64.Build.0 = Debug|Any CPU
		{9F408297-E807-427E-96E0-9530172C8FED}.Debug|x86.ActiveCfg = Debug|Any CPU
		{9F408297-E807-427E-96E0-9530172C8FED}.Debug|x86.Build.0 = Debug|Any CPU
		{9F408297-E807-427E-96E0-9530172C8FED}.Release|Any CPU.ActiveCfg = Release|Any CPU
		{9F408297-E807-427E-96E0-9530172C8FED}.Release|Any CPU.Build.0 = Release|Any CPU
		{9F408297-E807-427E-96E0-9530172C8FED}.Release|x64.ActiveCfg = Release|Any CPU
		{9F408297-E807-427E-96E0-9530172C8FED}.Release|x64.Build.0 = Release|Any CPU
		{9F408297-E807-427E-96E0-9530172C8FED}.Release|x86.ActiveCfg = Release|Any CPU
		{9F408297-E807-427E-96E0-9530172C8FED}.Release|x86.Build.0 = Release|Any CPU
	EndGlobalSection
	GlobalSection(SolutionProperties) = preSolution
		HideSolutionNode = FALSE
	EndGlobalSection
	GlobalSection(NestedProjects) = preSolution
		{55561599-1567-4FA0-83FC-F2D26D2AEDF0} = {827E0CD3-B72D-47B6-A68D-7590B98EB39B}
		{AA18785A-4972-4CBE-ABDC-E9B082351766} = {827E0CD3-B72D-47B6-A68D-7590B98EB39B}
		{9F408297-E807-427E-96E0-9530172C8FED} = {0C88DD14-F956-CE84-757C-A364CCF449FC}
	EndGlobalSection
EndGlobal
