
Microsoft Visual Studio Solution File, Format Version 12.00
# Visual Studio Version 17
VisualStudioVersion = 17.0.31903.59
MinimumVisualStudioVersion = 10.0.40219.1
Project("{2150E333-8FDC-42A3-9474-1A3956D46DE8}") = "src", "src", "{0824AEC2-E5EE-4677-8B51-DB887BBEDD4E}"
EndProject
Project("{2150E333-8FDC-42A3-9474-1A3956D46DE8}") = "test", "test", "{1DFD439A-B111-4C82-906C-5441E9583C75}"
EndProject
Project("{FAE04EC0-301F-11D3-BF4B-00C04F79EFBC}") = "Altinn.Swashbuckle.Abstractions", "src\Altinn.Swashbuckle.Abstractions\Altinn.Swashbuckle.Abstractions.csproj", "{08CF2D4C-CF67-485B-B807-600055520345}"
EndProject
Project("{FAE04EC0-301F-11D3-BF4B-00C04F79EFBC}") = "Altinn.Swashbuckle", "src\Altinn.Swashbuckle\Altinn.Swashbuckle.csproj", "{8EE24E29-9C43-42EB-80F0-35082E5BEC52}"
EndProject
Project("{FAE04EC0-301F-11D3-BF4B-00C04F79EFBC}") = "Altinn.Swashbuckle.Tests", "test\Altinn.Swashbuckle.Tests\Altinn.Swashbuckle.Tests.csproj", "{BDFE67BD-D9D2-429C-A67F-13814F9EAB4F}"
EndProject
Global
	GlobalSection(SolutionConfigurationPlatforms) = preSolution
		Debug|Any CPU = Debug|Any CPU
		Release|Any CPU = Release|Any CPU
	EndGlobalSection
	GlobalSection(ProjectConfigurationPlatforms) = postSolution
		{08CF2D4C-CF67-485B-B807-600055520345}.Debug|Any CPU.ActiveCfg = Debug|Any CPU
		{08CF2D4C-CF67-485B-B807-600055520345}.Debug|Any CPU.Build.0 = Debug|Any CPU
		{08CF2D4C-CF67-485B-B807-600055520345}.Release|Any CPU.ActiveCfg = Release|Any CPU
		{08CF2D4C-CF67-485B-B807-600055520345}.Release|Any CPU.Build.0 = Release|Any CPU
		{8EE24E29-9C43-42EB-80F0-35082E5BEC52}.Debug|Any CPU.ActiveCfg = Debug|Any CPU
		{8EE24E29-9C43-42EB-80F0-35082E5BEC52}.Debug|Any CPU.Build.0 = Debug|Any CPU
		{8EE24E29-9C43-42EB-80F0-35082E5BEC52}.Release|Any CPU.ActiveCfg = Release|Any CPU
		{8EE24E29-9C43-42EB-80F0-35082E5BEC52}.Release|Any CPU.Build.0 = Release|Any CPU
		{BDFE67BD-D9D2-429C-A67F-13814F9EAB4F}.Debug|Any CPU.ActiveCfg = Debug|Any CPU
		{BDFE67BD-D9D2-429C-A67F-13814F9EAB4F}.Debug|Any CPU.Build.0 = Debug|Any CPU
		{BDFE67BD-D9D2-429C-A67F-13814F9EAB4F}.Release|Any CPU.ActiveCfg = Release|Any CPU
		{BDFE67BD-D9D2-429C-A67F-13814F9EAB4F}.Release|Any CPU.Build.0 = Release|Any CPU
	EndGlobalSection
	GlobalSection(SolutionProperties) = preSolution
		HideSolutionNode = FALSE
	EndGlobalSection
	GlobalSection(NestedProjects) = preSolution
		{08CF2D4C-CF67-485B-B807-600055520345} = {0824AEC2-E5EE-4677-8B51-DB887BBEDD4E}
		{8EE24E29-9C43-42EB-80F0-35082E5BEC52} = {0824AEC2-E5EE-4677-8B51-DB887BBEDD4E}
		{BDFE67BD-D9D2-429C-A67F-13814F9EAB4F} = {1DFD439A-B111-4C82-906C-5441E9583C75}
	EndGlobalSection
	GlobalSection(ExtensibilityGlobals) = postSolution
		SolutionGuid = {61F652D9-F8CA-4DE8-B191-5919FEF61235}
	EndGlobalSection
EndGlobal
