
Microsoft Visual Studio Solution File, Format Version 12.00
# Visual Studio Version 18
VisualStudioVersion = 18.0.11012.119
MinimumVisualStudioVersion = 10.0.40219.1
Project("{2150E333-8FDC-42A3-9474-1A3956D46DE8}") = "Altinn.Authorization.ModelUtils", "Altinn.Authorization.ModelUtils", "{EB75EB21-BF84-91EF-4E6E-5977B2E575DE}"
EndProject
Project("{2150E333-8FDC-42A3-9474-1A3956D46DE8}") = "src", "src", "{8280278A-98F2-E206-A079-E506139BE16C}"
EndProject
Project("{FAE04EC0-301F-11D3-BF4B-00C04F79EFBC}") = "Altinn.Authorization.ModelUtils.Swashbuckle", "src\Altinn.Authorization.ModelUtils\src\ModelUtils.Swashbuckle\Altinn.Authorization.ModelUtils.Swashbuckle.csproj", "{F42B02DA-AB80-4E40-A388-DB103843B164}"
EndProject
Project("{FAE04EC0-301F-11D3-BF4B-00C04F79EFBC}") = "Altinn.Authorization.ModelUtils", "src\Altinn.Authorization.ModelUtils\src\ModelUtils\Altinn.Authorization.ModelUtils.csproj", "{59563A5B-581C-411C-A340-E109C91CA1D8}"
EndProject
Project("{2150E333-8FDC-42A3-9474-1A3956D46DE8}") = "test", "test", "{9A590182-5978-D8C7-E303-291190AE30CB}"
EndProject
Project("{FAE04EC0-301F-11D3-BF4B-00C04F79EFBC}") = "Altinn.Authorization.ModelUtils.Tests", "src\Altinn.Authorization.ModelUtils\test\ModelUtils.Tests\Altinn.Authorization.ModelUtils.Tests.csproj", "{CAF1DE45-1AD2-441F-A608-13E8620AF9ED}"
EndProject
Project("{2150E333-8FDC-42A3-9474-1A3956D46DE8}") = "Altinn.Authorization.ProblemDetails", "Altinn.Authorization.ProblemDetails", "{F3AF90AF-75E4-0F12-A774-47027EA19581}"
EndProject
Project("{2150E333-8FDC-42A3-9474-1A3956D46DE8}") = "src", "src", "{D4D3E438-BFB7-2F8D-680E-54BE7DA40A99}"
EndProject
Project("{FAE04EC0-301F-11D3-BF4B-00C04F79EFBC}") = "Altinn.Authorization.ProblemDetails.Abstractions", "src\Altinn.Authorization.ProblemDetails\src\ProblemDetails.Abstractions\Altinn.Authorization.ProblemDetails.Abstractions.csproj", "{61651F98-6012-4A7A-8F9D-10C97FF5D69C}"
EndProject
Project("{FAE04EC0-301F-11D3-BF4B-00C04F79EFBC}") = "Altinn.Authorization.ProblemDetails", "src\Altinn.Authorization.ProblemDetails\src\ProblemDetails\Altinn.Authorization.ProblemDetails.csproj", "{58C55A64-8972-4FBF-ACEB-C0BEF02B83EA}"
EndProject
Project("{2150E333-8FDC-42A3-9474-1A3956D46DE8}") = "test", "test", "{9F1133D0-4896-081B-73A1-17DBEFCB2077}"
EndProject
Project("{FAE04EC0-301F-11D3-BF4B-00C04F79EFBC}") = "Altinn.Authorization.ProblemDetails.Tests", "src\Altinn.Authorization.ProblemDetails\test\ProblemDetails.Tests\Altinn.Authorization.ProblemDetails.Tests.csproj", "{BB1988FB-038F-44CE-B6E5-C7F938157578}"
EndProject
Project("{2150E333-8FDC-42A3-9474-1A3956D46DE8}") = "Altinn.Authorization.ServiceDefaults", "Altinn.Authorization.ServiceDefaults", "{763561C8-F89B-6354-139D-F9478C28527A}"
EndProject
Project("{2150E333-8FDC-42A3-9474-1A3956D46DE8}") = "src", "src", "{73FC86DF-ABEB-B5B7-2E65-11FA347832F9}"
EndProject
Project("{FAE04EC0-301F-11D3-BF4B-00C04F79EFBC}") = "Altinn.Authorization.ServiceDefaults", "src\Altinn.Authorization.ServiceDefaults\src\ServiceDefaults\Altinn.Authorization.ServiceDefaults.csproj", "{2096EAF2-32D6-453B-A20F-7BE3225EDA88}"
EndProject
Project("{FAE04EC0-301F-11D3-BF4B-00C04F79EFBC}") = "Altinn.Authorization.ServiceDefaults.Npgsql.Yuniql", "src\Altinn.Authorization.ServiceDefaults\src\ServiceDefaults.Npgsql.Yuniql\Altinn.Authorization.ServiceDefaults.Npgsql.Yuniql.csproj", "{D186D426-6D53-4F53-84F1-B7A5ADC345E1}"
EndProject
Project("{FAE04EC0-301F-11D3-BF4B-00C04F79EFBC}") = "Altinn.Authorization.ServiceDefaults.Telemetry", "src\Altinn.Authorization.ServiceDefaults\src\ServiceDefaults.Telemetry\Altinn.Authorization.ServiceDefaults.Telemetry.csproj", "{FB764BFA-29A6-4B15-89F8-EDECCAA82454}"
EndProject
Project("{FAE04EC0-301F-11D3-BF4B-00C04F79EFBC}") = "Altinn.Authorization.ServiceDefaults.Npgsql", "src\Altinn.Authorization.ServiceDefaults\src\ServiceDefaults.Npgsql\Altinn.Authorization.ServiceDefaults.Npgsql.csproj", "{89CA6C71-6B7B-48B2-AA25-1C4FD4031C1F}"
EndProject
Project("{FAE04EC0-301F-11D3-BF4B-00C04F79EFBC}") = "Altinn.Authorization.ServiceDefaults.Npgsql.TestSeed", "src\Altinn.Authorization.ServiceDefaults\src\ServiceDefaults.Npgsql.TestSeed\Altinn.Authorization.ServiceDefaults.Npgsql.TestSeed.csproj", "{56ABF1A7-3075-4D38-9DD6-5EAB0A384FA2}"
EndProject
Project("{2150E333-8FDC-42A3-9474-1A3956D46DE8}") = "test", "test", "{D3C758B1-2EFB-5E1A-6276-3A5D7C0FB0D3}"
EndProject
Project("{FAE04EC0-301F-11D3-BF4B-00C04F79EFBC}") = "Altinn.Authorization.ServiceDefaults.Npgsql.Tests", "src\Altinn.Authorization.ServiceDefaults\test\ServiceDefaults.Npgsql.Tests\Altinn.Authorization.ServiceDefaults.Npgsql.Tests.csproj", "{1F27B6C4-8CDA-4BCB-AB60-F54A79163BAC}"
EndProject
Project("{FAE04EC0-301F-11D3-BF4B-00C04F79EFBC}") = "Altinn.Authorization.ServiceDefaults.Tests", "src\Altinn.Authorization.ServiceDefaults\test\ServiceDefaults.Tests\Altinn.Authorization.ServiceDefaults.Tests.csproj", "{3B654110-0FF2-41E6-9325-506569FA561D}"
EndProject
Project("{2150E333-8FDC-42A3-9474-1A3956D46DE8}") = "Altinn.Cli", "Altinn.Cli", "{CCD4F0B1-712D-5CB0-B003-69F99109FDBB}"
EndProject
Project("{2150E333-8FDC-42A3-9474-1A3956D46DE8}") = "src", "src", "{7F792CA6-478D-DCB5-A90C-7EF8CD8769D2}"
EndProject
Project("{FAE04EC0-301F-11D3-BF4B-00C04F79EFBC}") = "Altinn.Cli.Jwks", "src\Altinn.Cli\src\Altinn.Cli.Jwks\Altinn.Cli.Jwks.csproj", "{0FCE3EA2-510E-4A20-AC8C-BF8F48F54DDA}"
EndProject
Project("{2150E333-8FDC-42A3-9474-1A3956D46DE8}") = "Altinn.Swashbuckle", "Altinn.Swashbuckle", "{BF057CF0-9C6A-80B2-4115-E7279622C476}"
EndProject
Project("{2150E333-8FDC-42A3-9474-1A3956D46DE8}") = "src", "src", "{6AC13BEE-AC66-9A69-3AE8-4AFF3674B77D}"
EndProject
Project("{FAE04EC0-301F-11D3-BF4B-00C04F79EFBC}") = "Altinn.Swashbuckle", "src\Altinn.Swashbuckle\src\Altinn.Swashbuckle\Altinn.Swashbuckle.csproj", "{45E3525E-F8C4-4F3D-BC8B-9D711DF2D7F2}"
EndProject
Project("{FAE04EC0-301F-11D3-BF4B-00C04F79EFBC}") = "Altinn.Swashbuckle.Abstractions", "src\Altinn.Swashbuckle\src\Altinn.Swashbuckle.Abstractions\Altinn.Swashbuckle.Abstractions.csproj", "{C5BC8F7C-915A-42CD-B586-B1678685AE9F}"
EndProject
Project("{2150E333-8FDC-42A3-9474-1A3956D46DE8}") = "test", "test", "{61037860-D530-EA0A-0349-2817C6CED953}"
EndProject
Project("{FAE04EC0-301F-11D3-BF4B-00C04F79EFBC}") = "Altinn.Swashbuckle.Tests", "src\Altinn.Swashbuckle\test\Altinn.Swashbuckle.Tests\Altinn.Swashbuckle.Tests.csproj", "{7931A23B-CE35-4826-9E2B-41588ECA6AC5}"
EndProject
Project("{2150E333-8FDC-42A3-9474-1A3956D46DE8}") = "Altinn.Urn", "Altinn.Urn", "{37DA62FC-1946-D917-9850-17117E007FB2}"
EndProject
Project("{2150E333-8FDC-42A3-9474-1A3956D46DE8}") = "src", "src", "{63D763DC-53D7-188A-B9A8-5533EA86DBC3}"
EndProject
Project("{FAE04EC0-301F-11D3-BF4B-00C04F79EFBC}") = "Altinn.Urn.Swashbuckle", "src\Altinn.Urn\src\Altinn.Urn.Swashbuckle\Altinn.Urn.Swashbuckle.csproj", "{980E2ABF-18DA-46FC-BB30-A22F16A682F7}"
EndProject
Project("{FAE04EC0-301F-11D3-BF4B-00C04F79EFBC}") = "Altinn.Urn.SourceGenerator", "src\Altinn.Urn\src\Altinn.Urn.SourceGenerator\Altinn.Urn.SourceGenerator.csproj", "{13C00C59-6009-42A0-ADB8-9A2E4547FE75}"
EndProject
Project("{FAE04EC0-301F-11D3-BF4B-00C04F79EFBC}") = "Altinn.Urn", "src\Altinn.Urn\src\Altinn.Urn\Altinn.Urn.csproj", "{E6BB2EB1-8339-4E76-8396-DEB7BF393407}"
EndProject
Project("{2150E333-8FDC-42A3-9474-1A3956D46DE8}") = "test", "test", "{850559B7-F60F-B250-FDD5-8803A3C1702F}"
EndProject
Project("{FAE04EC0-301F-11D3-BF4B-00C04F79EFBC}") = "Altinn.Urn.SourceGenerator.IntegrationTests", "src\Altinn.Urn\test\Altinn.Urn.SourceGenerator.IntegrationTests\Altinn.Urn.SourceGenerator.IntegrationTests.csproj", "{FC81CACE-DE16-43C1-82B6-D77B5A9E6626}"
EndProject
Project("{FAE04EC0-301F-11D3-BF4B-00C04F79EFBC}") = "Altinn.Urn.Swashbuckle.Tests", "src\Altinn.Urn\test\Altinn.Urn.Swashbuckle.Tests\Altinn.Urn.Swashbuckle.Tests.csproj", "{38E05C47-539B-4E4A-B024-8C44A122E276}"
EndProject
Project("{FAE04EC0-301F-11D3-BF4B-00C04F79EFBC}") = "Altinn.Urn.SourceGenerator.Tests", "src\Altinn.Urn\test\Altinn.Urn.SourceGenerator.Tests\Altinn.Urn.SourceGenerator.Tests.csproj", "{7FCEB4C8-8011-4862-A3C7-450FFBB93F43}"
EndProject
Project("{FAE04EC0-301F-11D3-BF4B-00C04F79EFBC}") = "Altinn.Urn.Tests", "src\Altinn.Urn\test\Altinn.Urn.Tests\Altinn.Urn.Tests.csproj", "{4AEAC3B8-C828-4602-BDB2-0DEF1FDAA645}"
EndProject
Project("{2150E333-8FDC-42A3-9474-1A3956D46DE8}") = "Altinn.Authorization.TestUtils", "Altinn.Authorization.TestUtils", "{C4BEC2FB-CD83-BAA3-EC95-CF020266D07A}"
EndProject
Project("{2150E333-8FDC-42A3-9474-1A3956D46DE8}") = "src", "src", "{24568455-0574-DECF-E7D3-CBFAEBD89F97}"
EndProject
Project("{FAE04EC0-301F-11D3-BF4B-00C04F79EFBC}") = "Altinn.Authorization.TestUtils.Http", "src\Altinn.Authorization.TestUtils\src\TestUtils.Http\Altinn.Authorization.TestUtils.Http.csproj", "{FD0D6776-326E-4032-9284-FD87605AF43B}"
EndProject
Project("{FAE04EC0-301F-11D3-BF4B-00C04F79EFBC}") = "Altinn.Authorization.TestUtils", "src\Altinn.Authorization.TestUtils\src\TestUtils\Altinn.Authorization.TestUtils.csproj", "{C572A16F-4CA3-4B33-B556-EF165C727C3F}"
EndProject
Project("{2150E333-8FDC-42A3-9474-1A3956D46DE8}") = "sample", "sample", "{443DE49F-F09A-F819-0D78-1F80E381F7DB}"
EndProject
Project("{FAE04EC0-301F-11D3-BF4B-00C04F79EFBC}") = "Altinn.Authorization.ModelUtils.Sample.Api", "src\Altinn.Authorization.ModelUtils\sample\ModelUtils.Sample.Api\Altinn.Authorization.ModelUtils.Sample.Api.csproj", "{253168BC-99FD-4840-ADB8-638CA423F3CD}"
EndProject
Project("{2150E333-8FDC-42A3-9474-1A3956D46DE8}") = "sample", "sample", "{D30A479B-612C-2B85-DA7A-7319B0E5B2D8}"
EndProject
Project("{FAE04EC0-301F-11D3-BF4B-00C04F79EFBC}") = "Altinn.Urn.Sample.Api", "src\Altinn.Urn\sample\Altinn.Urn.Sample.Api\Altinn.Urn.Sample.Api.csproj", "{8CE52608-AEDB-4AFD-9BB5-3D47BA2F7563}"
EndProject
Project("{FAE04EC0-301F-11D3-BF4B-00C04F79EFBC}") = "Altinn.Authorization.ServiceDefaults.HttpClient", "src\Altinn.Authorization.ServiceDefaults\src\ServiceDefaults.HttpClient\Altinn.Authorization.ServiceDefaults.HttpClient.csproj", "{ECBEF03C-D29B-45B3-AF3C-98665F864BCE}"
EndProject
Project("{FAE04EC0-301F-11D3-BF4B-00C04F79EFBC}") = "Altinn.Authorization.ServiceDefaults.Abstractions", "src\Altinn.Authorization.ServiceDefaults\src\ServiceDefaults.Abstractions\Altinn.Authorization.ServiceDefaults.Abstractions.csproj", "{6A7E1B10-A028-4360-9AC5-22BEB273FD86}"
EndProject
Project("{FAE04EC0-301F-11D3-BF4B-00C04F79EFBC}") = "Altinn.Authorization.TestUtils.AspNetCore", "src\Altinn.Authorization.TestUtils\src\TestUtils.AspNetCore\Altinn.Authorization.TestUtils.AspNetCore.csproj", "{128AFB5F-C94E-47B2-A3C0-4DF631296ADA}"
EndProject
Project("{FAE04EC0-301F-11D3-BF4B-00C04F79EFBC}") = "Altinn.Authorization.ModelUtils.AspNet", "src\Altinn.Authorization.ModelUtils\src\ModelUtils.AspNet\Altinn.Authorization.ModelUtils.AspNet.csproj", "{AF3B231B-DAF6-4D61-8DEB-757492182E52}"
EndProject
Project("{FAE04EC0-301F-11D3-BF4B-00C04F79EFBC}") = "Altinn.Authorization.ServiceDefaults.Authorization", "src\Altinn.Authorization.ServiceDefaults\src\ServiceDefaults.Authorization\Altinn.Authorization.ServiceDefaults.Authorization.csproj", "{F62EAC59-711C-48AC-B207-5BEEC87B5931}"
EndProject
Project("{FAE04EC0-301F-11D3-BF4B-00C04F79EFBC}") = "Altinn.Authorization.ServiceDefaults.Authorization.Tests", "src\Altinn.Authorization.ServiceDefaults\test\ServiceDefaults.Authorization.Tests\Altinn.Authorization.ServiceDefaults.Authorization.Tests.csproj", "{AA107D13-9807-40ED-9080-6A0567B599A9}"
EndProject
Project("{2150E333-8FDC-42A3-9474-1A3956D46DE8}") = "sample", "sample", "{C7326F8D-68AC-56FC-84BA-810AB9E6A03C}"
EndProject
Project("{FAE04EC0-301F-11D3-BF4B-00C04F79EFBC}") = "Altinn.Authorization.ServiceDefaults.Sample.Api", "src\Altinn.Authorization.ServiceDefaults\sample\ServiceDefaults.Sample.Api\Altinn.Authorization.ServiceDefaults.Sample.Api.csproj", "{42403F4F-7223-4775-B438-49A1F307644D}"
EndProject
Project("{FAE04EC0-301F-11D3-BF4B-00C04F79EFBC}") = "Altinn.Authorization.ServiceDefaults.Swashbuckle", "src\Altinn.Authorization.ServiceDefaults\src\ServiceDefaults.Swashbuckle\Altinn.Authorization.ServiceDefaults.Swashbuckle.csproj", "{D723EBA4-AD02-49E5-B6E3-A967B70683F5}"
EndProject
Global
	GlobalSection(SolutionConfigurationPlatforms) = preSolution
		Debug|Any CPU = Debug|Any CPU
		Debug|x64 = Debug|x64
		Debug|x86 = Debug|x86
		Release|Any CPU = Release|Any CPU
		Release|x64 = Release|x64
		Release|x86 = Release|x86
	EndGlobalSection
	GlobalSection(ProjectConfigurationPlatforms) = postSolution
		{F42B02DA-AB80-4E40-A388-DB103843B164}.Debug|Any CPU.ActiveCfg = Debug|Any CPU
		{F42B02DA-AB80-4E40-A388-DB103843B164}.Debug|Any CPU.Build.0 = Debug|Any CPU
		{F42B02DA-AB80-4E40-A388-DB103843B164}.Debug|x64.ActiveCfg = Debug|Any CPU
		{F42B02DA-AB80-4E40-A388-DB103843B164}.Debug|x64.Build.0 = Debug|Any CPU
		{F42B02DA-AB80-4E40-A388-DB103843B164}.Debug|x86.ActiveCfg = Debug|Any CPU
		{F42B02DA-AB80-4E40-A388-DB103843B164}.Debug|x86.Build.0 = Debug|Any CPU
		{F42B02DA-AB80-4E40-A388-DB103843B164}.Release|Any CPU.ActiveCfg = Release|Any CPU
		{F42B02DA-AB80-4E40-A388-DB103843B164}.Release|Any CPU.Build.0 = Release|Any CPU
		{F42B02DA-AB80-4E40-A388-DB103843B164}.Release|x64.ActiveCfg = Release|Any CPU
		{F42B02DA-AB80-4E40-A388-DB103843B164}.Release|x64.Build.0 = Release|Any CPU
		{F42B02DA-AB80-4E40-A388-DB103843B164}.Release|x86.ActiveCfg = Release|Any CPU
		{F42B02DA-AB80-4E40-A388-DB103843B164}.Release|x86.Build.0 = Release|Any CPU
		{59563A5B-581C-411C-A340-E109C91CA1D8}.Debug|Any CPU.ActiveCfg = Debug|Any CPU
		{59563A5B-581C-411C-A340-E109C91CA1D8}.Debug|Any CPU.Build.0 = Debug|Any CPU
		{59563A5B-581C-411C-A340-E109C91CA1D8}.Debug|x64.ActiveCfg = Debug|Any CPU
		{59563A5B-581C-411C-A340-E109C91CA1D8}.Debug|x64.Build.0 = Debug|Any CPU
		{59563A5B-581C-411C-A340-E109C91CA1D8}.Debug|x86.ActiveCfg = Debug|Any CPU
		{59563A5B-581C-411C-A340-E109C91CA1D8}.Debug|x86.Build.0 = Debug|Any CPU
		{59563A5B-581C-411C-A340-E109C91CA1D8}.Release|Any CPU.ActiveCfg = Release|Any CPU
		{59563A5B-581C-411C-A340-E109C91CA1D8}.Release|Any CPU.Build.0 = Release|Any CPU
		{59563A5B-581C-411C-A340-E109C91CA1D8}.Release|x64.ActiveCfg = Release|Any CPU
		{59563A5B-581C-411C-A340-E109C91CA1D8}.Release|x64.Build.0 = Release|Any CPU
		{59563A5B-581C-411C-A340-E109C91CA1D8}.Release|x86.ActiveCfg = Release|Any CPU
		{59563A5B-581C-411C-A340-E109C91CA1D8}.Release|x86.Build.0 = Release|Any CPU
		{CAF1DE45-1AD2-441F-A608-13E8620AF9ED}.Debug|Any CPU.ActiveCfg = Debug|Any CPU
		{CAF1DE45-1AD2-441F-A608-13E8620AF9ED}.Debug|Any CPU.Build.0 = Debug|Any CPU
		{CAF1DE45-1AD2-441F-A608-13E8620AF9ED}.Debug|x64.ActiveCfg = Debug|Any CPU
		{CAF1DE45-1AD2-441F-A608-13E8620AF9ED}.Debug|x64.Build.0 = Debug|Any CPU
		{CAF1DE45-1AD2-441F-A608-13E8620AF9ED}.Debug|x86.ActiveCfg = Debug|Any CPU
		{CAF1DE45-1AD2-441F-A608-13E8620AF9ED}.Debug|x86.Build.0 = Debug|Any CPU
		{CAF1DE45-1AD2-441F-A608-13E8620AF9ED}.Release|Any CPU.ActiveCfg = Release|Any CPU
		{CAF1DE45-1AD2-441F-A608-13E8620AF9ED}.Release|Any CPU.Build.0 = Release|Any CPU
		{CAF1DE45-1AD2-441F-A608-13E8620AF9ED}.Release|x64.ActiveCfg = Release|Any CPU
		{CAF1DE45-1AD2-441F-A608-13E8620AF9ED}.Release|x64.Build.0 = Release|Any CPU
		{CAF1DE45-1AD2-441F-A608-13E8620AF9ED}.Release|x86.ActiveCfg = Release|Any CPU
		{CAF1DE45-1AD2-441F-A608-13E8620AF9ED}.Release|x86.Build.0 = Release|Any CPU
		{61651F98-6012-4A7A-8F9D-10C97FF5D69C}.Debug|Any CPU.ActiveCfg = Debug|Any CPU
		{61651F98-6012-4A7A-8F9D-10C97FF5D69C}.Debug|Any CPU.Build.0 = Debug|Any CPU
		{61651F98-6012-4A7A-8F9D-10C97FF5D69C}.Debug|x64.ActiveCfg = Debug|Any CPU
		{61651F98-6012-4A7A-8F9D-10C97FF5D69C}.Debug|x64.Build.0 = Debug|Any CPU
		{61651F98-6012-4A7A-8F9D-10C97FF5D69C}.Debug|x86.ActiveCfg = Debug|Any CPU
		{61651F98-6012-4A7A-8F9D-10C97FF5D69C}.Debug|x86.Build.0 = Debug|Any CPU
		{61651F98-6012-4A7A-8F9D-10C97FF5D69C}.Release|Any CPU.ActiveCfg = Release|Any CPU
		{61651F98-6012-4A7A-8F9D-10C97FF5D69C}.Release|Any CPU.Build.0 = Release|Any CPU
		{61651F98-6012-4A7A-8F9D-10C97FF5D69C}.Release|x64.ActiveCfg = Release|Any CPU
		{61651F98-6012-4A7A-8F9D-10C97FF5D69C}.Release|x64.Build.0 = Release|Any CPU
		{61651F98-6012-4A7A-8F9D-10C97FF5D69C}.Release|x86.ActiveCfg = Release|Any CPU
		{61651F98-6012-4A7A-8F9D-10C97FF5D69C}.Release|x86.Build.0 = Release|Any CPU
		{58C55A64-8972-4FBF-ACEB-C0BEF02B83EA}.Debug|Any CPU.ActiveCfg = Debug|Any CPU
		{58C55A64-8972-4FBF-ACEB-C0BEF02B83EA}.Debug|Any CPU.Build.0 = Debug|Any CPU
		{58C55A64-8972-4FBF-ACEB-C0BEF02B83EA}.Debug|x64.ActiveCfg = Debug|Any CPU
		{58C55A64-8972-4FBF-ACEB-C0BEF02B83EA}.Debug|x64.Build.0 = Debug|Any CPU
		{58C55A64-8972-4FBF-ACEB-C0BEF02B83EA}.Debug|x86.ActiveCfg = Debug|Any CPU
		{58C55A64-8972-4FBF-ACEB-C0BEF02B83EA}.Debug|x86.Build.0 = Debug|Any CPU
		{58C55A64-8972-4FBF-ACEB-C0BEF02B83EA}.Release|Any CPU.ActiveCfg = Release|Any CPU
		{58C55A64-8972-4FBF-ACEB-C0BEF02B83EA}.Release|Any CPU.Build.0 = Release|Any CPU
		{58C55A64-8972-4FBF-ACEB-C0BEF02B83EA}.Release|x64.ActiveCfg = Release|Any CPU
		{58C55A64-8972-4FBF-ACEB-C0BEF02B83EA}.Release|x64.Build.0 = Release|Any CPU
		{58C55A64-8972-4FBF-ACEB-C0BEF02B83EA}.Release|x86.ActiveCfg = Release|Any CPU
		{58C55A64-8972-4FBF-ACEB-C0BEF02B83EA}.Release|x86.Build.0 = Release|Any CPU
		{BB1988FB-038F-44CE-B6E5-C7F938157578}.Debug|Any CPU.ActiveCfg = Debug|Any CPU
		{BB1988FB-038F-44CE-B6E5-C7F938157578}.Debug|Any CPU.Build.0 = Debug|Any CPU
		{BB1988FB-038F-44CE-B6E5-C7F938157578}.Debug|x64.ActiveCfg = Debug|Any CPU
		{BB1988FB-038F-44CE-B6E5-C7F938157578}.Debug|x64.Build.0 = Debug|Any CPU
		{BB1988FB-038F-44CE-B6E5-C7F938157578}.Debug|x86.ActiveCfg = Debug|Any CPU
		{BB1988FB-038F-44CE-B6E5-C7F938157578}.Debug|x86.Build.0 = Debug|Any CPU
		{BB1988FB-038F-44CE-B6E5-C7F938157578}.Release|Any CPU.ActiveCfg = Release|Any CPU
		{BB1988FB-038F-44CE-B6E5-C7F938157578}.Release|Any CPU.Build.0 = Release|Any CPU
		{BB1988FB-038F-44CE-B6E5-C7F938157578}.Release|x64.ActiveCfg = Release|Any CPU
		{BB1988FB-038F-44CE-B6E5-C7F938157578}.Release|x64.Build.0 = Release|Any CPU
		{BB1988FB-038F-44CE-B6E5-C7F938157578}.Release|x86.ActiveCfg = Release|Any CPU
		{BB1988FB-038F-44CE-B6E5-C7F938157578}.Release|x86.Build.0 = Release|Any CPU
		{2096EAF2-32D6-453B-A20F-7BE3225EDA88}.Debug|Any CPU.ActiveCfg = Debug|Any CPU
		{2096EAF2-32D6-453B-A20F-7BE3225EDA88}.Debug|Any CPU.Build.0 = Debug|Any CPU
		{2096EAF2-32D6-453B-A20F-7BE3225EDA88}.Debug|x64.ActiveCfg = Debug|Any CPU
		{2096EAF2-32D6-453B-A20F-7BE3225EDA88}.Debug|x64.Build.0 = Debug|Any CPU
		{2096EAF2-32D6-453B-A20F-7BE3225EDA88}.Debug|x86.ActiveCfg = Debug|Any CPU
		{2096EAF2-32D6-453B-A20F-7BE3225EDA88}.Debug|x86.Build.0 = Debug|Any CPU
		{2096EAF2-32D6-453B-A20F-7BE3225EDA88}.Release|Any CPU.ActiveCfg = Release|Any CPU
		{2096EAF2-32D6-453B-A20F-7BE3225EDA88}.Release|Any CPU.Build.0 = Release|Any CPU
		{2096EAF2-32D6-453B-A20F-7BE3225EDA88}.Release|x64.ActiveCfg = Release|Any CPU
		{2096EAF2-32D6-453B-A20F-7BE3225EDA88}.Release|x64.Build.0 = Release|Any CPU
		{2096EAF2-32D6-453B-A20F-7BE3225EDA88}.Release|x86.ActiveCfg = Release|Any CPU
		{2096EAF2-32D6-453B-A20F-7BE3225EDA88}.Release|x86.Build.0 = Release|Any CPU
		{D186D426-6D53-4F53-84F1-B7A5ADC345E1}.Debug|Any CPU.ActiveCfg = Debug|Any CPU
		{D186D426-6D53-4F53-84F1-B7A5ADC345E1}.Debug|Any CPU.Build.0 = Debug|Any CPU
		{D186D426-6D53-4F53-84F1-B7A5ADC345E1}.Debug|x64.ActiveCfg = Debug|Any CPU
		{D186D426-6D53-4F53-84F1-B7A5ADC345E1}.Debug|x64.Build.0 = Debug|Any CPU
		{D186D426-6D53-4F53-84F1-B7A5ADC345E1}.Debug|x86.ActiveCfg = Debug|Any CPU
		{D186D426-6D53-4F53-84F1-B7A5ADC345E1}.Debug|x86.Build.0 = Debug|Any CPU
		{D186D426-6D53-4F53-84F1-B7A5ADC345E1}.Release|Any CPU.ActiveCfg = Release|Any CPU
		{D186D426-6D53-4F53-84F1-B7A5ADC345E1}.Release|Any CPU.Build.0 = Release|Any CPU
		{D186D426-6D53-4F53-84F1-B7A5ADC345E1}.Release|x64.ActiveCfg = Release|Any CPU
		{D186D426-6D53-4F53-84F1-B7A5ADC345E1}.Release|x64.Build.0 = Release|Any CPU
		{D186D426-6D53-4F53-84F1-B7A5ADC345E1}.Release|x86.ActiveCfg = Release|Any CPU
		{D186D426-6D53-4F53-84F1-B7A5ADC345E1}.Release|x86.Build.0 = Release|Any CPU
		{FB764BFA-29A6-4B15-89F8-EDECCAA82454}.Debug|Any CPU.ActiveCfg = Debug|Any CPU
		{FB764BFA-29A6-4B15-89F8-EDECCAA82454}.Debug|Any CPU.Build.0 = Debug|Any CPU
		{FB764BFA-29A6-4B15-89F8-EDECCAA82454}.Debug|x64.ActiveCfg = Debug|Any CPU
		{FB764BFA-29A6-4B15-89F8-EDECCAA82454}.Debug|x64.Build.0 = Debug|Any CPU
		{FB764BFA-29A6-4B15-89F8-EDECCAA82454}.Debug|x86.ActiveCfg = Debug|Any CPU
		{FB764BFA-29A6-4B15-89F8-EDECCAA82454}.Debug|x86.Build.0 = Debug|Any CPU
		{FB764BFA-29A6-4B15-89F8-EDECCAA82454}.Release|Any CPU.ActiveCfg = Release|Any CPU
		{FB764BFA-29A6-4B15-89F8-EDECCAA82454}.Release|Any CPU.Build.0 = Release|Any CPU
		{FB764BFA-29A6-4B15-89F8-EDECCAA82454}.Release|x64.ActiveCfg = Release|Any CPU
		{FB764BFA-29A6-4B15-89F8-EDECCAA82454}.Release|x64.Build.0 = Release|Any CPU
		{FB764BFA-29A6-4B15-89F8-EDECCAA82454}.Release|x86.ActiveCfg = Release|Any CPU
		{FB764BFA-29A6-4B15-89F8-EDECCAA82454}.Release|x86.Build.0 = Release|Any CPU
		{89CA6C71-6B7B-48B2-AA25-1C4FD4031C1F}.Debug|Any CPU.ActiveCfg = Debug|Any CPU
		{89CA6C71-6B7B-48B2-AA25-1C4FD4031C1F}.Debug|Any CPU.Build.0 = Debug|Any CPU
		{89CA6C71-6B7B-48B2-AA25-1C4FD4031C1F}.Debug|x64.ActiveCfg = Debug|Any CPU
		{89CA6C71-6B7B-48B2-AA25-1C4FD4031C1F}.Debug|x64.Build.0 = Debug|Any CPU
		{89CA6C71-6B7B-48B2-AA25-1C4FD4031C1F}.Debug|x86.ActiveCfg = Debug|Any CPU
		{89CA6C71-6B7B-48B2-AA25-1C4FD4031C1F}.Debug|x86.Build.0 = Debug|Any CPU
		{89CA6C71-6B7B-48B2-AA25-1C4FD4031C1F}.Release|Any CPU.ActiveCfg = Release|Any CPU
		{89CA6C71-6B7B-48B2-AA25-1C4FD4031C1F}.Release|Any CPU.Build.0 = Release|Any CPU
		{89CA6C71-6B7B-48B2-AA25-1C4FD4031C1F}.Release|x64.ActiveCfg = Release|Any CPU
		{89CA6C71-6B7B-48B2-AA25-1C4FD4031C1F}.Release|x64.Build.0 = Release|Any CPU
		{89CA6C71-6B7B-48B2-AA25-1C4FD4031C1F}.Release|x86.ActiveCfg = Release|Any CPU
		{89CA6C71-6B7B-48B2-AA25-1C4FD4031C1F}.Release|x86.Build.0 = Release|Any CPU
		{56ABF1A7-3075-4D38-9DD6-5EAB0A384FA2}.Debug|Any CPU.ActiveCfg = Debug|Any CPU
		{56ABF1A7-3075-4D38-9DD6-5EAB0A384FA2}.Debug|Any CPU.Build.0 = Debug|Any CPU
		{56ABF1A7-3075-4D38-9DD6-5EAB0A384FA2}.Debug|x64.ActiveCfg = Debug|Any CPU
		{56ABF1A7-3075-4D38-9DD6-5EAB0A384FA2}.Debug|x64.Build.0 = Debug|Any CPU
		{56ABF1A7-3075-4D38-9DD6-5EAB0A384FA2}.Debug|x86.ActiveCfg = Debug|Any CPU
		{56ABF1A7-3075-4D38-9DD6-5EAB0A384FA2}.Debug|x86.Build.0 = Debug|Any CPU
		{56ABF1A7-3075-4D38-9DD6-5EAB0A384FA2}.Release|Any CPU.ActiveCfg = Release|Any CPU
		{56ABF1A7-3075-4D38-9DD6-5EAB0A384FA2}.Release|Any CPU.Build.0 = Release|Any CPU
		{56ABF1A7-3075-4D38-9DD6-5EAB0A384FA2}.Release|x64.ActiveCfg = Release|Any CPU
		{56ABF1A7-3075-4D38-9DD6-5EAB0A384FA2}.Release|x64.Build.0 = Release|Any CPU
		{56ABF1A7-3075-4D38-9DD6-5EAB0A384FA2}.Release|x86.ActiveCfg = Release|Any CPU
		{56ABF1A7-3075-4D38-9DD6-5EAB0A384FA2}.Release|x86.Build.0 = Release|Any CPU
		{1F27B6C4-8CDA-4BCB-AB60-F54A79163BAC}.Debug|Any CPU.ActiveCfg = Debug|Any CPU
		{1F27B6C4-8CDA-4BCB-AB60-F54A79163BAC}.Debug|Any CPU.Build.0 = Debug|Any CPU
		{1F27B6C4-8CDA-4BCB-AB60-F54A79163BAC}.Debug|x64.ActiveCfg = Debug|Any CPU
		{1F27B6C4-8CDA-4BCB-AB60-F54A79163BAC}.Debug|x64.Build.0 = Debug|Any CPU
		{1F27B6C4-8CDA-4BCB-AB60-F54A79163BAC}.Debug|x86.ActiveCfg = Debug|Any CPU
		{1F27B6C4-8CDA-4BCB-AB60-F54A79163BAC}.Debug|x86.Build.0 = Debug|Any CPU
		{1F27B6C4-8CDA-4BCB-AB60-F54A79163BAC}.Release|Any CPU.ActiveCfg = Release|Any CPU
		{1F27B6C4-8CDA-4BCB-AB60-F54A79163BAC}.Release|Any CPU.Build.0 = Release|Any CPU
		{1F27B6C4-8CDA-4BCB-AB60-F54A79163BAC}.Release|x64.ActiveCfg = Release|Any CPU
		{1F27B6C4-8CDA-4BCB-AB60-F54A79163BAC}.Release|x64.Build.0 = Release|Any CPU
		{1F27B6C4-8CDA-4BCB-AB60-F54A79163BAC}.Release|x86.ActiveCfg = Release|Any CPU
		{1F27B6C4-8CDA-4BCB-AB60-F54A79163BAC}.Release|x86.Build.0 = Release|Any CPU
		{3B654110-0FF2-41E6-9325-506569FA561D}.Debug|Any CPU.ActiveCfg = Debug|Any CPU
		{3B654110-0FF2-41E6-9325-506569FA561D}.Debug|Any CPU.Build.0 = Debug|Any CPU
		{3B654110-0FF2-41E6-9325-506569FA561D}.Debug|x64.ActiveCfg = Debug|Any CPU
		{3B654110-0FF2-41E6-9325-506569FA561D}.Debug|x64.Build.0 = Debug|Any CPU
		{3B654110-0FF2-41E6-9325-506569FA561D}.Debug|x86.ActiveCfg = Debug|Any CPU
		{3B654110-0FF2-41E6-9325-506569FA561D}.Debug|x86.Build.0 = Debug|Any CPU
		{3B654110-0FF2-41E6-9325-506569FA561D}.Release|Any CPU.ActiveCfg = Release|Any CPU
		{3B654110-0FF2-41E6-9325-506569FA561D}.Release|Any CPU.Build.0 = Release|Any CPU
		{3B654110-0FF2-41E6-9325-506569FA561D}.Release|x64.ActiveCfg = Release|Any CPU
		{3B654110-0FF2-41E6-9325-506569FA561D}.Release|x64.Build.0 = Release|Any CPU
		{3B654110-0FF2-41E6-9325-506569FA561D}.Release|x86.ActiveCfg = Release|Any CPU
		{3B654110-0FF2-41E6-9325-506569FA561D}.Release|x86.Build.0 = Release|Any CPU
		{0FCE3EA2-510E-4A20-AC8C-BF8F48F54DDA}.Debug|Any CPU.ActiveCfg = Debug|Any CPU
		{0FCE3EA2-510E-4A20-AC8C-BF8F48F54DDA}.Debug|Any CPU.Build.0 = Debug|Any CPU
		{0FCE3EA2-510E-4A20-AC8C-BF8F48F54DDA}.Debug|x64.ActiveCfg = Debug|Any CPU
		{0FCE3EA2-510E-4A20-AC8C-BF8F48F54DDA}.Debug|x64.Build.0 = Debug|Any CPU
		{0FCE3EA2-510E-4A20-AC8C-BF8F48F54DDA}.Debug|x86.ActiveCfg = Debug|Any CPU
		{0FCE3EA2-510E-4A20-AC8C-BF8F48F54DDA}.Debug|x86.Build.0 = Debug|Any CPU
		{0FCE3EA2-510E-4A20-AC8C-BF8F48F54DDA}.Release|Any CPU.ActiveCfg = Release|Any CPU
		{0FCE3EA2-510E-4A20-AC8C-BF8F48F54DDA}.Release|Any CPU.Build.0 = Release|Any CPU
		{0FCE3EA2-510E-4A20-AC8C-BF8F48F54DDA}.Release|x64.ActiveCfg = Release|Any CPU
		{0FCE3EA2-510E-4A20-AC8C-BF8F48F54DDA}.Release|x64.Build.0 = Release|Any CPU
		{0FCE3EA2-510E-4A20-AC8C-BF8F48F54DDA}.Release|x86.ActiveCfg = Release|Any CPU
		{0FCE3EA2-510E-4A20-AC8C-BF8F48F54DDA}.Release|x86.Build.0 = Release|Any CPU
		{45E3525E-F8C4-4F3D-BC8B-9D711DF2D7F2}.Debug|Any CPU.ActiveCfg = Debug|Any CPU
		{45E3525E-F8C4-4F3D-BC8B-9D711DF2D7F2}.Debug|Any CPU.Build.0 = Debug|Any CPU
		{45E3525E-F8C4-4F3D-BC8B-9D711DF2D7F2}.Debug|x64.ActiveCfg = Debug|Any CPU
		{45E3525E-F8C4-4F3D-BC8B-9D711DF2D7F2}.Debug|x64.Build.0 = Debug|Any CPU
		{45E3525E-F8C4-4F3D-BC8B-9D711DF2D7F2}.Debug|x86.ActiveCfg = Debug|Any CPU
		{45E3525E-F8C4-4F3D-BC8B-9D711DF2D7F2}.Debug|x86.Build.0 = Debug|Any CPU
		{45E3525E-F8C4-4F3D-BC8B-9D711DF2D7F2}.Release|Any CPU.ActiveCfg = Release|Any CPU
		{45E3525E-F8C4-4F3D-BC8B-9D711DF2D7F2}.Release|Any CPU.Build.0 = Release|Any CPU
		{45E3525E-F8C4-4F3D-BC8B-9D711DF2D7F2}.Release|x64.ActiveCfg = Release|Any CPU
		{45E3525E-F8C4-4F3D-BC8B-9D711DF2D7F2}.Release|x64.Build.0 = Release|Any CPU
		{45E3525E-F8C4-4F3D-BC8B-9D711DF2D7F2}.Release|x86.ActiveCfg = Release|Any CPU
		{45E3525E-F8C4-4F3D-BC8B-9D711DF2D7F2}.Release|x86.Build.0 = Release|Any CPU
		{C5BC8F7C-915A-42CD-B586-B1678685AE9F}.Debug|Any CPU.ActiveCfg = Debug|Any CPU
		{C5BC8F7C-915A-42CD-B586-B1678685AE9F}.Debug|Any CPU.Build.0 = Debug|Any CPU
		{C5BC8F7C-915A-42CD-B586-B1678685AE9F}.Debug|x64.ActiveCfg = Debug|Any CPU
		{C5BC8F7C-915A-42CD-B586-B1678685AE9F}.Debug|x64.Build.0 = Debug|Any CPU
		{C5BC8F7C-915A-42CD-B586-B1678685AE9F}.Debug|x86.ActiveCfg = Debug|Any CPU
		{C5BC8F7C-915A-42CD-B586-B1678685AE9F}.Debug|x86.Build.0 = Debug|Any CPU
		{C5BC8F7C-915A-42CD-B586-B1678685AE9F}.Release|Any CPU.ActiveCfg = Release|Any CPU
		{C5BC8F7C-915A-42CD-B586-B1678685AE9F}.Release|Any CPU.Build.0 = Release|Any CPU
		{C5BC8F7C-915A-42CD-B586-B1678685AE9F}.Release|x64.ActiveCfg = Release|Any CPU
		{C5BC8F7C-915A-42CD-B586-B1678685AE9F}.Release|x64.Build.0 = Release|Any CPU
		{C5BC8F7C-915A-42CD-B586-B1678685AE9F}.Release|x86.ActiveCfg = Release|Any CPU
		{C5BC8F7C-915A-42CD-B586-B1678685AE9F}.Release|x86.Build.0 = Release|Any CPU
		{7931A23B-CE35-4826-9E2B-41588ECA6AC5}.Debug|Any CPU.ActiveCfg = Debug|Any CPU
		{7931A23B-CE35-4826-9E2B-41588ECA6AC5}.Debug|Any CPU.Build.0 = Debug|Any CPU
		{7931A23B-CE35-4826-9E2B-41588ECA6AC5}.Debug|x64.ActiveCfg = Debug|Any CPU
		{7931A23B-CE35-4826-9E2B-41588ECA6AC5}.Debug|x64.Build.0 = Debug|Any CPU
		{7931A23B-CE35-4826-9E2B-41588ECA6AC5}.Debug|x86.ActiveCfg = Debug|Any CPU
		{7931A23B-CE35-4826-9E2B-41588ECA6AC5}.Debug|x86.Build.0 = Debug|Any CPU
		{7931A23B-CE35-4826-9E2B-41588ECA6AC5}.Release|Any CPU.ActiveCfg = Release|Any CPU
		{7931A23B-CE35-4826-9E2B-41588ECA6AC5}.Release|Any CPU.Build.0 = Release|Any CPU
		{7931A23B-CE35-4826-9E2B-41588ECA6AC5}.Release|x64.ActiveCfg = Release|Any CPU
		{7931A23B-CE35-4826-9E2B-41588ECA6AC5}.Release|x64.Build.0 = Release|Any CPU
		{7931A23B-CE35-4826-9E2B-41588ECA6AC5}.Release|x86.ActiveCfg = Release|Any CPU
		{7931A23B-CE35-4826-9E2B-41588ECA6AC5}.Release|x86.Build.0 = Release|Any CPU
		{980E2ABF-18DA-46FC-BB30-A22F16A682F7}.Debug|Any CPU.ActiveCfg = Debug|Any CPU
		{980E2ABF-18DA-46FC-BB30-A22F16A682F7}.Debug|Any CPU.Build.0 = Debug|Any CPU
		{980E2ABF-18DA-46FC-BB30-A22F16A682F7}.Debug|x64.ActiveCfg = Debug|Any CPU
		{980E2ABF-18DA-46FC-BB30-A22F16A682F7}.Debug|x64.Build.0 = Debug|Any CPU
		{980E2ABF-18DA-46FC-BB30-A22F16A682F7}.Debug|x86.ActiveCfg = Debug|Any CPU
		{980E2ABF-18DA-46FC-BB30-A22F16A682F7}.Debug|x86.Build.0 = Debug|Any CPU
		{980E2ABF-18DA-46FC-BB30-A22F16A682F7}.Release|Any CPU.ActiveCfg = Release|Any CPU
		{980E2ABF-18DA-46FC-BB30-A22F16A682F7}.Release|Any CPU.Build.0 = Release|Any CPU
		{980E2ABF-18DA-46FC-BB30-A22F16A682F7}.Release|x64.ActiveCfg = Release|Any CPU
		{980E2ABF-18DA-46FC-BB30-A22F16A682F7}.Release|x64.Build.0 = Release|Any CPU
		{980E2ABF-18DA-46FC-BB30-A22F16A682F7}.Release|x86.ActiveCfg = Release|Any CPU
		{980E2ABF-18DA-46FC-BB30-A22F16A682F7}.Release|x86.Build.0 = Release|Any CPU
		{13C00C59-6009-42A0-ADB8-9A2E4547FE75}.Debug|Any CPU.ActiveCfg = Debug|Any CPU
		{13C00C59-6009-42A0-ADB8-9A2E4547FE75}.Debug|Any CPU.Build.0 = Debug|Any CPU
		{13C00C59-6009-42A0-ADB8-9A2E4547FE75}.Debug|x64.ActiveCfg = Debug|Any CPU
		{13C00C59-6009-42A0-ADB8-9A2E4547FE75}.Debug|x64.Build.0 = Debug|Any CPU
		{13C00C59-6009-42A0-ADB8-9A2E4547FE75}.Debug|x86.ActiveCfg = Debug|Any CPU
		{13C00C59-6009-42A0-ADB8-9A2E4547FE75}.Debug|x86.Build.0 = Debug|Any CPU
		{13C00C59-6009-42A0-ADB8-9A2E4547FE75}.Release|Any CPU.ActiveCfg = Release|Any CPU
		{13C00C59-6009-42A0-ADB8-9A2E4547FE75}.Release|Any CPU.Build.0 = Release|Any CPU
		{13C00C59-6009-42A0-ADB8-9A2E4547FE75}.Release|x64.ActiveCfg = Release|Any CPU
		{13C00C59-6009-42A0-ADB8-9A2E4547FE75}.Release|x64.Build.0 = Release|Any CPU
		{13C00C59-6009-42A0-ADB8-9A2E4547FE75}.Release|x86.ActiveCfg = Release|Any CPU
		{13C00C59-6009-42A0-ADB8-9A2E4547FE75}.Release|x86.Build.0 = Release|Any CPU
		{E6BB2EB1-8339-4E76-8396-DEB7BF393407}.Debug|Any CPU.ActiveCfg = Debug|Any CPU
		{E6BB2EB1-8339-4E76-8396-DEB7BF393407}.Debug|Any CPU.Build.0 = Debug|Any CPU
		{E6BB2EB1-8339-4E76-8396-DEB7BF393407}.Debug|x64.ActiveCfg = Debug|Any CPU
		{E6BB2EB1-8339-4E76-8396-DEB7BF393407}.Debug|x64.Build.0 = Debug|Any CPU
		{E6BB2EB1-8339-4E76-8396-DEB7BF393407}.Debug|x86.ActiveCfg = Debug|Any CPU
		{E6BB2EB1-8339-4E76-8396-DEB7BF393407}.Debug|x86.Build.0 = Debug|Any CPU
		{E6BB2EB1-8339-4E76-8396-DEB7BF393407}.Release|Any CPU.ActiveCfg = Release|Any CPU
		{E6BB2EB1-8339-4E76-8396-DEB7BF393407}.Release|Any CPU.Build.0 = Release|Any CPU
		{E6BB2EB1-8339-4E76-8396-DEB7BF393407}.Release|x64.ActiveCfg = Release|Any CPU
		{E6BB2EB1-8339-4E76-8396-DEB7BF393407}.Release|x64.Build.0 = Release|Any CPU
		{E6BB2EB1-8339-4E76-8396-DEB7BF393407}.Release|x86.ActiveCfg = Release|Any CPU
		{E6BB2EB1-8339-4E76-8396-DEB7BF393407}.Release|x86.Build.0 = Release|Any CPU
		{FC81CACE-DE16-43C1-82B6-D77B5A9E6626}.Debug|Any CPU.ActiveCfg = Debug|Any CPU
		{FC81CACE-DE16-43C1-82B6-D77B5A9E6626}.Debug|Any CPU.Build.0 = Debug|Any CPU
		{FC81CACE-DE16-43C1-82B6-D77B5A9E6626}.Debug|x64.ActiveCfg = Debug|Any CPU
		{FC81CACE-DE16-43C1-82B6-D77B5A9E6626}.Debug|x64.Build.0 = Debug|Any CPU
		{FC81CACE-DE16-43C1-82B6-D77B5A9E6626}.Debug|x86.ActiveCfg = Debug|Any CPU
		{FC81CACE-DE16-43C1-82B6-D77B5A9E6626}.Debug|x86.Build.0 = Debug|Any CPU
		{FC81CACE-DE16-43C1-82B6-D77B5A9E6626}.Release|Any CPU.ActiveCfg = Release|Any CPU
		{FC81CACE-DE16-43C1-82B6-D77B5A9E6626}.Release|Any CPU.Build.0 = Release|Any CPU
		{FC81CACE-DE16-43C1-82B6-D77B5A9E6626}.Release|x64.ActiveCfg = Release|Any CPU
		{FC81CACE-DE16-43C1-82B6-D77B5A9E6626}.Release|x64.Build.0 = Release|Any CPU
		{FC81CACE-DE16-43C1-82B6-D77B5A9E6626}.Release|x86.ActiveCfg = Release|Any CPU
		{FC81CACE-DE16-43C1-82B6-D77B5A9E6626}.Release|x86.Build.0 = Release|Any CPU
		{38E05C47-539B-4E4A-B024-8C44A122E276}.Debug|Any CPU.ActiveCfg = Debug|Any CPU
		{38E05C47-539B-4E4A-B024-8C44A122E276}.Debug|Any CPU.Build.0 = Debug|Any CPU
		{38E05C47-539B-4E4A-B024-8C44A122E276}.Debug|x64.ActiveCfg = Debug|Any CPU
		{38E05C47-539B-4E4A-B024-8C44A122E276}.Debug|x64.Build.0 = Debug|Any CPU
		{38E05C47-539B-4E4A-B024-8C44A122E276}.Debug|x86.ActiveCfg = Debug|Any CPU
		{38E05C47-539B-4E4A-B024-8C44A122E276}.Debug|x86.Build.0 = Debug|Any CPU
		{38E05C47-539B-4E4A-B024-8C44A122E276}.Release|Any CPU.ActiveCfg = Release|Any CPU
		{38E05C47-539B-4E4A-B024-8C44A122E276}.Release|Any CPU.Build.0 = Release|Any CPU
		{38E05C47-539B-4E4A-B024-8C44A122E276}.Release|x64.ActiveCfg = Release|Any CPU
		{38E05C47-539B-4E4A-B024-8C44A122E276}.Release|x64.Build.0 = Release|Any CPU
		{38E05C47-539B-4E4A-B024-8C44A122E276}.Release|x86.ActiveCfg = Release|Any CPU
		{38E05C47-539B-4E4A-B024-8C44A122E276}.Release|x86.Build.0 = Release|Any CPU
		{7FCEB4C8-8011-4862-A3C7-450FFBB93F43}.Debug|Any CPU.ActiveCfg = Debug|Any CPU
		{7FCEB4C8-8011-4862-A3C7-450FFBB93F43}.Debug|Any CPU.Build.0 = Debug|Any CPU
		{7FCEB4C8-8011-4862-A3C7-450FFBB93F43}.Debug|x64.ActiveCfg = Debug|Any CPU
		{7FCEB4C8-8011-4862-A3C7-450FFBB93F43}.Debug|x64.Build.0 = Debug|Any CPU
		{7FCEB4C8-8011-4862-A3C7-450FFBB93F43}.Debug|x86.ActiveCfg = Debug|Any CPU
		{7FCEB4C8-8011-4862-A3C7-450FFBB93F43}.Debug|x86.Build.0 = Debug|Any CPU
		{7FCEB4C8-8011-4862-A3C7-450FFBB93F43}.Release|Any CPU.ActiveCfg = Release|Any CPU
		{7FCEB4C8-8011-4862-A3C7-450FFBB93F43}.Release|Any CPU.Build.0 = Release|Any CPU
		{7FCEB4C8-8011-4862-A3C7-450FFBB93F43}.Release|x64.ActiveCfg = Release|Any CPU
		{7FCEB4C8-8011-4862-A3C7-450FFBB93F43}.Release|x64.Build.0 = Release|Any CPU
		{7FCEB4C8-8011-4862-A3C7-450FFBB93F43}.Release|x86.ActiveCfg = Release|Any CPU
		{7FCEB4C8-8011-4862-A3C7-450FFBB93F43}.Release|x86.Build.0 = Release|Any CPU
		{4AEAC3B8-C828-4602-BDB2-0DEF1FDAA645}.Debug|Any CPU.ActiveCfg = Debug|Any CPU
		{4AEAC3B8-C828-4602-BDB2-0DEF1FDAA645}.Debug|Any CPU.Build.0 = Debug|Any CPU
		{4AEAC3B8-C828-4602-BDB2-0DEF1FDAA645}.Debug|x64.ActiveCfg = Debug|Any CPU
		{4AEAC3B8-C828-4602-BDB2-0DEF1FDAA645}.Debug|x64.Build.0 = Debug|Any CPU
		{4AEAC3B8-C828-4602-BDB2-0DEF1FDAA645}.Debug|x86.ActiveCfg = Debug|Any CPU
		{4AEAC3B8-C828-4602-BDB2-0DEF1FDAA645}.Debug|x86.Build.0 = Debug|Any CPU
		{4AEAC3B8-C828-4602-BDB2-0DEF1FDAA645}.Release|Any CPU.ActiveCfg = Release|Any CPU
		{4AEAC3B8-C828-4602-BDB2-0DEF1FDAA645}.Release|Any CPU.Build.0 = Release|Any CPU
		{4AEAC3B8-C828-4602-BDB2-0DEF1FDAA645}.Release|x64.ActiveCfg = Release|Any CPU
		{4AEAC3B8-C828-4602-BDB2-0DEF1FDAA645}.Release|x64.Build.0 = Release|Any CPU
		{4AEAC3B8-C828-4602-BDB2-0DEF1FDAA645}.Release|x86.ActiveCfg = Release|Any CPU
		{4AEAC3B8-C828-4602-BDB2-0DEF1FDAA645}.Release|x86.Build.0 = Release|Any CPU
		{FD0D6776-326E-4032-9284-FD87605AF43B}.Debug|Any CPU.ActiveCfg = Debug|Any CPU
		{FD0D6776-326E-4032-9284-FD87605AF43B}.Debug|Any CPU.Build.0 = Debug|Any CPU
		{FD0D6776-326E-4032-9284-FD87605AF43B}.Debug|x64.ActiveCfg = Debug|Any CPU
		{FD0D6776-326E-4032-9284-FD87605AF43B}.Debug|x64.Build.0 = Debug|Any CPU
		{FD0D6776-326E-4032-9284-FD87605AF43B}.Debug|x86.ActiveCfg = Debug|Any CPU
		{FD0D6776-326E-4032-9284-FD87605AF43B}.Debug|x86.Build.0 = Debug|Any CPU
		{FD0D6776-326E-4032-9284-FD87605AF43B}.Release|Any CPU.ActiveCfg = Release|Any CPU
		{FD0D6776-326E-4032-9284-FD87605AF43B}.Release|Any CPU.Build.0 = Release|Any CPU
		{FD0D6776-326E-4032-9284-FD87605AF43B}.Release|x64.ActiveCfg = Release|Any CPU
		{FD0D6776-326E-4032-9284-FD87605AF43B}.Release|x64.Build.0 = Release|Any CPU
		{FD0D6776-326E-4032-9284-FD87605AF43B}.Release|x86.ActiveCfg = Release|Any CPU
		{FD0D6776-326E-4032-9284-FD87605AF43B}.Release|x86.Build.0 = Release|Any CPU
		{C572A16F-4CA3-4B33-B556-EF165C727C3F}.Debug|Any CPU.ActiveCfg = Debug|Any CPU
		{C572A16F-4CA3-4B33-B556-EF165C727C3F}.Debug|Any CPU.Build.0 = Debug|Any CPU
		{C572A16F-4CA3-4B33-B556-EF165C727C3F}.Debug|x64.ActiveCfg = Debug|Any CPU
		{C572A16F-4CA3-4B33-B556-EF165C727C3F}.Debug|x64.Build.0 = Debug|Any CPU
		{C572A16F-4CA3-4B33-B556-EF165C727C3F}.Debug|x86.ActiveCfg = Debug|Any CPU
		{C572A16F-4CA3-4B33-B556-EF165C727C3F}.Debug|x86.Build.0 = Debug|Any CPU
		{C572A16F-4CA3-4B33-B556-EF165C727C3F}.Release|Any CPU.ActiveCfg = Release|Any CPU
		{C572A16F-4CA3-4B33-B556-EF165C727C3F}.Release|Any CPU.Build.0 = Release|Any CPU
		{C572A16F-4CA3-4B33-B556-EF165C727C3F}.Release|x64.ActiveCfg = Release|Any CPU
		{C572A16F-4CA3-4B33-B556-EF165C727C3F}.Release|x64.Build.0 = Release|Any CPU
		{C572A16F-4CA3-4B33-B556-EF165C727C3F}.Release|x86.ActiveCfg = Release|Any CPU
		{C572A16F-4CA3-4B33-B556-EF165C727C3F}.Release|x86.Build.0 = Release|Any CPU
		{253168BC-99FD-4840-ADB8-638CA423F3CD}.Debug|Any CPU.ActiveCfg = Debug|Any CPU
		{253168BC-99FD-4840-ADB8-638CA423F3CD}.Debug|Any CPU.Build.0 = Debug|Any CPU
		{253168BC-99FD-4840-ADB8-638CA423F3CD}.Debug|x64.ActiveCfg = Debug|Any CPU
		{253168BC-99FD-4840-ADB8-638CA423F3CD}.Debug|x64.Build.0 = Debug|Any CPU
		{253168BC-99FD-4840-ADB8-638CA423F3CD}.Debug|x86.ActiveCfg = Debug|Any CPU
		{253168BC-99FD-4840-ADB8-638CA423F3CD}.Debug|x86.Build.0 = Debug|Any CPU
		{253168BC-99FD-4840-ADB8-638CA423F3CD}.Release|Any CPU.ActiveCfg = Release|Any CPU
		{253168BC-99FD-4840-ADB8-638CA423F3CD}.Release|Any CPU.Build.0 = Release|Any CPU
		{253168BC-99FD-4840-ADB8-638CA423F3CD}.Release|x64.ActiveCfg = Release|Any CPU
		{253168BC-99FD-4840-ADB8-638CA423F3CD}.Release|x64.Build.0 = Release|Any CPU
		{253168BC-99FD-4840-ADB8-638CA423F3CD}.Release|x86.ActiveCfg = Release|Any CPU
		{253168BC-99FD-4840-ADB8-638CA423F3CD}.Release|x86.Build.0 = Release|Any CPU
		{8CE52608-AEDB-4AFD-9BB5-3D47BA2F7563}.Debug|Any CPU.ActiveCfg = Debug|Any CPU
		{8CE52608-AEDB-4AFD-9BB5-3D47BA2F7563}.Debug|Any CPU.Build.0 = Debug|Any CPU
		{8CE52608-AEDB-4AFD-9BB5-3D47BA2F7563}.Debug|x64.ActiveCfg = Debug|Any CPU
		{8CE52608-AEDB-4AFD-9BB5-3D47BA2F7563}.Debug|x64.Build.0 = Debug|Any CPU
		{8CE52608-AEDB-4AFD-9BB5-3D47BA2F7563}.Debug|x86.ActiveCfg = Debug|Any CPU
		{8CE52608-AEDB-4AFD-9BB5-3D47BA2F7563}.Debug|x86.Build.0 = Debug|Any CPU
		{8CE52608-AEDB-4AFD-9BB5-3D47BA2F7563}.Release|Any CPU.ActiveCfg = Release|Any CPU
		{8CE52608-AEDB-4AFD-9BB5-3D47BA2F7563}.Release|Any CPU.Build.0 = Release|Any CPU
		{8CE52608-AEDB-4AFD-9BB5-3D47BA2F7563}.Release|x64.ActiveCfg = Release|Any CPU
		{8CE52608-AEDB-4AFD-9BB5-3D47BA2F7563}.Release|x64.Build.0 = Release|Any CPU
		{8CE52608-AEDB-4AFD-9BB5-3D47BA2F7563}.Release|x86.ActiveCfg = Release|Any CPU
		{8CE52608-AEDB-4AFD-9BB5-3D47BA2F7563}.Release|x86.Build.0 = Release|Any CPU
		{ECBEF03C-D29B-45B3-AF3C-98665F864BCE}.Debug|Any CPU.ActiveCfg = Debug|Any CPU
		{ECBEF03C-D29B-45B3-AF3C-98665F864BCE}.Debug|Any CPU.Build.0 = Debug|Any CPU
		{ECBEF03C-D29B-45B3-AF3C-98665F864BCE}.Debug|x64.ActiveCfg = Debug|Any CPU
		{ECBEF03C-D29B-45B3-AF3C-98665F864BCE}.Debug|x64.Build.0 = Debug|Any CPU
		{ECBEF03C-D29B-45B3-AF3C-98665F864BCE}.Debug|x86.ActiveCfg = Debug|Any CPU
		{ECBEF03C-D29B-45B3-AF3C-98665F864BCE}.Debug|x86.Build.0 = Debug|Any CPU
		{ECBEF03C-D29B-45B3-AF3C-98665F864BCE}.Release|Any CPU.ActiveCfg = Release|Any CPU
		{ECBEF03C-D29B-45B3-AF3C-98665F864BCE}.Release|Any CPU.Build.0 = Release|Any CPU
		{ECBEF03C-D29B-45B3-AF3C-98665F864BCE}.Release|x64.ActiveCfg = Release|Any CPU
		{ECBEF03C-D29B-45B3-AF3C-98665F864BCE}.Release|x64.Build.0 = Release|Any CPU
		{ECBEF03C-D29B-45B3-AF3C-98665F864BCE}.Release|x86.ActiveCfg = Release|Any CPU
		{ECBEF03C-D29B-45B3-AF3C-98665F864BCE}.Release|x86.Build.0 = Release|Any CPU
		{6A7E1B10-A028-4360-9AC5-22BEB273FD86}.Debug|Any CPU.ActiveCfg = Debug|Any CPU
		{6A7E1B10-A028-4360-9AC5-22BEB273FD86}.Debug|Any CPU.Build.0 = Debug|Any CPU
		{6A7E1B10-A028-4360-9AC5-22BEB273FD86}.Debug|x64.ActiveCfg = Debug|Any CPU
		{6A7E1B10-A028-4360-9AC5-22BEB273FD86}.Debug|x64.Build.0 = Debug|Any CPU
		{6A7E1B10-A028-4360-9AC5-22BEB273FD86}.Debug|x86.ActiveCfg = Debug|Any CPU
		{6A7E1B10-A028-4360-9AC5-22BEB273FD86}.Debug|x86.Build.0 = Debug|Any CPU
		{6A7E1B10-A028-4360-9AC5-22BEB273FD86}.Release|Any CPU.ActiveCfg = Release|Any CPU
		{6A7E1B10-A028-4360-9AC5-22BEB273FD86}.Release|Any CPU.Build.0 = Release|Any CPU
		{6A7E1B10-A028-4360-9AC5-22BEB273FD86}.Release|x64.ActiveCfg = Release|Any CPU
		{6A7E1B10-A028-4360-9AC5-22BEB273FD86}.Release|x64.Build.0 = Release|Any CPU
		{6A7E1B10-A028-4360-9AC5-22BEB273FD86}.Release|x86.ActiveCfg = Release|Any CPU
		{6A7E1B10-A028-4360-9AC5-22BEB273FD86}.Release|x86.Build.0 = Release|Any CPU
		{128AFB5F-C94E-47B2-A3C0-4DF631296ADA}.Debug|Any CPU.ActiveCfg = Debug|Any CPU
		{128AFB5F-C94E-47B2-A3C0-4DF631296ADA}.Debug|Any CPU.Build.0 = Debug|Any CPU
		{128AFB5F-C94E-47B2-A3C0-4DF631296ADA}.Debug|x64.ActiveCfg = Debug|Any CPU
		{128AFB5F-C94E-47B2-A3C0-4DF631296ADA}.Debug|x64.Build.0 = Debug|Any CPU
		{128AFB5F-C94E-47B2-A3C0-4DF631296ADA}.Debug|x86.ActiveCfg = Debug|Any CPU
		{128AFB5F-C94E-47B2-A3C0-4DF631296ADA}.Debug|x86.Build.0 = Debug|Any CPU
		{128AFB5F-C94E-47B2-A3C0-4DF631296ADA}.Release|Any CPU.ActiveCfg = Release|Any CPU
		{128AFB5F-C94E-47B2-A3C0-4DF631296ADA}.Release|Any CPU.Build.0 = Release|Any CPU
		{128AFB5F-C94E-47B2-A3C0-4DF631296ADA}.Release|x64.ActiveCfg = Release|Any CPU
		{128AFB5F-C94E-47B2-A3C0-4DF631296ADA}.Release|x64.Build.0 = Release|Any CPU
		{128AFB5F-C94E-47B2-A3C0-4DF631296ADA}.Release|x86.ActiveCfg = Release|Any CPU
		{128AFB5F-C94E-47B2-A3C0-4DF631296ADA}.Release|x86.Build.0 = Release|Any CPU
		{AF3B231B-DAF6-4D61-8DEB-757492182E52}.Debug|Any CPU.ActiveCfg = Debug|Any CPU
		{AF3B231B-DAF6-4D61-8DEB-757492182E52}.Debug|Any CPU.Build.0 = Debug|Any CPU
		{AF3B231B-DAF6-4D61-8DEB-757492182E52}.Debug|x64.ActiveCfg = Debug|Any CPU
		{AF3B231B-DAF6-4D61-8DEB-757492182E52}.Debug|x64.Build.0 = Debug|Any CPU
		{AF3B231B-DAF6-4D61-8DEB-757492182E52}.Debug|x86.ActiveCfg = Debug|Any CPU
		{AF3B231B-DAF6-4D61-8DEB-757492182E52}.Debug|x86.Build.0 = Debug|Any CPU
		{AF3B231B-DAF6-4D61-8DEB-757492182E52}.Release|Any CPU.ActiveCfg = Release|Any CPU
		{AF3B231B-DAF6-4D61-8DEB-757492182E52}.Release|Any CPU.Build.0 = Release|Any CPU
		{AF3B231B-DAF6-4D61-8DEB-757492182E52}.Release|x64.ActiveCfg = Release|Any CPU
		{AF3B231B-DAF6-4D61-8DEB-757492182E52}.Release|x64.Build.0 = Release|Any CPU
		{AF3B231B-DAF6-4D61-8DEB-757492182E52}.Release|x86.ActiveCfg = Release|Any CPU
		{AF3B231B-DAF6-4D61-8DEB-757492182E52}.Release|x86.Build.0 = Release|Any CPU
		{F62EAC59-711C-48AC-B207-5BEEC87B5931}.Debug|Any CPU.ActiveCfg = Debug|Any CPU
		{F62EAC59-711C-48AC-B207-5BEEC87B5931}.Debug|Any CPU.Build.0 = Debug|Any CPU
		{F62EAC59-711C-48AC-B207-5BEEC87B5931}.Debug|x64.ActiveCfg = Debug|Any CPU
		{F62EAC59-711C-48AC-B207-5BEEC87B5931}.Debug|x64.Build.0 = Debug|Any CPU
		{F62EAC59-711C-48AC-B207-5BEEC87B5931}.Debug|x86.ActiveCfg = Debug|Any CPU
		{F62EAC59-711C-48AC-B207-5BEEC87B5931}.Debug|x86.Build.0 = Debug|Any CPU
		{F62EAC59-711C-48AC-B207-5BEEC87B5931}.Release|Any CPU.ActiveCfg = Release|Any CPU
		{F62EAC59-711C-48AC-B207-5BEEC87B5931}.Release|Any CPU.Build.0 = Release|Any CPU
		{F62EAC59-711C-48AC-B207-5BEEC87B5931}.Release|x64.ActiveCfg = Release|Any CPU
		{F62EAC59-711C-48AC-B207-5BEEC87B5931}.Release|x64.Build.0 = Release|Any CPU
		{F62EAC59-711C-48AC-B207-5BEEC87B5931}.Release|x86.ActiveCfg = Release|Any CPU
		{F62EAC59-711C-48AC-B207-5BEEC87B5931}.Release|x86.Build.0 = Release|Any CPU
		{AA107D13-9807-40ED-9080-6A0567B599A9}.Debug|Any CPU.ActiveCfg = Debug|Any CPU
		{AA107D13-9807-40ED-9080-6A0567B599A9}.Debug|Any CPU.Build.0 = Debug|Any CPU
		{AA107D13-9807-40ED-9080-6A0567B599A9}.Debug|x64.ActiveCfg = Debug|Any CPU
		{AA107D13-9807-40ED-9080-6A0567B599A9}.Debug|x64.Build.0 = Debug|Any CPU
		{AA107D13-9807-40ED-9080-6A0567B599A9}.Debug|x86.ActiveCfg = Debug|Any CPU
		{AA107D13-9807-40ED-9080-6A0567B599A9}.Debug|x86.Build.0 = Debug|Any CPU
		{AA107D13-9807-40ED-9080-6A0567B599A9}.Release|Any CPU.ActiveCfg = Release|Any CPU
		{AA107D13-9807-40ED-9080-6A0567B599A9}.Release|Any CPU.Build.0 = Release|Any CPU
		{AA107D13-9807-40ED-9080-6A0567B599A9}.Release|x64.ActiveCfg = Release|Any CPU
		{AA107D13-9807-40ED-9080-6A0567B599A9}.Release|x64.Build.0 = Release|Any CPU
		{AA107D13-9807-40ED-9080-6A0567B599A9}.Release|x86.ActiveCfg = Release|Any CPU
		{AA107D13-9807-40ED-9080-6A0567B599A9}.Release|x86.Build.0 = Release|Any CPU
		{42403F4F-7223-4775-B438-49A1F307644D}.Debug|Any CPU.ActiveCfg = Debug|Any CPU
		{42403F4F-7223-4775-B438-49A1F307644D}.Debug|Any CPU.Build.0 = Debug|Any CPU
		{42403F4F-7223-4775-B438-49A1F307644D}.Debug|x64.ActiveCfg = Debug|Any CPU
		{42403F4F-7223-4775-B438-49A1F307644D}.Debug|x64.Build.0 = Debug|Any CPU
		{42403F4F-7223-4775-B438-49A1F307644D}.Debug|x86.ActiveCfg = Debug|Any CPU
		{42403F4F-7223-4775-B438-49A1F307644D}.Debug|x86.Build.0 = Debug|Any CPU
		{42403F4F-7223-4775-B438-49A1F307644D}.Release|Any CPU.ActiveCfg = Release|Any CPU
		{42403F4F-7223-4775-B438-49A1F307644D}.Release|Any CPU.Build.0 = Release|Any CPU
		{42403F4F-7223-4775-B438-49A1F307644D}.Release|x64.ActiveCfg = Release|Any CPU
		{42403F4F-7223-4775-B438-49A1F307644D}.Release|x64.Build.0 = Release|Any CPU
		{42403F4F-7223-4775-B438-49A1F307644D}.Release|x86.ActiveCfg = Release|Any CPU
		{42403F4F-7223-4775-B438-49A1F307644D}.Release|x86.Build.0 = Release|Any CPU
		{D723EBA4-AD02-49E5-B6E3-A967B70683F5}.Debug|Any CPU.ActiveCfg = Debug|Any CPU
		{D723EBA4-AD02-49E5-B6E3-A967B70683F5}.Debug|Any CPU.Build.0 = Debug|Any CPU
		{D723EBA4-AD02-49E5-B6E3-A967B70683F5}.Debug|x64.ActiveCfg = Debug|Any CPU
		{D723EBA4-AD02-49E5-B6E3-A967B70683F5}.Debug|x64.Build.0 = Debug|Any CPU
		{D723EBA4-AD02-49E5-B6E3-A967B70683F5}.Debug|x86.ActiveCfg = Debug|Any CPU
		{D723EBA4-AD02-49E5-B6E3-A967B70683F5}.Debug|x86.Build.0 = Debug|Any CPU
		{D723EBA4-AD02-49E5-B6E3-A967B70683F5}.Release|Any CPU.ActiveCfg = Release|Any CPU
		{D723EBA4-AD02-49E5-B6E3-A967B70683F5}.Release|Any CPU.Build.0 = Release|Any CPU
		{D723EBA4-AD02-49E5-B6E3-A967B70683F5}.Release|x64.ActiveCfg = Release|Any CPU
		{D723EBA4-AD02-49E5-B6E3-A967B70683F5}.Release|x64.Build.0 = Release|Any CPU
		{D723EBA4-AD02-49E5-B6E3-A967B70683F5}.Release|x86.ActiveCfg = Release|Any CPU
		{D723EBA4-AD02-49E5-B6E3-A967B70683F5}.Release|x86.Build.0 = Release|Any CPU
	EndGlobalSection
	GlobalSection(SolutionProperties) = preSolution
		HideSolutionNode = FALSE
	EndGlobalSection
	GlobalSection(NestedProjects) = preSolution
		{8280278A-98F2-E206-A079-E506139BE16C} = {EB75EB21-BF84-91EF-4E6E-5977B2E575DE}
		{F42B02DA-AB80-4E40-A388-DB103843B164} = {8280278A-98F2-E206-A079-E506139BE16C}
		{59563A5B-581C-411C-A340-E109C91CA1D8} = {8280278A-98F2-E206-A079-E506139BE16C}
		{9A590182-5978-D8C7-E303-291190AE30CB} = {EB75EB21-BF84-91EF-4E6E-5977B2E575DE}
		{CAF1DE45-1AD2-441F-A608-13E8620AF9ED} = {9A590182-5978-D8C7-E303-291190AE30CB}
		{D4D3E438-BFB7-2F8D-680E-54BE7DA40A99} = {F3AF90AF-75E4-0F12-A774-47027EA19581}
		{61651F98-6012-4A7A-8F9D-10C97FF5D69C} = {D4D3E438-BFB7-2F8D-680E-54BE7DA40A99}
		{58C55A64-8972-4FBF-ACEB-C0BEF02B83EA} = {D4D3E438-BFB7-2F8D-680E-54BE7DA40A99}
		{9F1133D0-4896-081B-73A1-17DBEFCB2077} = {F3AF90AF-75E4-0F12-A774-47027EA19581}
		{BB1988FB-038F-44CE-B6E5-C7F938157578} = {9F1133D0-4896-081B-73A1-17DBEFCB2077}
		{73FC86DF-ABEB-B5B7-2E65-11FA347832F9} = {763561C8-F89B-6354-139D-F9478C28527A}
		{2096EAF2-32D6-453B-A20F-7BE3225EDA88} = {73FC86DF-ABEB-B5B7-2E65-11FA347832F9}
		{D186D426-6D53-4F53-84F1-B7A5ADC345E1} = {73FC86DF-ABEB-B5B7-2E65-11FA347832F9}
		{FB764BFA-29A6-4B15-89F8-EDECCAA82454} = {73FC86DF-ABEB-B5B7-2E65-11FA347832F9}
		{89CA6C71-6B7B-48B2-AA25-1C4FD4031C1F} = {73FC86DF-ABEB-B5B7-2E65-11FA347832F9}
		{56ABF1A7-3075-4D38-9DD6-5EAB0A384FA2} = {73FC86DF-ABEB-B5B7-2E65-11FA347832F9}
		{D3C758B1-2EFB-5E1A-6276-3A5D7C0FB0D3} = {763561C8-F89B-6354-139D-F9478C28527A}
		{1F27B6C4-8CDA-4BCB-AB60-F54A79163BAC} = {D3C758B1-2EFB-5E1A-6276-3A5D7C0FB0D3}
		{3B654110-0FF2-41E6-9325-506569FA561D} = {D3C758B1-2EFB-5E1A-6276-3A5D7C0FB0D3}
		{7F792CA6-478D-DCB5-A90C-7EF8CD8769D2} = {CCD4F0B1-712D-5CB0-B003-69F99109FDBB}
		{0FCE3EA2-510E-4A20-AC8C-BF8F48F54DDA} = {7F792CA6-478D-DCB5-A90C-7EF8CD8769D2}
		{6AC13BEE-AC66-9A69-3AE8-4AFF3674B77D} = {BF057CF0-9C6A-80B2-4115-E7279622C476}
		{45E3525E-F8C4-4F3D-BC8B-9D711DF2D7F2} = {6AC13BEE-AC66-9A69-3AE8-4AFF3674B77D}
		{C5BC8F7C-915A-42CD-B586-B1678685AE9F} = {6AC13BEE-AC66-9A69-3AE8-4AFF3674B77D}
		{61037860-D530-EA0A-0349-2817C6CED953} = {BF057CF0-9C6A-80B2-4115-E7279622C476}
		{7931A23B-CE35-4826-9E2B-41588ECA6AC5} = {61037860-D530-EA0A-0349-2817C6CED953}
		{63D763DC-53D7-188A-B9A8-5533EA86DBC3} = {37DA62FC-1946-D917-9850-17117E007FB2}
		{980E2ABF-18DA-46FC-BB30-A22F16A682F7} = {63D763DC-53D7-188A-B9A8-5533EA86DBC3}
		{13C00C59-6009-42A0-ADB8-9A2E4547FE75} = {63D763DC-53D7-188A-B9A8-5533EA86DBC3}
		{E6BB2EB1-8339-4E76-8396-DEB7BF393407} = {63D763DC-53D7-188A-B9A8-5533EA86DBC3}
		{850559B7-F60F-B250-FDD5-8803A3C1702F} = {37DA62FC-1946-D917-9850-17117E007FB2}
		{FC81CACE-DE16-43C1-82B6-D77B5A9E6626} = {850559B7-F60F-B250-FDD5-8803A3C1702F}
		{38E05C47-539B-4E4A-B024-8C44A122E276} = {850559B7-F60F-B250-FDD5-8803A3C1702F}
		{7FCEB4C8-8011-4862-A3C7-450FFBB93F43} = {850559B7-F60F-B250-FDD5-8803A3C1702F}
		{4AEAC3B8-C828-4602-BDB2-0DEF1FDAA645} = {850559B7-F60F-B250-FDD5-8803A3C1702F}
		{24568455-0574-DECF-E7D3-CBFAEBD89F97} = {C4BEC2FB-CD83-BAA3-EC95-CF020266D07A}
		{FD0D6776-326E-4032-9284-FD87605AF43B} = {24568455-0574-DECF-E7D3-CBFAEBD89F97}
		{C572A16F-4CA3-4B33-B556-EF165C727C3F} = {24568455-0574-DECF-E7D3-CBFAEBD89F97}
		{443DE49F-F09A-F819-0D78-1F80E381F7DB} = {EB75EB21-BF84-91EF-4E6E-5977B2E575DE}
		{253168BC-99FD-4840-ADB8-638CA423F3CD} = {443DE49F-F09A-F819-0D78-1F80E381F7DB}
		{D30A479B-612C-2B85-DA7A-7319B0E5B2D8} = {37DA62FC-1946-D917-9850-17117E007FB2}
		{8CE52608-AEDB-4AFD-9BB5-3D47BA2F7563} = {D30A479B-612C-2B85-DA7A-7319B0E5B2D8}
		{ECBEF03C-D29B-45B3-AF3C-98665F864BCE} = {73FC86DF-ABEB-B5B7-2E65-11FA347832F9}
		{6A7E1B10-A028-4360-9AC5-22BEB273FD86} = {73FC86DF-ABEB-B5B7-2E65-11FA347832F9}
		{128AFB5F-C94E-47B2-A3C0-4DF631296ADA} = {24568455-0574-DECF-E7D3-CBFAEBD89F97}
		{AF3B231B-DAF6-4D61-8DEB-757492182E52} = {8280278A-98F2-E206-A079-E506139BE16C}
		{F62EAC59-711C-48AC-B207-5BEEC87B5931} = {73FC86DF-ABEB-B5B7-2E65-11FA347832F9}
		{AA107D13-9807-40ED-9080-6A0567B599A9} = {D3C758B1-2EFB-5E1A-6276-3A5D7C0FB0D3}
		{C7326F8D-68AC-56FC-84BA-810AB9E6A03C} = {763561C8-F89B-6354-139D-F9478C28527A}
		{42403F4F-7223-4775-B438-49A1F307644D} = {C7326F8D-68AC-56FC-84BA-810AB9E6A03C}
		{D723EBA4-AD02-49E5-B6E3-A967B70683F5} = {73FC86DF-ABEB-B5B7-2E65-11FA347832F9}
	EndGlobalSection
	GlobalSection(ExtensibilityGlobals) = postSolution
		SolutionGuid = {BD1F9C4B-7DD4-49B6-8DC2-881E80966634}
	EndGlobalSection
EndGlobal
