
Microsoft Visual Studio Solution File, Format Version 12.00
# Visual Studio Version 17
VisualStudioVersion = 17.0.31903.59
MinimumVisualStudioVersion = 10.0.40219.1
Project("{2150E333-8FDC-42A3-9474-1A3956D46DE8}") = "src", "src", "{827E0CD3-B72D-47B6-A68D-7590B98EB39B}"
EndProject
Project("{FAE04EC0-301F-11D3-BF4B-00C04F79EFBC}") = "Altinn.Urn.Swashbuckle", "src\Altinn.Urn.Swashbuckle\Altinn.Urn.Swashbuckle.csproj", "{B1BAF553-AF17-4EA9-BEF5-B1D281455FE7}"
EndProject
Project("{FAE04EC0-301F-11D3-BF4B-00C04F79EFBC}") = "Altinn.Urn.SourceGenerator", "src\Altinn.Urn.SourceGenerator\Altinn.Urn.SourceGenerator.csproj", "{CDC5B9B2-1972-40BB-9C18-BDC5B9DF1BD8}"
EndProject
Project("{FAE04EC0-301F-11D3-BF4B-00C04F79EFBC}") = "Altinn.Urn", "src\Altinn.Urn\Altinn.Urn.csproj", "{2E655E72-EF2D-43C8-927B-24A16B7416E1}"
EndProject
Project("{2150E333-8FDC-42A3-9474-1A3956D46DE8}") = "test", "test", "{0C88DD14-F956-CE84-757C-A364CCF449FC}"
EndProject
Project("{FAE04EC0-301F-11D3-BF4B-00C04F79EFBC}") = "Altinn.Urn.SourceGenerator.IntegrationTests", "test\Altinn.Urn.SourceGenerator.IntegrationTests\Altinn.Urn.SourceGenerator.IntegrationTests.csproj", "{B7231B68-6435-4BD0-906E-C086D340DA05}"
EndProject
Project("{FAE04EC0-301F-11D3-BF4B-00C04F79EFBC}") = "Altinn.Urn.Swashbuckle.Tests", "test\Altinn.Urn.Swashbuckle.Tests\Altinn.Urn.Swashbuckle.Tests.csproj", "{05C4BE11-540B-4B05-BFD2-DE08E73EBC97}"
EndProject
Project("{FAE04EC0-301F-11D3-BF4B-00C04F79EFBC}") = "Altinn.Urn.SourceGenerator.Tests", "test\Altinn.Urn.SourceGenerator.Tests\Altinn.Urn.SourceGenerator.Tests.csproj", "{54441471-DCA3-481C-834A-56F3F92955DE}"
EndProject
Project("{FAE04EC0-301F-11D3-BF4B-00C04F79EFBC}") = "Altinn.Urn.Tests", "test\Altinn.Urn.Tests\Altinn.Urn.Tests.csproj", "{6CE7CC70-0670-48BD-ABA7-BD8B969DAAAB}"
EndProject
Project("{2150E333-8FDC-42A3-9474-1A3956D46DE8}") = "sample", "sample", "{4F9DEAE5-078F-E77A-2E4A-FEB6FFE226FF}"
EndProject
Project("{FAE04EC0-301F-11D3-BF4B-00C04F79EFBC}") = "Altinn.Urn.Sample.Api", "sample\Altinn.Urn.Sample.Api\Altinn.Urn.Sample.Api.csproj", "{8653574A-AAB8-499B-A92D-DF948B8B80A4}"
EndProject
Project("{2150E333-8FDC-42A3-9474-1A3956D46DE8}") = "pkgs", "pkgs", "{9D04EDA7-9286-9C38-2C42-87A0303CF8B9}"
EndProject
Project("{2150E333-8FDC-42A3-9474-1A3956D46DE8}") = "Altinn.Authorization.TestUtils", "Altinn.Authorization.TestUtils", "{00E22EFA-B251-4832-5267-0E375C381169}"
EndProject
Project("{FAE04EC0-301F-11D3-BF4B-00C04F79EFBC}") = "Altinn.Authorization.TestUtils", "..\Altinn.Authorization.TestUtils\src\TestUtils\Altinn.Authorization.TestUtils.csproj", "{22C6B9BF-62D0-4FD7-A40C-10892830A305}"
EndProject
Project("{FAE04EC0-301F-11D3-BF4B-00C04F79EFBC}") = "Altinn.Authorization.TestUtils.AspNetCore", "..\Altinn.Authorization.TestUtils\src\TestUtils.AspNetCore\Altinn.Authorization.TestUtils.AspNetCore.csproj", "{DAD97510-5283-4783-9241-309527740E1C}"
EndProject
Project("{FAE04EC0-301F-11D3-BF4B-00C04F79EFBC}") = "Altinn.Authorization.TestUtils.Http", "..\Altinn.Authorization.TestUtils\src\TestUtils.Http\Altinn.Authorization.TestUtils.Http.csproj", "{DB9A191E-6349-4F24-9D29-5E22AB128BA0}"
EndProject
Project("{2150E333-8FDC-42A3-9474-1A3956D46DE8}") = "Altinn.Swashbuckle", "Altinn.Swashbuckle", "{4F07C5D6-87C9-9B71-06C2-560ED4F74589}"
EndProject
Project("{FAE04EC0-301F-11D3-BF4B-00C04F79EFBC}") = "Altinn.Swashbuckle", "..\Altinn.Swashbuckle\src\Altinn.Swashbuckle\Altinn.Swashbuckle.csproj", "{E1D254C9-17DA-47C0-90E4-0F6625578021}"
EndProject
Project("{FAE04EC0-301F-11D3-BF4B-00C04F79EFBC}") = "Altinn.Swashbuckle.Abstractions", "..\Altinn.Swashbuckle\src\Altinn.Swashbuckle.Abstractions\Altinn.Swashbuckle.Abstractions.csproj", "{C188C574-E16F-48A7-BC93-1EAADEC57CF7}"
EndProject
Project("{FAE04EC0-301F-11D3-BF4B-00C04F79EFBC}") = "Altinn.Authorization.ModelUtils", "..\Altinn.Authorization.ModelUtils\src\ModelUtils\Altinn.Authorization.ModelUtils.csproj", "{FF83A249-DAD9-4C0B-B1E3-60E8856DBD1E}"
EndProject
Global
	GlobalSection(SolutionConfigurationPlatforms) = preSolution
		Debug|Any CPU = Debug|Any CPU
		Debug|x64 = Debug|x64
		Debug|x86 = Debug|x86
		Release|Any CPU = Release|Any CPU
		Release|x64 = Release|x64
		Release|x86 = Release|x86
	EndGlobalSection
	GlobalSection(ProjectConfigurationPlatforms) = postSolution
		{B1BAF553-AF17-4EA9-BEF5-B1D281455FE7}.Debug|Any CPU.ActiveCfg = Debug|Any CPU
		{B1BAF553-AF17-4EA9-BEF5-B1D281455FE7}.Debug|Any CPU.Build.0 = Debug|Any CPU
		{B1BAF553-AF17-4EA9-BEF5-B1D281455FE7}.Debug|x64.ActiveCfg = Debug|Any CPU
		{B1BAF553-AF17-4EA9-BEF5-B1D281455FE7}.Debug|x64.Build.0 = Debug|Any CPU
		{B1BAF553-AF17-4EA9-BEF5-B1D281455FE7}.Debug|x86.ActiveCfg = Debug|Any CPU
		{B1BAF553-AF17-4EA9-BEF5-B1D281455FE7}.Debug|x86.Build.0 = Debug|Any CPU
		{B1BAF553-AF17-4EA9-BEF5-B1D281455FE7}.Release|Any CPU.ActiveCfg = Release|Any CPU
		{B1BAF553-AF17-4EA9-BEF5-B1D281455FE7}.Release|Any CPU.Build.0 = Release|Any CPU
		{B1BAF553-AF17-4EA9-BEF5-B1D281455FE7}.Release|x64.ActiveCfg = Release|Any CPU
		{B1BAF553-AF17-4EA9-BEF5-B1D281455FE7}.Release|x64.Build.0 = Release|Any CPU
		{B1BAF553-AF17-4EA9-BEF5-B1D281455FE7}.Release|x86.ActiveCfg = Release|Any CPU
		{B1BAF553-AF17-4EA9-BEF5-B1D281455FE7}.Release|x86.Build.0 = Release|Any CPU
		{CDC5B9B2-1972-40BB-9C18-BDC5B9DF1BD8}.Debug|Any CPU.ActiveCfg = Debug|Any CPU
		{CDC5B9B2-1972-40BB-9C18-BDC5B9DF1BD8}.Debug|Any CPU.Build.0 = Debug|Any CPU
		{CDC5B9B2-1972-40BB-9C18-BDC5B9DF1BD8}.Debug|x64.ActiveCfg = Debug|Any CPU
		{CDC5B9B2-1972-40BB-9C18-BDC5B9DF1BD8}.Debug|x64.Build.0 = Debug|Any CPU
		{CDC5B9B2-1972-40BB-9C18-BDC5B9DF1BD8}.Debug|x86.ActiveCfg = Debug|Any CPU
		{CDC5B9B2-1972-40BB-9C18-BDC5B9DF1BD8}.Debug|x86.Build.0 = Debug|Any CPU
		{CDC5B9B2-1972-40BB-9C18-BDC5B9DF1BD8}.Release|Any CPU.ActiveCfg = Release|Any CPU
		{CDC5B9B2-1972-40BB-9C18-BDC5B9DF1BD8}.Release|Any CPU.Build.0 = Release|Any CPU
		{CDC5B9B2-1972-40BB-9C18-BDC5B9DF1BD8}.Release|x64.ActiveCfg = Release|Any CPU
		{CDC5B9B2-1972-40BB-9C18-BDC5B9DF1BD8}.Release|x64.Build.0 = Release|Any CPU
		{CDC5B9B2-1972-40BB-9C18-BDC5B9DF1BD8}.Release|x86.ActiveCfg = Release|Any CPU
		{CDC5B9B2-1972-40BB-9C18-BDC5B9DF1BD8}.Release|x86.Build.0 = Release|Any CPU
		{2E655E72-EF2D-43C8-927B-24A16B7416E1}.Debug|Any CPU.ActiveCfg = Debug|Any CPU
		{2E655E72-EF2D-43C8-927B-24A16B7416E1}.Debug|Any CPU.Build.0 = Debug|Any CPU
		{2E655E72-EF2D-43C8-927B-24A16B7416E1}.Debug|x64.ActiveCfg = Debug|Any CPU
		{2E655E72-EF2D-43C8-927B-24A16B7416E1}.Debug|x64.Build.0 = Debug|Any CPU
		{2E655E72-EF2D-43C8-927B-24A16B7416E1}.Debug|x86.ActiveCfg = Debug|Any CPU
		{2E655E72-EF2D-43C8-927B-24A16B7416E1}.Debug|x86.Build.0 = Debug|Any CPU
		{2E655E72-EF2D-43C8-927B-24A16B7416E1}.Release|Any CPU.ActiveCfg = Release|Any CPU
		{2E655E72-EF2D-43C8-927B-24A16B7416E1}.Release|Any CPU.Build.0 = Release|Any CPU
		{2E655E72-EF2D-43C8-927B-24A16B7416E1}.Release|x64.ActiveCfg = Release|Any CPU
		{2E655E72-EF2D-43C8-927B-24A16B7416E1}.Release|x64.Build.0 = Release|Any CPU
		{2E655E72-EF2D-43C8-927B-24A16B7416E1}.Release|x86.ActiveCfg = Release|Any CPU
		{2E655E72-EF2D-43C8-927B-24A16B7416E1}.Release|x86.Build.0 = Release|Any CPU
		{B7231B68-6435-4BD0-906E-C086D340DA05}.Debug|Any CPU.ActiveCfg = Debug|Any CPU
		{B7231B68-6435-4BD0-906E-C086D340DA05}.Debug|Any CPU.Build.0 = Debug|Any CPU
		{B7231B68-6435-4BD0-906E-C086D340DA05}.Debug|x64.ActiveCfg = Debug|Any CPU
		{B7231B68-6435-4BD0-906E-C086D340DA05}.Debug|x64.Build.0 = Debug|Any CPU
		{B7231B68-6435-4BD0-906E-C086D340DA05}.Debug|x86.ActiveCfg = Debug|Any CPU
		{B7231B68-6435-4BD0-906E-C086D340DA05}.Debug|x86.Build.0 = Debug|Any CPU
		{B7231B68-6435-4BD0-906E-C086D340DA05}.Release|Any CPU.ActiveCfg = Release|Any CPU
		{B7231B68-6435-4BD0-906E-C086D340DA05}.Release|Any CPU.Build.0 = Release|Any CPU
		{B7231B68-6435-4BD0-906E-C086D340DA05}.Release|x64.ActiveCfg = Release|Any CPU
		{B7231B68-6435-4BD0-906E-C086D340DA05}.Release|x64.Build.0 = Release|Any CPU
		{B7231B68-6435-4BD0-906E-C086D340DA05}.Release|x86.ActiveCfg = Release|Any CPU
		{B7231B68-6435-4BD0-906E-C086D340DA05}.Release|x86.Build.0 = Release|Any CPU
		{05C4BE11-540B-4B05-BFD2-DE08E73EBC97}.Debug|Any CPU.ActiveCfg = Debug|Any CPU
		{05C4BE11-540B-4B05-BFD2-DE08E73EBC97}.Debug|Any CPU.Build.0 = Debug|Any CPU
		{05C4BE11-540B-4B05-BFD2-DE08E73EBC97}.Debug|x64.ActiveCfg = Debug|Any CPU
		{05C4BE11-540B-4B05-BFD2-DE08E73EBC97}.Debug|x64.Build.0 = Debug|Any CPU
		{05C4BE11-540B-4B05-BFD2-DE08E73EBC97}.Debug|x86.ActiveCfg = Debug|Any CPU
		{05C4BE11-540B-4B05-BFD2-DE08E73EBC97}.Debug|x86.Build.0 = Debug|Any CPU
		{05C4BE11-540B-4B05-BFD2-DE08E73EBC97}.Release|Any CPU.ActiveCfg = Release|Any CPU
		{05C4BE11-540B-4B05-BFD2-DE08E73EBC97}.Release|Any CPU.Build.0 = Release|Any CPU
		{05C4BE11-540B-4B05-BFD2-DE08E73EBC97}.Release|x64.ActiveCfg = Release|Any CPU
		{05C4BE11-540B-4B05-BFD2-DE08E73EBC97}.Release|x64.Build.0 = Release|Any CPU
		{05C4BE11-540B-4B05-BFD2-DE08E73EBC97}.Release|x86.ActiveCfg = Release|Any CPU
		{05C4BE11-540B-4B05-BFD2-DE08E73EBC97}.Release|x86.Build.0 = Release|Any CPU
		{54441471-DCA3-481C-834A-56F3F92955DE}.Debug|Any CPU.ActiveCfg = Debug|Any CPU
		{54441471-DCA3-481C-834A-56F3F92955DE}.Debug|Any CPU.Build.0 = Debug|Any CPU
		{54441471-DCA3-481C-834A-56F3F92955DE}.Debug|x64.ActiveCfg = Debug|Any CPU
		{54441471-DCA3-481C-834A-56F3F92955DE}.Debug|x64.Build.0 = Debug|Any CPU
		{54441471-DCA3-481C-834A-56F3F92955DE}.Debug|x86.ActiveCfg = Debug|Any CPU
		{54441471-DCA3-481C-834A-56F3F92955DE}.Debug|x86.Build.0 = Debug|Any CPU
		{54441471-DCA3-481C-834A-56F3F92955DE}.Release|Any CPU.ActiveCfg = Release|Any CPU
		{54441471-DCA3-481C-834A-56F3F92955DE}.Release|Any CPU.Build.0 = Release|Any CPU
		{54441471-DCA3-481C-834A-56F3F92955DE}.Release|x64.ActiveCfg = Release|Any CPU
		{54441471-DCA3-481C-834A-56F3F92955DE}.Release|x64.Build.0 = Release|Any CPU
		{54441471-DCA3-481C-834A-56F3F92955DE}.Release|x86.ActiveCfg = Release|Any CPU
		{54441471-DCA3-481C-834A-56F3F92955DE}.Release|x86.Build.0 = Release|Any CPU
		{6CE7CC70-0670-48BD-ABA7-BD8B969DAAAB}.Debug|Any CPU.ActiveCfg = Debug|Any CPU
		{6CE7CC70-0670-48BD-ABA7-BD8B969DAAAB}.Debug|Any CPU.Build.0 = Debug|Any CPU
		{6CE7CC70-0670-48BD-ABA7-BD8B969DAAAB}.Debug|x64.ActiveCfg = Debug|Any CPU
		{6CE7CC70-0670-48BD-ABA7-BD8B969DAAAB}.Debug|x64.Build.0 = Debug|Any CPU
		{6CE7CC70-0670-48BD-ABA7-BD8B969DAAAB}.Debug|x86.ActiveCfg = Debug|Any CPU
		{6CE7CC70-0670-48BD-ABA7-BD8B969DAAAB}.Debug|x86.Build.0 = Debug|Any CPU
		{6CE7CC70-0670-48BD-ABA7-BD8B969DAAAB}.Release|Any CPU.ActiveCfg = Release|Any CPU
		{6CE7CC70-0670-48BD-ABA7-BD8B969DAAAB}.Release|Any CPU.Build.0 = Release|Any CPU
		{6CE7CC70-0670-48BD-ABA7-BD8B969DAAAB}.Release|x64.ActiveCfg = Release|Any CPU
		{6CE7CC70-0670-48BD-ABA7-BD8B969DAAAB}.Release|x64.Build.0 = Release|Any CPU
		{6CE7CC70-0670-48BD-ABA7-BD8B969DAAAB}.Release|x86.ActiveCfg = Release|Any CPU
		{6CE7CC70-0670-48BD-ABA7-BD8B969DAAAB}.Release|x86.Build.0 = Release|Any CPU
		{8653574A-AAB8-499B-A92D-DF948B8B80A4}.Debug|Any CPU.ActiveCfg = Debug|Any CPU
		{8653574A-AAB8-499B-A92D-DF948B8B80A4}.Debug|Any CPU.Build.0 = Debug|Any CPU
		{8653574A-AAB8-499B-A92D-DF948B8B80A4}.Debug|x64.ActiveCfg = Debug|Any CPU
		{8653574A-AAB8-499B-A92D-DF948B8B80A4}.Debug|x64.Build.0 = Debug|Any CPU
		{8653574A-AAB8-499B-A92D-DF948B8B80A4}.Debug|x86.ActiveCfg = Debug|Any CPU
		{8653574A-AAB8-499B-A92D-DF948B8B80A4}.Debug|x86.Build.0 = Debug|Any CPU
		{8653574A-AAB8-499B-A92D-DF948B8B80A4}.Release|Any CPU.ActiveCfg = Release|Any CPU
		{8653574A-AAB8-499B-A92D-DF948B8B80A4}.Release|Any CPU.Build.0 = Release|Any CPU
		{8653574A-AAB8-499B-A92D-DF948B8B80A4}.Release|x64.ActiveCfg = Release|Any CPU
		{8653574A-AAB8-499B-A92D-DF948B8B80A4}.Release|x64.Build.0 = Release|Any CPU
		{8653574A-AAB8-499B-A92D-DF948B8B80A4}.Release|x86.ActiveCfg = Release|Any CPU
		{8653574A-AAB8-499B-A92D-DF948B8B80A4}.Release|x86.Build.0 = Release|Any CPU
		{22C6B9BF-62D0-4FD7-A40C-10892830A305}.Debug|Any CPU.ActiveCfg = Debug|Any CPU
		{22C6B9BF-62D0-4FD7-A40C-10892830A305}.Debug|Any CPU.Build.0 = Debug|Any CPU
		{22C6B9BF-62D0-4FD7-A40C-10892830A305}.Debug|x64.ActiveCfg = Debug|Any CPU
		{22C6B9BF-62D0-4FD7-A40C-10892830A305}.Debug|x64.Build.0 = Debug|Any CPU
		{22C6B9BF-62D0-4FD7-A40C-10892830A305}.Debug|x86.ActiveCfg = Debug|Any CPU
		{22C6B9BF-62D0-4FD7-A40C-10892830A305}.Debug|x86.Build.0 = Debug|Any CPU
		{22C6B9BF-62D0-4FD7-A40C-10892830A305}.Release|Any CPU.ActiveCfg = Release|Any CPU
		{22C6B9BF-62D0-4FD7-A40C-10892830A305}.Release|Any CPU.Build.0 = Release|Any CPU
		{22C6B9BF-62D0-4FD7-A40C-10892830A305}.Release|x64.ActiveCfg = Release|Any CPU
		{22C6B9BF-62D0-4FD7-A40C-10892830A305}.Release|x64.Build.0 = Release|Any CPU
		{22C6B9BF-62D0-4FD7-A40C-10892830A305}.Release|x86.ActiveCfg = Release|Any CPU
		{22C6B9BF-62D0-4FD7-A40C-10892830A305}.Release|x86.Build.0 = Release|Any CPU
		{DAD97510-5283-4783-9241-309527740E1C}.Debug|Any CPU.ActiveCfg = Debug|Any CPU
		{DAD97510-5283-4783-9241-309527740E1C}.Debug|Any CPU.Build.0 = Debug|Any CPU
		{DAD97510-5283-4783-9241-309527740E1C}.Debug|x64.ActiveCfg = Debug|Any CPU
		{DAD97510-5283-4783-9241-309527740E1C}.Debug|x64.Build.0 = Debug|Any CPU
		{DAD97510-5283-4783-9241-309527740E1C}.Debug|x86.ActiveCfg = Debug|Any CPU
		{DAD97510-5283-4783-9241-309527740E1C}.Debug|x86.Build.0 = Debug|Any CPU
		{DAD97510-5283-4783-9241-309527740E1C}.Release|Any CPU.ActiveCfg = Release|Any CPU
		{DAD97510-5283-4783-9241-309527740E1C}.Release|Any CPU.Build.0 = Release|Any CPU
		{DAD97510-5283-4783-9241-309527740E1C}.Release|x64.ActiveCfg = Release|Any CPU
		{DAD97510-5283-4783-9241-309527740E1C}.Release|x64.Build.0 = Release|Any CPU
		{DAD97510-5283-4783-9241-309527740E1C}.Release|x86.ActiveCfg = Release|Any CPU
		{DAD97510-5283-4783-9241-309527740E1C}.Release|x86.Build.0 = Release|Any CPU
		{DB9A191E-6349-4F24-9D29-5E22AB128BA0}.Debug|Any CPU.ActiveCfg = Debug|Any CPU
		{DB9A191E-6349-4F24-9D29-5E22AB128BA0}.Debug|Any CPU.Build.0 = Debug|Any CPU
		{DB9A191E-6349-4F24-9D29-5E22AB128BA0}.Debug|x64.ActiveCfg = Debug|Any CPU
		{DB9A191E-6349-4F24-9D29-5E22AB128BA0}.Debug|x64.Build.0 = Debug|Any CPU
		{DB9A191E-6349-4F24-9D29-5E22AB128BA0}.Debug|x86.ActiveCfg = Debug|Any CPU
		{DB9A191E-6349-4F24-9D29-5E22AB128BA0}.Debug|x86.Build.0 = Debug|Any CPU
		{DB9A191E-6349-4F24-9D29-5E22AB128BA0}.Release|Any CPU.ActiveCfg = Release|Any CPU
		{DB9A191E-6349-4F24-9D29-5E22AB128BA0}.Release|Any CPU.Build.0 = Release|Any CPU
		{DB9A191E-6349-4F24-9D29-5E22AB128BA0}.Release|x64.ActiveCfg = Release|Any CPU
		{DB9A191E-6349-4F24-9D29-5E22AB128BA0}.Release|x64.Build.0 = Release|Any CPU
		{DB9A191E-6349-4F24-9D29-5E22AB128BA0}.Release|x86.ActiveCfg = Release|Any CPU
		{DB9A191E-6349-4F24-9D29-5E22AB128BA0}.Release|x86.Build.0 = Release|Any CPU
		{E1D254C9-17DA-47C0-90E4-0F6625578021}.Debug|Any CPU.ActiveCfg = Debug|Any CPU
		{E1D254C9-17DA-47C0-90E4-0F6625578021}.Debug|Any CPU.Build.0 = Debug|Any CPU
		{E1D254C9-17DA-47C0-90E4-0F6625578021}.Debug|x64.ActiveCfg = Debug|Any CPU
		{E1D254C9-17DA-47C0-90E4-0F6625578021}.Debug|x64.Build.0 = Debug|Any CPU
		{E1D254C9-17DA-47C0-90E4-0F6625578021}.Debug|x86.ActiveCfg = Debug|Any CPU
		{E1D254C9-17DA-47C0-90E4-0F6625578021}.Debug|x86.Build.0 = Debug|Any CPU
		{E1D254C9-17DA-47C0-90E4-0F6625578021}.Release|Any CPU.ActiveCfg = Release|Any CPU
		{E1D254C9-17DA-47C0-90E4-0F6625578021}.Release|Any CPU.Build.0 = Release|Any CPU
		{E1D254C9-17DA-47C0-90E4-0F6625578021}.Release|x64.ActiveCfg = Release|Any CPU
		{E1D254C9-17DA-47C0-90E4-0F6625578021}.Release|x64.Build.0 = Release|Any CPU
		{E1D254C9-17DA-47C0-90E4-0F6625578021}.Release|x86.ActiveCfg = Release|Any CPU
		{E1D254C9-17DA-47C0-90E4-0F6625578021}.Release|x86.Build.0 = Release|Any CPU
		{C188C574-E16F-48A7-BC93-1EAADEC57CF7}.Debug|Any CPU.ActiveCfg = Debug|Any CPU
		{C188C574-E16F-48A7-BC93-1EAADEC57CF7}.Debug|Any CPU.Build.0 = Debug|Any CPU
		{C188C574-E16F-48A7-BC93-1EAADEC57CF7}.Debug|x64.ActiveCfg = Debug|Any CPU
		{C188C574-E16F-48A7-BC93-1EAADEC57CF7}.Debug|x64.Build.0 = Debug|Any CPU
		{C188C574-E16F-48A7-BC93-1EAADEC57CF7}.Debug|x86.ActiveCfg = Debug|Any CPU
		{C188C574-E16F-48A7-BC93-1EAADEC57CF7}.Debug|x86.Build.0 = Debug|Any CPU
		{C188C574-E16F-48A7-BC93-1EAADEC57CF7}.Release|Any CPU.ActiveCfg = Release|Any CPU
		{C188C574-E16F-48A7-BC93-1EAADEC57CF7}.Release|Any CPU.Build.0 = Release|Any CPU
		{C188C574-E16F-48A7-BC93-1EAADEC57CF7}.Release|x64.ActiveCfg = Release|Any CPU
		{C188C574-E16F-48A7-BC93-1EAADEC57CF7}.Release|x64.Build.0 = Release|Any CPU
		{C188C574-E16F-48A7-BC93-1EAADEC57CF7}.Release|x86.ActiveCfg = Release|Any CPU
		{C188C574-E16F-48A7-BC93-1EAADEC57CF7}.Release|x86.Build.0 = Release|Any CPU
		{FF83A249-DAD9-4C0B-B1E3-60E8856DBD1E}.Debug|Any CPU.ActiveCfg = Debug|Any CPU
		{FF83A249-DAD9-4C0B-B1E3-60E8856DBD1E}.Debug|Any CPU.Build.0 = Debug|Any CPU
		{FF83A249-DAD9-4C0B-B1E3-60E8856DBD1E}.Debug|x64.ActiveCfg = Debug|Any CPU
		{FF83A249-DAD9-4C0B-B1E3-60E8856DBD1E}.Debug|x64.Build.0 = Debug|Any CPU
		{FF83A249-DAD9-4C0B-B1E3-60E8856DBD1E}.Debug|x86.ActiveCfg = Debug|Any CPU
		{FF83A249-DAD9-4C0B-B1E3-60E8856DBD1E}.Debug|x86.Build.0 = Debug|Any CPU
		{FF83A249-DAD9-4C0B-B1E3-60E8856DBD1E}.Release|Any CPU.ActiveCfg = Release|Any CPU
		{FF83A249-DAD9-4C0B-B1E3-60E8856DBD1E}.Release|Any CPU.Build.0 = Release|Any CPU
		{FF83A249-DAD9-4C0B-B1E3-60E8856DBD1E}.Release|x64.ActiveCfg = Release|Any CPU
		{FF83A249-DAD9-4C0B-B1E3-60E8856DBD1E}.Release|x64.Build.0 = Release|Any CPU
		{FF83A249-DAD9-4C0B-B1E3-60E8856DBD1E}.Release|x86.ActiveCfg = Release|Any CPU
		{FF83A249-DAD9-4C0B-B1E3-60E8856DBD1E}.Release|x86.Build.0 = Release|Any CPU
	EndGlobalSection
	GlobalSection(SolutionProperties) = preSolution
		HideSolutionNode = FALSE
	EndGlobalSection
	GlobalSection(NestedProjects) = preSolution
		{B1BAF553-AF17-4EA9-BEF5-B1D281455FE7} = {827E0CD3-B72D-47B6-A68D-7590B98EB39B}
		{CDC5B9B2-1972-40BB-9C18-BDC5B9DF1BD8} = {827E0CD3-B72D-47B6-A68D-7590B98EB39B}
		{2E655E72-EF2D-43C8-927B-24A16B7416E1} = {827E0CD3-B72D-47B6-A68D-7590B98EB39B}
		{B7231B68-6435-4BD0-906E-C086D340DA05} = {0C88DD14-F956-CE84-757C-A364CCF449FC}
		{05C4BE11-540B-4B05-BFD2-DE08E73EBC97} = {0C88DD14-F956-CE84-757C-A364CCF449FC}
		{54441471-DCA3-481C-834A-56F3F92955DE} = {0C88DD14-F956-CE84-757C-A364CCF449FC}
		{6CE7CC70-0670-48BD-ABA7-BD8B969DAAAB} = {0C88DD14-F956-CE84-757C-A364CCF449FC}
		{8653574A-AAB8-499B-A92D-DF948B8B80A4} = {4F9DEAE5-078F-E77A-2E4A-FEB6FFE226FF}
		{00E22EFA-B251-4832-5267-0E375C381169} = {9D04EDA7-9286-9C38-2C42-87A0303CF8B9}
		{22C6B9BF-62D0-4FD7-A40C-10892830A305} = {00E22EFA-B251-4832-5267-0E375C381169}
		{DAD97510-5283-4783-9241-309527740E1C} = {00E22EFA-B251-4832-5267-0E375C381169}
		{DB9A191E-6349-4F24-9D29-5E22AB128BA0} = {00E22EFA-B251-4832-5267-0E375C381169}
		{4F07C5D6-87C9-9B71-06C2-560ED4F74589} = {9D04EDA7-9286-9C38-2C42-87A0303CF8B9}
		{E1D254C9-17DA-47C0-90E4-0F6625578021} = {4F07C5D6-87C9-9B71-06C2-560ED4F74589}
		{C188C574-E16F-48A7-BC93-1EAADEC57CF7} = {4F07C5D6-87C9-9B71-06C2-560ED4F74589}
		{FF83A249-DAD9-4C0B-B1E3-60E8856DBD1E} = {4F07C5D6-87C9-9B71-06C2-560ED4F74589}
	EndGlobalSection
EndGlobal
