
Microsoft Visual Studio Solution File, Format Version 12.00
# Visual Studio Version 17
VisualStudioVersion = 17.0.31903.59
MinimumVisualStudioVersion = 10.0.40219.1
Project("{2150E333-8FDC-42A3-9474-1A3956D46DE8}") = "sample", "sample", "{4F9DEAE5-078F-E77A-2E4A-FEB6FFE226FF}"
EndProject
Project("{FAE04EC0-301F-11D3-BF4B-00C04F79EFBC}") = "Altinn.Urn.Sample.Api", "sample\Altinn.Urn.Sample.Api\Altinn.Urn.Sample.Api.csproj", "{12912C58-4616-436C-A48B-5BF2723C5952}"
EndProject
Project("{2150E333-8FDC-42A3-9474-1A3956D46DE8}") = "src", "src", "{827E0CD3-B72D-47B6-A68D-7590B98EB39B}"
EndProject
Project("{FAE04EC0-301F-11D3-BF4B-00C04F79EFBC}") = "Altinn.Urn.SourceGenerator", "src\Altinn.Urn.SourceGenerator\Altinn.Urn.SourceGenerator.csproj", "{F4180289-F5E1-48CF-8161-BF82E6EA0C73}"
EndProject
Project("{FAE04EC0-301F-11D3-BF4B-00C04F79EFBC}") = "Altinn.Urn.Swashbuckle", "src\Altinn.Urn.Swashbuckle\Altinn.Urn.Swashbuckle.csproj", "{6A7300D7-D07C-4AF7-8898-201F474F9620}"
EndProject
Project("{FAE04EC0-301F-11D3-BF4B-00C04F79EFBC}") = "Altinn.Urn", "src\Altinn.Urn\Altinn.Urn.csproj", "{58F96577-5133-4F0D-85D2-1CAB4EFA90E0}"
EndProject
Project("{2150E333-8FDC-42A3-9474-1A3956D46DE8}") = "test", "test", "{0C88DD14-F956-CE84-757C-A364CCF449FC}"
EndProject
Project("{FAE04EC0-301F-11D3-BF4B-00C04F79EFBC}") = "Altinn.Urn.SourceGenerator.IntegrationTests", "test\Altinn.Urn.SourceGenerator.IntegrationTests\Altinn.Urn.SourceGenerator.IntegrationTests.csproj", "{A277AF16-2D02-4BD0-AF55-F313EDE88D96}"
EndProject
Project("{FAE04EC0-301F-11D3-BF4B-00C04F79EFBC}") = "Altinn.Urn.SourceGenerator.Tests", "test\Altinn.Urn.SourceGenerator.Tests\Altinn.Urn.SourceGenerator.Tests.csproj", "{34991C51-658E-44E4-959B-74BF2BC5E2B6}"
EndProject
Project("{FAE04EC0-301F-11D3-BF4B-00C04F79EFBC}") = "Altinn.Urn.Swashbuckle.Tests", "test\Altinn.Urn.Swashbuckle.Tests\Altinn.Urn.Swashbuckle.Tests.csproj", "{75A7A11C-DAC1-4321-A5E5-2E104E181A5F}"
EndProject
Project("{FAE04EC0-301F-11D3-BF4B-00C04F79EFBC}") = "Altinn.Urn.Tests", "test\Altinn.Urn.Tests\Altinn.Urn.Tests.csproj", "{AB0F625E-AAB0-42F8-8363-5BEFC1E6A0D1}"
EndProject
Global
	GlobalSection(SolutionConfigurationPlatforms) = preSolution
		Debug|Any CPU = Debug|Any CPU
		Debug|x64 = Debug|x64
		Debug|x86 = Debug|x86
		Release|Any CPU = Release|Any CPU
		Release|x64 = Release|x64
		Release|x86 = Release|x86
	EndGlobalSection
	GlobalSection(ProjectConfigurationPlatforms) = postSolution
		{12912C58-4616-436C-A48B-5BF2723C5952}.Debug|Any CPU.ActiveCfg = Debug|Any CPU
		{12912C58-4616-436C-A48B-5BF2723C5952}.Debug|Any CPU.Build.0 = Debug|Any CPU
		{12912C58-4616-436C-A48B-5BF2723C5952}.Debug|x64.ActiveCfg = Debug|Any CPU
		{12912C58-4616-436C-A48B-5BF2723C5952}.Debug|x64.Build.0 = Debug|Any CPU
		{12912C58-4616-436C-A48B-5BF2723C5952}.Debug|x86.ActiveCfg = Debug|Any CPU
		{12912C58-4616-436C-A48B-5BF2723C5952}.Debug|x86.Build.0 = Debug|Any CPU
		{12912C58-4616-436C-A48B-5BF2723C5952}.Release|Any CPU.ActiveCfg = Release|Any CPU
		{12912C58-4616-436C-A48B-5BF2723C5952}.Release|Any CPU.Build.0 = Release|Any CPU
		{12912C58-4616-436C-A48B-5BF2723C5952}.Release|x64.ActiveCfg = Release|Any CPU
		{12912C58-4616-436C-A48B-5BF2723C5952}.Release|x64.Build.0 = Release|Any CPU
		{12912C58-4616-436C-A48B-5BF2723C5952}.Release|x86.ActiveCfg = Release|Any CPU
		{12912C58-4616-436C-A48B-5BF2723C5952}.Release|x86.Build.0 = Release|Any CPU
		{F4180289-F5E1-48CF-8161-BF82E6EA0C73}.Debug|Any CPU.ActiveCfg = Debug|Any CPU
		{F4180289-F5E1-48CF-8161-BF82E6EA0C73}.Debug|Any CPU.Build.0 = Debug|Any CPU
		{F4180289-F5E1-48CF-8161-BF82E6EA0C73}.Debug|x64.ActiveCfg = Debug|Any CPU
		{F4180289-F5E1-48CF-8161-BF82E6EA0C73}.Debug|x64.Build.0 = Debug|Any CPU
		{F4180289-F5E1-48CF-8161-BF82E6EA0C73}.Debug|x86.ActiveCfg = Debug|Any CPU
		{F4180289-F5E1-48CF-8161-BF82E6EA0C73}.Debug|x86.Build.0 = Debug|Any CPU
		{F4180289-F5E1-48CF-8161-BF82E6EA0C73}.Release|Any CPU.ActiveCfg = Release|Any CPU
		{F4180289-F5E1-48CF-8161-BF82E6EA0C73}.Release|Any CPU.Build.0 = Release|Any CPU
		{F4180289-F5E1-48CF-8161-BF82E6EA0C73}.Release|x64.ActiveCfg = Release|Any CPU
		{F4180289-F5E1-48CF-8161-BF82E6EA0C73}.Release|x64.Build.0 = Release|Any CPU
		{F4180289-F5E1-48CF-8161-BF82E6EA0C73}.Release|x86.ActiveCfg = Release|Any CPU
		{F4180289-F5E1-48CF-8161-BF82E6EA0C73}.Release|x86.Build.0 = Release|Any CPU
		{6A7300D7-D07C-4AF7-8898-201F474F9620}.Debug|Any CPU.ActiveCfg = Debug|Any CPU
		{6A7300D7-D07C-4AF7-8898-201F474F9620}.Debug|Any CPU.Build.0 = Debug|Any CPU
		{6A7300D7-D07C-4AF7-8898-201F474F9620}.Debug|x64.ActiveCfg = Debug|Any CPU
		{6A7300D7-D07C-4AF7-8898-201F474F9620}.Debug|x64.Build.0 = Debug|Any CPU
		{6A7300D7-D07C-4AF7-8898-201F474F9620}.Debug|x86.ActiveCfg = Debug|Any CPU
		{6A7300D7-D07C-4AF7-8898-201F474F9620}.Debug|x86.Build.0 = Debug|Any CPU
		{6A7300D7-D07C-4AF7-8898-201F474F9620}.Release|Any CPU.ActiveCfg = Release|Any CPU
		{6A7300D7-D07C-4AF7-8898-201F474F9620}.Release|Any CPU.Build.0 = Release|Any CPU
		{6A7300D7-D07C-4AF7-8898-201F474F9620}.Release|x64.ActiveCfg = Release|Any CPU
		{6A7300D7-D07C-4AF7-8898-201F474F9620}.Release|x64.Build.0 = Release|Any CPU
		{6A7300D7-D07C-4AF7-8898-201F474F9620}.Release|x86.ActiveCfg = Release|Any CPU
		{6A7300D7-D07C-4AF7-8898-201F474F9620}.Release|x86.Build.0 = Release|Any CPU
		{58F96577-5133-4F0D-85D2-1CAB4EFA90E0}.Debug|Any CPU.ActiveCfg = Debug|Any CPU
		{58F96577-5133-4F0D-85D2-1CAB4EFA90E0}.Debug|Any CPU.Build.0 = Debug|Any CPU
		{58F96577-5133-4F0D-85D2-1CAB4EFA90E0}.Debug|x64.ActiveCfg = Debug|Any CPU
		{58F96577-5133-4F0D-85D2-1CAB4EFA90E0}.Debug|x64.Build.0 = Debug|Any CPU
		{58F96577-5133-4F0D-85D2-1CAB4EFA90E0}.Debug|x86.ActiveCfg = Debug|Any CPU
		{58F96577-5133-4F0D-85D2-1CAB4EFA90E0}.Debug|x86.Build.0 = Debug|Any CPU
		{58F96577-5133-4F0D-85D2-1CAB4EFA90E0}.Release|Any CPU.ActiveCfg = Release|Any CPU
		{58F96577-5133-4F0D-85D2-1CAB4EFA90E0}.Release|Any CPU.Build.0 = Release|Any CPU
		{58F96577-5133-4F0D-85D2-1CAB4EFA90E0}.Release|x64.ActiveCfg = Release|Any CPU
		{58F96577-5133-4F0D-85D2-1CAB4EFA90E0}.Release|x64.Build.0 = Release|Any CPU
		{58F96577-5133-4F0D-85D2-1CAB4EFA90E0}.Release|x86.ActiveCfg = Release|Any CPU
		{58F96577-5133-4F0D-85D2-1CAB4EFA90E0}.Release|x86.Build.0 = Release|Any CPU
		{A277AF16-2D02-4BD0-AF55-F313EDE88D96}.Debug|Any CPU.ActiveCfg = Debug|Any CPU
		{A277AF16-2D02-4BD0-AF55-F313EDE88D96}.Debug|Any CPU.Build.0 = Debug|Any CPU
		{A277AF16-2D02-4BD0-AF55-F313EDE88D96}.Debug|x64.ActiveCfg = Debug|Any CPU
		{A277AF16-2D02-4BD0-AF55-F313EDE88D96}.Debug|x64.Build.0 = Debug|Any CPU
		{A277AF16-2D02-4BD0-AF55-F313EDE88D96}.Debug|x86.ActiveCfg = Debug|Any CPU
		{A277AF16-2D02-4BD0-AF55-F313EDE88D96}.Debug|x86.Build.0 = Debug|Any CPU
		{A277AF16-2D02-4BD0-AF55-F313EDE88D96}.Release|Any CPU.ActiveCfg = Release|Any CPU
		{A277AF16-2D02-4BD0-AF55-F313EDE88D96}.Release|Any CPU.Build.0 = Release|Any CPU
		{A277AF16-2D02-4BD0-AF55-F313EDE88D96}.Release|x64.ActiveCfg = Release|Any CPU
		{A277AF16-2D02-4BD0-AF55-F313EDE88D96}.Release|x64.Build.0 = Release|Any CPU
		{A277AF16-2D02-4BD0-AF55-F313EDE88D96}.Release|x86.ActiveCfg = Release|Any CPU
		{A277AF16-2D02-4BD0-AF55-F313EDE88D96}.Release|x86.Build.0 = Release|Any CPU
		{34991C51-658E-44E4-959B-74BF2BC5E2B6}.Debug|Any CPU.ActiveCfg = Debug|Any CPU
		{34991C51-658E-44E4-959B-74BF2BC5E2B6}.Debug|Any CPU.Build.0 = Debug|Any CPU
		{34991C51-658E-44E4-959B-74BF2BC5E2B6}.Debug|x64.ActiveCfg = Debug|Any CPU
		{34991C51-658E-44E4-959B-74BF2BC5E2B6}.Debug|x64.Build.0 = Debug|Any CPU
		{34991C51-658E-44E4-959B-74BF2BC5E2B6}.Debug|x86.ActiveCfg = Debug|Any CPU
		{34991C51-658E-44E4-959B-74BF2BC5E2B6}.Debug|x86.Build.0 = Debug|Any CPU
		{34991C51-658E-44E4-959B-74BF2BC5E2B6}.Release|Any CPU.ActiveCfg = Release|Any CPU
		{34991C51-658E-44E4-959B-74BF2BC5E2B6}.Release|Any CPU.Build.0 = Release|Any CPU
		{34991C51-658E-44E4-959B-74BF2BC5E2B6}.Release|x64.ActiveCfg = Release|Any CPU
		{34991C51-658E-44E4-959B-74BF2BC5E2B6}.Release|x64.Build.0 = Release|Any CPU
		{34991C51-658E-44E4-959B-74BF2BC5E2B6}.Release|x86.ActiveCfg = Release|Any CPU
		{34991C51-658E-44E4-959B-74BF2BC5E2B6}.Release|x86.Build.0 = Release|Any CPU
		{75A7A11C-DAC1-4321-A5E5-2E104E181A5F}.Debug|Any CPU.ActiveCfg = Debug|Any CPU
		{75A7A11C-DAC1-4321-A5E5-2E104E181A5F}.Debug|Any CPU.Build.0 = Debug|Any CPU
		{75A7A11C-DAC1-4321-A5E5-2E104E181A5F}.Debug|x64.ActiveCfg = Debug|Any CPU
		{75A7A11C-DAC1-4321-A5E5-2E104E181A5F}.Debug|x64.Build.0 = Debug|Any CPU
		{75A7A11C-DAC1-4321-A5E5-2E104E181A5F}.Debug|x86.ActiveCfg = Debug|Any CPU
		{75A7A11C-DAC1-4321-A5E5-2E104E181A5F}.Debug|x86.Build.0 = Debug|Any CPU
		{75A7A11C-DAC1-4321-A5E5-2E104E181A5F}.Release|Any CPU.ActiveCfg = Release|Any CPU
		{75A7A11C-DAC1-4321-A5E5-2E104E181A5F}.Release|Any CPU.Build.0 = Release|Any CPU
		{75A7A11C-DAC1-4321-A5E5-2E104E181A5F}.Release|x64.ActiveCfg = Release|Any CPU
		{75A7A11C-DAC1-4321-A5E5-2E104E181A5F}.Release|x64.Build.0 = Release|Any CPU
		{75A7A11C-DAC1-4321-A5E5-2E104E181A5F}.Release|x86.ActiveCfg = Release|Any CPU
		{75A7A11C-DAC1-4321-A5E5-2E104E181A5F}.Release|x86.Build.0 = Release|Any CPU
		{AB0F625E-AAB0-42F8-8363-5BEFC1E6A0D1}.Debug|Any CPU.ActiveCfg = Debug|Any CPU
		{AB0F625E-AAB0-42F8-8363-5BEFC1E6A0D1}.Debug|Any CPU.Build.0 = Debug|Any CPU
		{AB0F625E-AAB0-42F8-8363-5BEFC1E6A0D1}.Debug|x64.ActiveCfg = Debug|Any CPU
		{AB0F625E-AAB0-42F8-8363-5BEFC1E6A0D1}.Debug|x64.Build.0 = Debug|Any CPU
		{AB0F625E-AAB0-42F8-8363-5BEFC1E6A0D1}.Debug|x86.ActiveCfg = Debug|Any CPU
		{AB0F625E-AAB0-42F8-8363-5BEFC1E6A0D1}.Debug|x86.Build.0 = Debug|Any CPU
		{AB0F625E-AAB0-42F8-8363-5BEFC1E6A0D1}.Release|Any CPU.ActiveCfg = Release|Any CPU
		{AB0F625E-AAB0-42F8-8363-5BEFC1E6A0D1}.Release|Any CPU.Build.0 = Release|Any CPU
		{AB0F625E-AAB0-42F8-8363-5BEFC1E6A0D1}.Release|x64.ActiveCfg = Release|Any CPU
		{AB0F625E-AAB0-42F8-8363-5BEFC1E6A0D1}.Release|x64.Build.0 = Release|Any CPU
		{AB0F625E-AAB0-42F8-8363-5BEFC1E6A0D1}.Release|x86.ActiveCfg = Release|Any CPU
		{AB0F625E-AAB0-42F8-8363-5BEFC1E6A0D1}.Release|x86.Build.0 = Release|Any CPU
	EndGlobalSection
	GlobalSection(SolutionProperties) = preSolution
		HideSolutionNode = FALSE
	EndGlobalSection
	GlobalSection(NestedProjects) = preSolution
		{12912C58-4616-436C-A48B-5BF2723C5952} = {4F9DEAE5-078F-E77A-2E4A-FEB6FFE226FF}
		{F4180289-F5E1-48CF-8161-BF82E6EA0C73} = {827E0CD3-B72D-47B6-A68D-7590B98EB39B}
		{6A7300D7-D07C-4AF7-8898-201F474F9620} = {827E0CD3-B72D-47B6-A68D-7590B98EB39B}
		{58F96577-5133-4F0D-85D2-1CAB4EFA90E0} = {827E0CD3-B72D-47B6-A68D-7590B98EB39B}
		{A277AF16-2D02-4BD0-AF55-F313EDE88D96} = {0C88DD14-F956-CE84-757C-A364CCF449FC}
		{34991C51-658E-44E4-959B-74BF2BC5E2B6} = {0C88DD14-F956-CE84-757C-A364CCF449FC}
		{75A7A11C-DAC1-4321-A5E5-2E104E181A5F} = {0C88DD14-F956-CE84-757C-A364CCF449FC}
		{AB0F625E-AAB0-42F8-8363-5BEFC1E6A0D1} = {0C88DD14-F956-CE84-757C-A364CCF449FC}
	EndGlobalSection
EndGlobal
