
Microsoft Visual Studio Solution File, Format Version 12.00
# Visual Studio Version 17
VisualStudioVersion = 17.0.31903.59
MinimumVisualStudioVersion = 10.0.40219.1
Project("{2150E333-8FDC-42A3-9474-1A3956D46DE8}") = "src", "src", "{827E0CD3-B72D-47B6-A68D-7590B98EB39B}"
EndProject
Project("{FAE04EC0-301F-11D3-BF4B-00C04F79EFBC}") = "Altinn.Authorization.ModelUtils.Swashbuckle", "src\ModelUtils.Swashbuckle\Altinn.Authorization.ModelUtils.Swashbuckle.csproj", "{3D53EC25-96FE-422F-A64A-7E02F68328A9}"
EndProject
Project("{FAE04EC0-301F-11D3-BF4B-00C04F79EFBC}") = "Altinn.Authorization.ModelUtils", "src\ModelUtils\Altinn.Authorization.ModelUtils.csproj", "{F961661F-C6BF-401E-90C0-F160AEFF70C6}"
EndProject
Project("{2150E333-8FDC-42A3-9474-1A3956D46DE8}") = "test", "test", "{0C88DD14-F956-CE84-757C-A364CCF449FC}"
EndProject
Project("{FAE04EC0-301F-11D3-BF4B-00C04F79EFBC}") = "Altinn.Authorization.ModelUtils.Tests", "test\ModelUtils.Tests\Altinn.Authorization.ModelUtils.Tests.csproj", "{DA64CC92-7987-4575-A54F-9CE6F645C322}"
EndProject
Project("{2150E333-8FDC-42A3-9474-1A3956D46DE8}") = "sample", "sample", "{4F9DEAE5-078F-E77A-2E4A-FEB6FFE226FF}"
EndProject
Project("{FAE04EC0-301F-11D3-BF4B-00C04F79EFBC}") = "Altinn.Authorization.ModelUtils.Sample.Api", "sample\ModelUtils.Sample.Api\Altinn.Authorization.ModelUtils.Sample.Api.csproj", "{904A44E4-88B1-4C2D-9E3C-D82A8EDF56D5}"
EndProject
Project("{2150E333-8FDC-42A3-9474-1A3956D46DE8}") = "pkgs", "pkgs", "{9D04EDA7-9286-9C38-2C42-87A0303CF8B9}"
EndProject
Project("{2150E333-8FDC-42A3-9474-1A3956D46DE8}") = "Altinn.Swashbuckle", "Altinn.Swashbuckle", "{4F07C5D6-87C9-9B71-06C2-560ED4F74589}"
EndProject
Project("{FAE04EC0-301F-11D3-BF4B-00C04F79EFBC}") = "Altinn.Swashbuckle", "..\Altinn.Swashbuckle\src\Altinn.Swashbuckle\Altinn.Swashbuckle.csproj", "{65C4C8E4-EA0C-41AE-B5F6-4DDA9EC60AD7}"
EndProject
Project("{FAE04EC0-301F-11D3-BF4B-00C04F79EFBC}") = "Altinn.Swashbuckle.Abstractions", "..\Altinn.Swashbuckle\src\Altinn.Swashbuckle.Abstractions\Altinn.Swashbuckle.Abstractions.csproj", "{BD581B7A-8F9A-416D-9668-27FA9CF58654}"
EndProject
Project("{FAE04EC0-301F-11D3-BF4B-00C04F79EFBC}") = "Altinn.Authorization.ModelUtils.AspNet", "src\ModelUtils.AspNet\Altinn.Authorization.ModelUtils.AspNet.csproj", "{2D2AD358-0E9C-4CB5-B793-F6C756E8B08D}"
EndProject
Project("{2150E333-8FDC-42A3-9474-1A3956D46DE8}") = "Altinn.Authorization.TestUtils", "Altinn.Authorization.TestUtils", "{00E22EFA-B251-4832-5267-0E375C381169}"
EndProject
Project("{FAE04EC0-301F-11D3-BF4B-00C04F79EFBC}") = "Altinn.Authorization.TestUtils", "..\Altinn.Authorization.TestUtils\src\TestUtils\Altinn.Authorization.TestUtils.csproj", "{143CD691-D9E1-41BD-938A-1D28BDC385E0}"
EndProject
Project("{FAE04EC0-301F-11D3-BF4B-00C04F79EFBC}") = "Altinn.Authorization.TestUtils.AspNetCore", "..\Altinn.Authorization.TestUtils\src\TestUtils.AspNetCore\Altinn.Authorization.TestUtils.AspNetCore.csproj", "{7ED06959-4BA7-4D5B-9FBC-9E7ADF610E96}"
EndProject
Project("{FAE04EC0-301F-11D3-BF4B-00C04F79EFBC}") = "Altinn.Authorization.TestUtils.Http", "..\Altinn.Authorization.TestUtils\src\TestUtils.Http\Altinn.Authorization.TestUtils.Http.csproj", "{03F2626D-1300-42E6-A07F-B630EB0507BB}"
EndProject
Global
	GlobalSection(SolutionConfigurationPlatforms) = preSolution
		Debug|Any CPU = Debug|Any CPU
		Debug|x64 = Debug|x64
		Debug|x86 = Debug|x86
		Release|Any CPU = Release|Any CPU
		Release|x64 = Release|x64
		Release|x86 = Release|x86
	EndGlobalSection
	GlobalSection(ProjectConfigurationPlatforms) = postSolution
		{3D53EC25-96FE-422F-A64A-7E02F68328A9}.Debug|Any CPU.ActiveCfg = Debug|Any CPU
		{3D53EC25-96FE-422F-A64A-7E02F68328A9}.Debug|Any CPU.Build.0 = Debug|Any CPU
		{3D53EC25-96FE-422F-A64A-7E02F68328A9}.Debug|x64.ActiveCfg = Debug|Any CPU
		{3D53EC25-96FE-422F-A64A-7E02F68328A9}.Debug|x64.Build.0 = Debug|Any CPU
		{3D53EC25-96FE-422F-A64A-7E02F68328A9}.Debug|x86.ActiveCfg = Debug|Any CPU
		{3D53EC25-96FE-422F-A64A-7E02F68328A9}.Debug|x86.Build.0 = Debug|Any CPU
		{3D53EC25-96FE-422F-A64A-7E02F68328A9}.Release|Any CPU.ActiveCfg = Release|Any CPU
		{3D53EC25-96FE-422F-A64A-7E02F68328A9}.Release|Any CPU.Build.0 = Release|Any CPU
		{3D53EC25-96FE-422F-A64A-7E02F68328A9}.Release|x64.ActiveCfg = Release|Any CPU
		{3D53EC25-96FE-422F-A64A-7E02F68328A9}.Release|x64.Build.0 = Release|Any CPU
		{3D53EC25-96FE-422F-A64A-7E02F68328A9}.Release|x86.ActiveCfg = Release|Any CPU
		{3D53EC25-96FE-422F-A64A-7E02F68328A9}.Release|x86.Build.0 = Release|Any CPU
		{F961661F-C6BF-401E-90C0-F160AEFF70C6}.Debug|Any CPU.ActiveCfg = Debug|Any CPU
		{F961661F-C6BF-401E-90C0-F160AEFF70C6}.Debug|Any CPU.Build.0 = Debug|Any CPU
		{F961661F-C6BF-401E-90C0-F160AEFF70C6}.Debug|x64.ActiveCfg = Debug|Any CPU
		{F961661F-C6BF-401E-90C0-F160AEFF70C6}.Debug|x64.Build.0 = Debug|Any CPU
		{F961661F-C6BF-401E-90C0-F160AEFF70C6}.Debug|x86.ActiveCfg = Debug|Any CPU
		{F961661F-C6BF-401E-90C0-F160AEFF70C6}.Debug|x86.Build.0 = Debug|Any CPU
		{F961661F-C6BF-401E-90C0-F160AEFF70C6}.Release|Any CPU.ActiveCfg = Release|Any CPU
		{F961661F-C6BF-401E-90C0-F160AEFF70C6}.Release|Any CPU.Build.0 = Release|Any CPU
		{F961661F-C6BF-401E-90C0-F160AEFF70C6}.Release|x64.ActiveCfg = Release|Any CPU
		{F961661F-C6BF-401E-90C0-F160AEFF70C6}.Release|x64.Build.0 = Release|Any CPU
		{F961661F-C6BF-401E-90C0-F160AEFF70C6}.Release|x86.ActiveCfg = Release|Any CPU
		{F961661F-C6BF-401E-90C0-F160AEFF70C6}.Release|x86.Build.0 = Release|Any CPU
		{DA64CC92-7987-4575-A54F-9CE6F645C322}.Debug|Any CPU.ActiveCfg = Debug|Any CPU
		{DA64CC92-7987-4575-A54F-9CE6F645C322}.Debug|Any CPU.Build.0 = Debug|Any CPU
		{DA64CC92-7987-4575-A54F-9CE6F645C322}.Debug|x64.ActiveCfg = Debug|Any CPU
		{DA64CC92-7987-4575-A54F-9CE6F645C322}.Debug|x64.Build.0 = Debug|Any CPU
		{DA64CC92-7987-4575-A54F-9CE6F645C322}.Debug|x86.ActiveCfg = Debug|Any CPU
		{DA64CC92-7987-4575-A54F-9CE6F645C322}.Debug|x86.Build.0 = Debug|Any CPU
		{DA64CC92-7987-4575-A54F-9CE6F645C322}.Release|Any CPU.ActiveCfg = Release|Any CPU
		{DA64CC92-7987-4575-A54F-9CE6F645C322}.Release|Any CPU.Build.0 = Release|Any CPU
		{DA64CC92-7987-4575-A54F-9CE6F645C322}.Release|x64.ActiveCfg = Release|Any CPU
		{DA64CC92-7987-4575-A54F-9CE6F645C322}.Release|x64.Build.0 = Release|Any CPU
		{DA64CC92-7987-4575-A54F-9CE6F645C322}.Release|x86.ActiveCfg = Release|Any CPU
		{DA64CC92-7987-4575-A54F-9CE6F645C322}.Release|x86.Build.0 = Release|Any CPU
		{904A44E4-88B1-4C2D-9E3C-D82A8EDF56D5}.Debug|Any CPU.ActiveCfg = Debug|Any CPU
		{904A44E4-88B1-4C2D-9E3C-D82A8EDF56D5}.Debug|Any CPU.Build.0 = Debug|Any CPU
		{904A44E4-88B1-4C2D-9E3C-D82A8EDF56D5}.Debug|x64.ActiveCfg = Debug|Any CPU
		{904A44E4-88B1-4C2D-9E3C-D82A8EDF56D5}.Debug|x64.Build.0 = Debug|Any CPU
		{904A44E4-88B1-4C2D-9E3C-D82A8EDF56D5}.Debug|x86.ActiveCfg = Debug|Any CPU
		{904A44E4-88B1-4C2D-9E3C-D82A8EDF56D5}.Debug|x86.Build.0 = Debug|Any CPU
		{904A44E4-88B1-4C2D-9E3C-D82A8EDF56D5}.Release|Any CPU.ActiveCfg = Release|Any CPU
		{904A44E4-88B1-4C2D-9E3C-D82A8EDF56D5}.Release|Any CPU.Build.0 = Release|Any CPU
		{904A44E4-88B1-4C2D-9E3C-D82A8EDF56D5}.Release|x64.ActiveCfg = Release|Any CPU
		{904A44E4-88B1-4C2D-9E3C-D82A8EDF56D5}.Release|x64.Build.0 = Release|Any CPU
		{904A44E4-88B1-4C2D-9E3C-D82A8EDF56D5}.Release|x86.ActiveCfg = Release|Any CPU
		{904A44E4-88B1-4C2D-9E3C-D82A8EDF56D5}.Release|x86.Build.0 = Release|Any CPU
		{65C4C8E4-EA0C-41AE-B5F6-4DDA9EC60AD7}.Debug|Any CPU.ActiveCfg = Debug|Any CPU
		{65C4C8E4-EA0C-41AE-B5F6-4DDA9EC60AD7}.Debug|Any CPU.Build.0 = Debug|Any CPU
		{65C4C8E4-EA0C-41AE-B5F6-4DDA9EC60AD7}.Debug|x64.ActiveCfg = Debug|Any CPU
		{65C4C8E4-EA0C-41AE-B5F6-4DDA9EC60AD7}.Debug|x64.Build.0 = Debug|Any CPU
		{65C4C8E4-EA0C-41AE-B5F6-4DDA9EC60AD7}.Debug|x86.ActiveCfg = Debug|Any CPU
		{65C4C8E4-EA0C-41AE-B5F6-4DDA9EC60AD7}.Debug|x86.Build.0 = Debug|Any CPU
		{65C4C8E4-EA0C-41AE-B5F6-4DDA9EC60AD7}.Release|Any CPU.ActiveCfg = Release|Any CPU
		{65C4C8E4-EA0C-41AE-B5F6-4DDA9EC60AD7}.Release|Any CPU.Build.0 = Release|Any CPU
		{65C4C8E4-EA0C-41AE-B5F6-4DDA9EC60AD7}.Release|x64.ActiveCfg = Release|Any CPU
		{65C4C8E4-EA0C-41AE-B5F6-4DDA9EC60AD7}.Release|x64.Build.0 = Release|Any CPU
		{65C4C8E4-EA0C-41AE-B5F6-4DDA9EC60AD7}.Release|x86.ActiveCfg = Release|Any CPU
		{65C4C8E4-EA0C-41AE-B5F6-4DDA9EC60AD7}.Release|x86.Build.0 = Release|Any CPU
		{BD581B7A-8F9A-416D-9668-27FA9CF58654}.Debug|Any CPU.ActiveCfg = Debug|Any CPU
		{BD581B7A-8F9A-416D-9668-27FA9CF58654}.Debug|Any CPU.Build.0 = Debug|Any CPU
		{BD581B7A-8F9A-416D-9668-27FA9CF58654}.Debug|x64.ActiveCfg = Debug|Any CPU
		{BD581B7A-8F9A-416D-9668-27FA9CF58654}.Debug|x64.Build.0 = Debug|Any CPU
		{BD581B7A-8F9A-416D-9668-27FA9CF58654}.Debug|x86.ActiveCfg = Debug|Any CPU
		{BD581B7A-8F9A-416D-9668-27FA9CF58654}.Debug|x86.Build.0 = Debug|Any CPU
		{BD581B7A-8F9A-416D-9668-27FA9CF58654}.Release|Any CPU.ActiveCfg = Release|Any CPU
		{BD581B7A-8F9A-416D-9668-27FA9CF58654}.Release|Any CPU.Build.0 = Release|Any CPU
		{BD581B7A-8F9A-416D-9668-27FA9CF58654}.Release|x64.ActiveCfg = Release|Any CPU
		{BD581B7A-8F9A-416D-9668-27FA9CF58654}.Release|x64.Build.0 = Release|Any CPU
		{BD581B7A-8F9A-416D-9668-27FA9CF58654}.Release|x86.ActiveCfg = Release|Any CPU
		{BD581B7A-8F9A-416D-9668-27FA9CF58654}.Release|x86.Build.0 = Release|Any CPU
		{2D2AD358-0E9C-4CB5-B793-F6C756E8B08D}.Debug|Any CPU.ActiveCfg = Debug|Any CPU
		{2D2AD358-0E9C-4CB5-B793-F6C756E8B08D}.Debug|Any CPU.Build.0 = Debug|Any CPU
		{2D2AD358-0E9C-4CB5-B793-F6C756E8B08D}.Debug|x64.ActiveCfg = Debug|Any CPU
		{2D2AD358-0E9C-4CB5-B793-F6C756E8B08D}.Debug|x64.Build.0 = Debug|Any CPU
		{2D2AD358-0E9C-4CB5-B793-F6C756E8B08D}.Debug|x86.ActiveCfg = Debug|Any CPU
		{2D2AD358-0E9C-4CB5-B793-F6C756E8B08D}.Debug|x86.Build.0 = Debug|Any CPU
		{2D2AD358-0E9C-4CB5-B793-F6C756E8B08D}.Release|Any CPU.ActiveCfg = Release|Any CPU
		{2D2AD358-0E9C-4CB5-B793-F6C756E8B08D}.Release|Any CPU.Build.0 = Release|Any CPU
		{2D2AD358-0E9C-4CB5-B793-F6C756E8B08D}.Release|x64.ActiveCfg = Release|Any CPU
		{2D2AD358-0E9C-4CB5-B793-F6C756E8B08D}.Release|x64.Build.0 = Release|Any CPU
		{2D2AD358-0E9C-4CB5-B793-F6C756E8B08D}.Release|x86.ActiveCfg = Release|Any CPU
		{2D2AD358-0E9C-4CB5-B793-F6C756E8B08D}.Release|x86.Build.0 = Release|Any CPU
		{143CD691-D9E1-41BD-938A-1D28BDC385E0}.Debug|Any CPU.ActiveCfg = Debug|Any CPU
		{143CD691-D9E1-41BD-938A-1D28BDC385E0}.Debug|Any CPU.Build.0 = Debug|Any CPU
		{143CD691-D9E1-41BD-938A-1D28BDC385E0}.Debug|x64.ActiveCfg = Debug|Any CPU
		{143CD691-D9E1-41BD-938A-1D28BDC385E0}.Debug|x64.Build.0 = Debug|Any CPU
		{143CD691-D9E1-41BD-938A-1D28BDC385E0}.Debug|x86.ActiveCfg = Debug|Any CPU
		{143CD691-D9E1-41BD-938A-1D28BDC385E0}.Debug|x86.Build.0 = Debug|Any CPU
		{143CD691-D9E1-41BD-938A-1D28BDC385E0}.Release|Any CPU.ActiveCfg = Release|Any CPU
		{143CD691-D9E1-41BD-938A-1D28BDC385E0}.Release|Any CPU.Build.0 = Release|Any CPU
		{143CD691-D9E1-41BD-938A-1D28BDC385E0}.Release|x64.ActiveCfg = Release|Any CPU
		{143CD691-D9E1-41BD-938A-1D28BDC385E0}.Release|x64.Build.0 = Release|Any CPU
		{143CD691-D9E1-41BD-938A-1D28BDC385E0}.Release|x86.ActiveCfg = Release|Any CPU
		{143CD691-D9E1-41BD-938A-1D28BDC385E0}.Release|x86.Build.0 = Release|Any CPU
		{7ED06959-4BA7-4D5B-9FBC-9E7ADF610E96}.Debug|Any CPU.ActiveCfg = Debug|Any CPU
		{7ED06959-4BA7-4D5B-9FBC-9E7ADF610E96}.Debug|Any CPU.Build.0 = Debug|Any CPU
		{7ED06959-4BA7-4D5B-9FBC-9E7ADF610E96}.Debug|x64.ActiveCfg = Debug|Any CPU
		{7ED06959-4BA7-4D5B-9FBC-9E7ADF610E96}.Debug|x64.Build.0 = Debug|Any CPU
		{7ED06959-4BA7-4D5B-9FBC-9E7ADF610E96}.Debug|x86.ActiveCfg = Debug|Any CPU
		{7ED06959-4BA7-4D5B-9FBC-9E7ADF610E96}.Debug|x86.Build.0 = Debug|Any CPU
		{7ED06959-4BA7-4D5B-9FBC-9E7ADF610E96}.Release|Any CPU.ActiveCfg = Release|Any CPU
		{7ED06959-4BA7-4D5B-9FBC-9E7ADF610E96}.Release|Any CPU.Build.0 = Release|Any CPU
		{7ED06959-4BA7-4D5B-9FBC-9E7ADF610E96}.Release|x64.ActiveCfg = Release|Any CPU
		{7ED06959-4BA7-4D5B-9FBC-9E7ADF610E96}.Release|x64.Build.0 = Release|Any CPU
		{7ED06959-4BA7-4D5B-9FBC-9E7ADF610E96}.Release|x86.ActiveCfg = Release|Any CPU
		{7ED06959-4BA7-4D5B-9FBC-9E7ADF610E96}.Release|x86.Build.0 = Release|Any CPU
		{03F2626D-1300-42E6-A07F-B630EB0507BB}.Debug|Any CPU.ActiveCfg = Debug|Any CPU
		{03F2626D-1300-42E6-A07F-B630EB0507BB}.Debug|Any CPU.Build.0 = Debug|Any CPU
		{03F2626D-1300-42E6-A07F-B630EB0507BB}.Debug|x64.ActiveCfg = Debug|Any CPU
		{03F2626D-1300-42E6-A07F-B630EB0507BB}.Debug|x64.Build.0 = Debug|Any CPU
		{03F2626D-1300-42E6-A07F-B630EB0507BB}.Debug|x86.ActiveCfg = Debug|Any CPU
		{03F2626D-1300-42E6-A07F-B630EB0507BB}.Debug|x86.Build.0 = Debug|Any CPU
		{03F2626D-1300-42E6-A07F-B630EB0507BB}.Release|Any CPU.ActiveCfg = Release|Any CPU
		{03F2626D-1300-42E6-A07F-B630EB0507BB}.Release|Any CPU.Build.0 = Release|Any CPU
		{03F2626D-1300-42E6-A07F-B630EB0507BB}.Release|x64.ActiveCfg = Release|Any CPU
		{03F2626D-1300-42E6-A07F-B630EB0507BB}.Release|x64.Build.0 = Release|Any CPU
		{03F2626D-1300-42E6-A07F-B630EB0507BB}.Release|x86.ActiveCfg = Release|Any CPU
		{03F2626D-1300-42E6-A07F-B630EB0507BB}.Release|x86.Build.0 = Release|Any CPU
	EndGlobalSection
	GlobalSection(SolutionProperties) = preSolution
		HideSolutionNode = FALSE
	EndGlobalSection
	GlobalSection(NestedProjects) = preSolution
		{3D53EC25-96FE-422F-A64A-7E02F68328A9} = {827E0CD3-B72D-47B6-A68D-7590B98EB39B}
		{F961661F-C6BF-401E-90C0-F160AEFF70C6} = {827E0CD3-B72D-47B6-A68D-7590B98EB39B}
		{DA64CC92-7987-4575-A54F-9CE6F645C322} = {0C88DD14-F956-CE84-757C-A364CCF449FC}
		{904A44E4-88B1-4C2D-9E3C-D82A8EDF56D5} = {4F9DEAE5-078F-E77A-2E4A-FEB6FFE226FF}
		{4F07C5D6-87C9-9B71-06C2-560ED4F74589} = {9D04EDA7-9286-9C38-2C42-87A0303CF8B9}
		{65C4C8E4-EA0C-41AE-B5F6-4DDA9EC60AD7} = {4F07C5D6-87C9-9B71-06C2-560ED4F74589}
		{BD581B7A-8F9A-416D-9668-27FA9CF58654} = {4F07C5D6-87C9-9B71-06C2-560ED4F74589}
		{2D2AD358-0E9C-4CB5-B793-F6C756E8B08D} = {827E0CD3-B72D-47B6-A68D-7590B98EB39B}
		{00E22EFA-B251-4832-5267-0E375C381169} = {9D04EDA7-9286-9C38-2C42-87A0303CF8B9}
		{143CD691-D9E1-41BD-938A-1D28BDC385E0} = {00E22EFA-B251-4832-5267-0E375C381169}
		{7ED06959-4BA7-4D5B-9FBC-9E7ADF610E96} = {00E22EFA-B251-4832-5267-0E375C381169}
		{03F2626D-1300-42E6-A07F-B630EB0507BB} = {00E22EFA-B251-4832-5267-0E375C381169}
	EndGlobalSection
EndGlobal
