
Microsoft Visual Studio Solution File, Format Version 12.00
# Visual Studio Version 17
VisualStudioVersion = 17.0.31903.59
MinimumVisualStudioVersion = 10.0.40219.1
Project("{2150E333-8FDC-42A3-9474-1A3956D46DE8}") = "src", "src", "{3A84ED44-A848-46D0-8E2C-14262DC2183D}"
EndProject
Project("{FAE04EC0-301F-11D3-BF4B-00C04F79EFBC}") = "Altinn.Authorization.ServiceDefaults", "src\Altinn.Authorization.ServiceDefaults\Altinn.Authorization.ServiceDefaults.csproj", "{15976B81-CDD3-49D3-817D-B9FC6A5164B6}"
EndProject
Global
	GlobalSection(SolutionConfigurationPlatforms) = preSolution
		Debug|Any CPU = Debug|Any CPU
		Release|Any CPU = Release|Any CPU
	EndGlobalSection
	GlobalSection(SolutionProperties) = preSolution
		HideSolutionNode = FALSE
	EndGlobalSection
	GlobalSection(ProjectConfigurationPlatforms) = postSolution
		{15976B81-CDD3-49D3-817D-B9FC6A5164B6}.Debug|Any CPU.ActiveCfg = Debug|Any CPU
		{15976B81-CDD3-49D3-817D-B9FC6A5164B6}.Debug|Any CPU.Build.0 = Debug|Any CPU
		{15976B81-CDD3-49D3-817D-B9FC6A5164B6}.Release|Any CPU.ActiveCfg = Release|Any CPU
		{15976B81-CDD3-49D3-817D-B9FC6A5164B6}.Release|Any CPU.Build.0 = Release|Any CPU
	EndGlobalSection
	GlobalSection(NestedProjects) = preSolution
		{15976B81-CDD3-49D3-817D-B9FC6A5164B6} = {3A84ED44-A848-46D0-8E2C-14262DC2183D}
	EndGlobalSection
EndGlobal
