
Microsoft Visual Studio Solution File, Format Version 12.00
# Visual Studio Version 17
VisualStudioVersion = 17.0.31903.59
MinimumVisualStudioVersion = 10.0.40219.1
Project("{2150E333-8FDC-42A3-9474-1A3956D46DE8}") = "src", "src", "{827E0CD3-B72D-47B6-A68D-7590B98EB39B}"
EndProject
Project("{FAE04EC0-301F-11D3-BF4B-00C04F79EFBC}") = "Altinn.Authorization.ServiceDefaults", "src\ServiceDefaults\Altinn.Authorization.ServiceDefaults.csproj", "{C7D77AB5-0130-4A50-B85C-2F2224CBABE0}"
EndProject
Project("{FAE04EC0-301F-11D3-BF4B-00C04F79EFBC}") = "Altinn.Authorization.ServiceDefaults.Npgsql.TestSeed", "src\ServiceDefaults.Npgsql.TestSeed\Altinn.Authorization.ServiceDefaults.Npgsql.TestSeed.csproj", "{BCDD4080-9AD7-4FF2-8F61-BCE10E081E7C}"
EndProject
Project("{FAE04EC0-301F-11D3-BF4B-00C04F79EFBC}") = "Altinn.Authorization.ServiceDefaults.Npgsql.Yuniql", "src\ServiceDefaults.Npgsql.Yuniql\Altinn.Authorization.ServiceDefaults.Npgsql.Yuniql.csproj", "{482CF745-D019-46E1-8EB3-6CC937295EEC}"
EndProject
Project("{FAE04EC0-301F-11D3-BF4B-00C04F79EFBC}") = "Altinn.Authorization.ServiceDefaults.Npgsql", "src\ServiceDefaults.Npgsql\Altinn.Authorization.ServiceDefaults.Npgsql.csproj", "{DDBF2A56-AD13-46AD-968A-FFEABA1867B7}"
EndProject
Project("{2150E333-8FDC-42A3-9474-1A3956D46DE8}") = "test", "test", "{0C88DD14-F956-CE84-757C-A364CCF449FC}"
EndProject
Project("{FAE04EC0-301F-11D3-BF4B-00C04F79EFBC}") = "Altinn.Authorization.ServiceDefaults.Npgsql.Tests", "test\ServiceDefaults.Npgsql.Tests\Altinn.Authorization.ServiceDefaults.Npgsql.Tests.csproj", "{DA263E17-1F56-4F34-83A4-09BA1F3B0933}"
EndProject
Project("{FAE04EC0-301F-11D3-BF4B-00C04F79EFBC}") = "Altinn.Authorization.ServiceDefaults.Telemetry", "src\ServiceDefaults.Telemetry\Altinn.Authorization.ServiceDefaults.Telemetry.csproj", "{6D3A5B6F-B30D-4C24-8B7F-77F383B5A161}"
EndProject
Project("{FAE04EC0-301F-11D3-BF4B-00C04F79EFBC}") = "Altinn.Authorization.ServiceDefaults.Tests", "test\ServiceDefaults.Tests\Altinn.Authorization.ServiceDefaults.Tests.csproj", "{9EB424A0-C33F-4EBC-AF94-388146BD0DF8}"
EndProject
Global
	GlobalSection(SolutionConfigurationPlatforms) = preSolution
		Debug|Any CPU = Debug|Any CPU
		Debug|x64 = Debug|x64
		Debug|x86 = Debug|x86
		Release|Any CPU = Release|Any CPU
		Release|x64 = Release|x64
		Release|x86 = Release|x86
	EndGlobalSection
	GlobalSection(ProjectConfigurationPlatforms) = postSolution
		{C7D77AB5-0130-4A50-B85C-2F2224CBABE0}.Debug|Any CPU.ActiveCfg = Debug|Any CPU
		{C7D77AB5-0130-4A50-B85C-2F2224CBABE0}.Debug|Any CPU.Build.0 = Debug|Any CPU
		{C7D77AB5-0130-4A50-B85C-2F2224CBABE0}.Debug|x64.ActiveCfg = Debug|Any CPU
		{C7D77AB5-0130-4A50-B85C-2F2224CBABE0}.Debug|x64.Build.0 = Debug|Any CPU
		{C7D77AB5-0130-4A50-B85C-2F2224CBABE0}.Debug|x86.ActiveCfg = Debug|Any CPU
		{C7D77AB5-0130-4A50-B85C-2F2224CBABE0}.Debug|x86.Build.0 = Debug|Any CPU
		{C7D77AB5-0130-4A50-B85C-2F2224CBABE0}.Release|Any CPU.ActiveCfg = Release|Any CPU
		{C7D77AB5-0130-4A50-B85C-2F2224CBABE0}.Release|Any CPU.Build.0 = Release|Any CPU
		{C7D77AB5-0130-4A50-B85C-2F2224CBABE0}.Release|x64.ActiveCfg = Release|Any CPU
		{C7D77AB5-0130-4A50-B85C-2F2224CBABE0}.Release|x64.Build.0 = Release|Any CPU
		{C7D77AB5-0130-4A50-B85C-2F2224CBABE0}.Release|x86.ActiveCfg = Release|Any CPU
		{C7D77AB5-0130-4A50-B85C-2F2224CBABE0}.Release|x86.Build.0 = Release|Any CPU
		{BCDD4080-9AD7-4FF2-8F61-BCE10E081E7C}.Debug|Any CPU.ActiveCfg = Debug|Any CPU
		{BCDD4080-9AD7-4FF2-8F61-BCE10E081E7C}.Debug|Any CPU.Build.0 = Debug|Any CPU
		{BCDD4080-9AD7-4FF2-8F61-BCE10E081E7C}.Debug|x64.ActiveCfg = Debug|Any CPU
		{BCDD4080-9AD7-4FF2-8F61-BCE10E081E7C}.Debug|x64.Build.0 = Debug|Any CPU
		{BCDD4080-9AD7-4FF2-8F61-BCE10E081E7C}.Debug|x86.ActiveCfg = Debug|Any CPU
		{BCDD4080-9AD7-4FF2-8F61-BCE10E081E7C}.Debug|x86.Build.0 = Debug|Any CPU
		{BCDD4080-9AD7-4FF2-8F61-BCE10E081E7C}.Release|Any CPU.ActiveCfg = Release|Any CPU
		{BCDD4080-9AD7-4FF2-8F61-BCE10E081E7C}.Release|Any CPU.Build.0 = Release|Any CPU
		{BCDD4080-9AD7-4FF2-8F61-BCE10E081E7C}.Release|x64.ActiveCfg = Release|Any CPU
		{BCDD4080-9AD7-4FF2-8F61-BCE10E081E7C}.Release|x64.Build.0 = Release|Any CPU
		{BCDD4080-9AD7-4FF2-8F61-BCE10E081E7C}.Release|x86.ActiveCfg = Release|Any CPU
		{BCDD4080-9AD7-4FF2-8F61-BCE10E081E7C}.Release|x86.Build.0 = Release|Any CPU
		{482CF745-D019-46E1-8EB3-6CC937295EEC}.Debug|Any CPU.ActiveCfg = Debug|Any CPU
		{482CF745-D019-46E1-8EB3-6CC937295EEC}.Debug|Any CPU.Build.0 = Debug|Any CPU
		{482CF745-D019-46E1-8EB3-6CC937295EEC}.Debug|x64.ActiveCfg = Debug|Any CPU
		{482CF745-D019-46E1-8EB3-6CC937295EEC}.Debug|x64.Build.0 = Debug|Any CPU
		{482CF745-D019-46E1-8EB3-6CC937295EEC}.Debug|x86.ActiveCfg = Debug|Any CPU
		{482CF745-D019-46E1-8EB3-6CC937295EEC}.Debug|x86.Build.0 = Debug|Any CPU
		{482CF745-D019-46E1-8EB3-6CC937295EEC}.Release|Any CPU.ActiveCfg = Release|Any CPU
		{482CF745-D019-46E1-8EB3-6CC937295EEC}.Release|Any CPU.Build.0 = Release|Any CPU
		{482CF745-D019-46E1-8EB3-6CC937295EEC}.Release|x64.ActiveCfg = Release|Any CPU
		{482CF745-D019-46E1-8EB3-6CC937295EEC}.Release|x64.Build.0 = Release|Any CPU
		{482CF745-D019-46E1-8EB3-6CC937295EEC}.Release|x86.ActiveCfg = Release|Any CPU
		{482CF745-D019-46E1-8EB3-6CC937295EEC}.Release|x86.Build.0 = Release|Any CPU
		{DDBF2A56-AD13-46AD-968A-FFEABA1867B7}.Debug|Any CPU.ActiveCfg = Debug|Any CPU
		{DDBF2A56-AD13-46AD-968A-FFEABA1867B7}.Debug|Any CPU.Build.0 = Debug|Any CPU
		{DDBF2A56-AD13-46AD-968A-FFEABA1867B7}.Debug|x64.ActiveCfg = Debug|Any CPU
		{DDBF2A56-AD13-46AD-968A-FFEABA1867B7}.Debug|x64.Build.0 = Debug|Any CPU
		{DDBF2A56-AD13-46AD-968A-FFEABA1867B7}.Debug|x86.ActiveCfg = Debug|Any CPU
		{DDBF2A56-AD13-46AD-968A-FFEABA1867B7}.Debug|x86.Build.0 = Debug|Any CPU
		{DDBF2A56-AD13-46AD-968A-FFEABA1867B7}.Release|Any CPU.ActiveCfg = Release|Any CPU
		{DDBF2A56-AD13-46AD-968A-FFEABA1867B7}.Release|Any CPU.Build.0 = Release|Any CPU
		{DDBF2A56-AD13-46AD-968A-FFEABA1867B7}.Release|x64.ActiveCfg = Release|Any CPU
		{DDBF2A56-AD13-46AD-968A-FFEABA1867B7}.Release|x64.Build.0 = Release|Any CPU
		{DDBF2A56-AD13-46AD-968A-FFEABA1867B7}.Release|x86.ActiveCfg = Release|Any CPU
		{DDBF2A56-AD13-46AD-968A-FFEABA1867B7}.Release|x86.Build.0 = Release|Any CPU
		{DA263E17-1F56-4F34-83A4-09BA1F3B0933}.Debug|Any CPU.ActiveCfg = Debug|Any CPU
		{DA263E17-1F56-4F34-83A4-09BA1F3B0933}.Debug|Any CPU.Build.0 = Debug|Any CPU
		{DA263E17-1F56-4F34-83A4-09BA1F3B0933}.Debug|x64.ActiveCfg = Debug|Any CPU
		{DA263E17-1F56-4F34-83A4-09BA1F3B0933}.Debug|x64.Build.0 = Debug|Any CPU
		{DA263E17-1F56-4F34-83A4-09BA1F3B0933}.Debug|x86.ActiveCfg = Debug|Any CPU
		{DA263E17-1F56-4F34-83A4-09BA1F3B0933}.Debug|x86.Build.0 = Debug|Any CPU
		{DA263E17-1F56-4F34-83A4-09BA1F3B0933}.Release|Any CPU.ActiveCfg = Release|Any CPU
		{DA263E17-1F56-4F34-83A4-09BA1F3B0933}.Release|Any CPU.Build.0 = Release|Any CPU
		{DA263E17-1F56-4F34-83A4-09BA1F3B0933}.Release|x64.ActiveCfg = Release|Any CPU
		{DA263E17-1F56-4F34-83A4-09BA1F3B0933}.Release|x64.Build.0 = Release|Any CPU
		{DA263E17-1F56-4F34-83A4-09BA1F3B0933}.Release|x86.ActiveCfg = Release|Any CPU
		{DA263E17-1F56-4F34-83A4-09BA1F3B0933}.Release|x86.Build.0 = Release|Any CPU
		{6D3A5B6F-B30D-4C24-8B7F-77F383B5A161}.Debug|Any CPU.ActiveCfg = Debug|Any CPU
		{6D3A5B6F-B30D-4C24-8B7F-77F383B5A161}.Debug|Any CPU.Build.0 = Debug|Any CPU
		{6D3A5B6F-B30D-4C24-8B7F-77F383B5A161}.Debug|x64.ActiveCfg = Debug|Any CPU
		{6D3A5B6F-B30D-4C24-8B7F-77F383B5A161}.Debug|x64.Build.0 = Debug|Any CPU
		{6D3A5B6F-B30D-4C24-8B7F-77F383B5A161}.Debug|x86.ActiveCfg = Debug|Any CPU
		{6D3A5B6F-B30D-4C24-8B7F-77F383B5A161}.Debug|x86.Build.0 = Debug|Any CPU
		{6D3A5B6F-B30D-4C24-8B7F-77F383B5A161}.Release|Any CPU.ActiveCfg = Release|Any CPU
		{6D3A5B6F-B30D-4C24-8B7F-77F383B5A161}.Release|Any CPU.Build.0 = Release|Any CPU
		{6D3A5B6F-B30D-4C24-8B7F-77F383B5A161}.Release|x64.ActiveCfg = Release|Any CPU
		{6D3A5B6F-B30D-4C24-8B7F-77F383B5A161}.Release|x64.Build.0 = Release|Any CPU
		{6D3A5B6F-B30D-4C24-8B7F-77F383B5A161}.Release|x86.ActiveCfg = Release|Any CPU
		{6D3A5B6F-B30D-4C24-8B7F-77F383B5A161}.Release|x86.Build.0 = Release|Any CPU
		{9EB424A0-C33F-4EBC-AF94-388146BD0DF8}.Debug|Any CPU.ActiveCfg = Debug|Any CPU
		{9EB424A0-C33F-4EBC-AF94-388146BD0DF8}.Debug|Any CPU.Build.0 = Debug|Any CPU
		{9EB424A0-C33F-4EBC-AF94-388146BD0DF8}.Debug|x64.ActiveCfg = Debug|Any CPU
		{9EB424A0-C33F-4EBC-AF94-388146BD0DF8}.Debug|x64.Build.0 = Debug|Any CPU
		{9EB424A0-C33F-4EBC-AF94-388146BD0DF8}.Debug|x86.ActiveCfg = Debug|Any CPU
		{9EB424A0-C33F-4EBC-AF94-388146BD0DF8}.Debug|x86.Build.0 = Debug|Any CPU
		{9EB424A0-C33F-4EBC-AF94-388146BD0DF8}.Release|Any CPU.ActiveCfg = Release|Any CPU
		{9EB424A0-C33F-4EBC-AF94-388146BD0DF8}.Release|Any CPU.Build.0 = Release|Any CPU
		{9EB424A0-C33F-4EBC-AF94-388146BD0DF8}.Release|x64.ActiveCfg = Release|Any CPU
		{9EB424A0-C33F-4EBC-AF94-388146BD0DF8}.Release|x64.Build.0 = Release|Any CPU
		{9EB424A0-C33F-4EBC-AF94-388146BD0DF8}.Release|x86.ActiveCfg = Release|Any CPU
		{9EB424A0-C33F-4EBC-AF94-388146BD0DF8}.Release|x86.Build.0 = Release|Any CPU
	EndGlobalSection
	GlobalSection(SolutionProperties) = preSolution
		HideSolutionNode = FALSE
	EndGlobalSection
	GlobalSection(NestedProjects) = preSolution
		{C7D77AB5-0130-4A50-B85C-2F2224CBABE0} = {827E0CD3-B72D-47B6-A68D-7590B98EB39B}
		{BCDD4080-9AD7-4FF2-8F61-BCE10E081E7C} = {827E0CD3-B72D-47B6-A68D-7590B98EB39B}
		{482CF745-D019-46E1-8EB3-6CC937295EEC} = {827E0CD3-B72D-47B6-A68D-7590B98EB39B}
		{DDBF2A56-AD13-46AD-968A-FFEABA1867B7} = {827E0CD3-B72D-47B6-A68D-7590B98EB39B}
		{DA263E17-1F56-4F34-83A4-09BA1F3B0933} = {0C88DD14-F956-CE84-757C-A364CCF449FC}
		{6D3A5B6F-B30D-4C24-8B7F-77F383B5A161} = {827E0CD3-B72D-47B6-A68D-7590B98EB39B}
		{9EB424A0-C33F-4EBC-AF94-388146BD0DF8} = {0C88DD14-F956-CE84-757C-A364CCF449FC}
	EndGlobalSection
EndGlobal
