
Microsoft Visual Studio Solution File, Format Version 12.00
# Visual Studio Version 17
VisualStudioVersion = 17.0.31903.59
MinimumVisualStudioVersion = 10.0.40219.1
Project("{2150E333-8FDC-42A3-9474-1A3956D46DE8}") = "src", "src", "{827E0CD3-B72D-47B6-A68D-7590B98EB39B}"
EndProject
Project("{FAE04EC0-301F-11D3-BF4B-00C04F79EFBC}") = "Altinn.Authorization.ServiceDefaults", "src\ServiceDefaults\Altinn.Authorization.ServiceDefaults.csproj", "{731280E1-4203-4AE3-A488-65AFD17E797B}"
EndProject
Project("{FAE04EC0-301F-11D3-BF4B-00C04F79EFBC}") = "Altinn.Authorization.ServiceDefaults.Npgsql.Yuniql", "src\ServiceDefaults.Npgsql.Yuniql\Altinn.Authorization.ServiceDefaults.Npgsql.Yuniql.csproj", "{39D8DD32-401E-4F71-939B-0575B3C383BA}"
EndProject
Project("{FAE04EC0-301F-11D3-BF4B-00C04F79EFBC}") = "Altinn.Authorization.ServiceDefaults.Telemetry", "src\ServiceDefaults.Telemetry\Altinn.Authorization.ServiceDefaults.Telemetry.csproj", "{9CCA81B8-1453-46A4-B849-FA38F44F011B}"
EndProject
Project("{FAE04EC0-301F-11D3-BF4B-00C04F79EFBC}") = "Altinn.Authorization.ServiceDefaults.Npgsql", "src\ServiceDefaults.Npgsql\Altinn.Authorization.ServiceDefaults.Npgsql.csproj", "{9E8AED78-5EE2-4E82-932F-AF11FB7BC2AE}"
EndProject
Project("{FAE04EC0-301F-11D3-BF4B-00C04F79EFBC}") = "Altinn.Authorization.ServiceDefaults.Npgsql.TestSeed", "src\ServiceDefaults.Npgsql.TestSeed\Altinn.Authorization.ServiceDefaults.Npgsql.TestSeed.csproj", "{F687887D-6D81-4E1D-BDE2-C4803825AAC1}"
EndProject
Project("{2150E333-8FDC-42A3-9474-1A3956D46DE8}") = "test", "test", "{0C88DD14-F956-CE84-757C-A364CCF449FC}"
EndProject
Project("{FAE04EC0-301F-11D3-BF4B-00C04F79EFBC}") = "Altinn.Authorization.ServiceDefaults.Npgsql.Tests", "test\ServiceDefaults.Npgsql.Tests\Altinn.Authorization.ServiceDefaults.Npgsql.Tests.csproj", "{5440B2D9-592E-43C9-8B8E-B68BAC7DF42E}"
EndProject
Project("{FAE04EC0-301F-11D3-BF4B-00C04F79EFBC}") = "Altinn.Authorization.ServiceDefaults.Tests", "test\ServiceDefaults.Tests\Altinn.Authorization.ServiceDefaults.Tests.csproj", "{2802FE29-A3E2-48CB-A563-97A6AFB558D3}"
EndProject
Global
	GlobalSection(SolutionConfigurationPlatforms) = preSolution
		Debug|Any CPU = Debug|Any CPU
		Debug|x64 = Debug|x64
		Debug|x86 = Debug|x86
		Release|Any CPU = Release|Any CPU
		Release|x64 = Release|x64
		Release|x86 = Release|x86
	EndGlobalSection
	GlobalSection(ProjectConfigurationPlatforms) = postSolution
		{731280E1-4203-4AE3-A488-65AFD17E797B}.Debug|Any CPU.ActiveCfg = Debug|Any CPU
		{731280E1-4203-4AE3-A488-65AFD17E797B}.Debug|Any CPU.Build.0 = Debug|Any CPU
		{731280E1-4203-4AE3-A488-65AFD17E797B}.Debug|x64.ActiveCfg = Debug|Any CPU
		{731280E1-4203-4AE3-A488-65AFD17E797B}.Debug|x64.Build.0 = Debug|Any CPU
		{731280E1-4203-4AE3-A488-65AFD17E797B}.Debug|x86.ActiveCfg = Debug|Any CPU
		{731280E1-4203-4AE3-A488-65AFD17E797B}.Debug|x86.Build.0 = Debug|Any CPU
		{731280E1-4203-4AE3-A488-65AFD17E797B}.Release|Any CPU.ActiveCfg = Release|Any CPU
		{731280E1-4203-4AE3-A488-65AFD17E797B}.Release|Any CPU.Build.0 = Release|Any CPU
		{731280E1-4203-4AE3-A488-65AFD17E797B}.Release|x64.ActiveCfg = Release|Any CPU
		{731280E1-4203-4AE3-A488-65AFD17E797B}.Release|x64.Build.0 = Release|Any CPU
		{731280E1-4203-4AE3-A488-65AFD17E797B}.Release|x86.ActiveCfg = Release|Any CPU
		{731280E1-4203-4AE3-A488-65AFD17E797B}.Release|x86.Build.0 = Release|Any CPU
		{39D8DD32-401E-4F71-939B-0575B3C383BA}.Debug|Any CPU.ActiveCfg = Debug|Any CPU
		{39D8DD32-401E-4F71-939B-0575B3C383BA}.Debug|Any CPU.Build.0 = Debug|Any CPU
		{39D8DD32-401E-4F71-939B-0575B3C383BA}.Debug|x64.ActiveCfg = Debug|Any CPU
		{39D8DD32-401E-4F71-939B-0575B3C383BA}.Debug|x64.Build.0 = Debug|Any CPU
		{39D8DD32-401E-4F71-939B-0575B3C383BA}.Debug|x86.ActiveCfg = Debug|Any CPU
		{39D8DD32-401E-4F71-939B-0575B3C383BA}.Debug|x86.Build.0 = Debug|Any CPU
		{39D8DD32-401E-4F71-939B-0575B3C383BA}.Release|Any CPU.ActiveCfg = Release|Any CPU
		{39D8DD32-401E-4F71-939B-0575B3C383BA}.Release|Any CPU.Build.0 = Release|Any CPU
		{39D8DD32-401E-4F71-939B-0575B3C383BA}.Release|x64.ActiveCfg = Release|Any CPU
		{39D8DD32-401E-4F71-939B-0575B3C383BA}.Release|x64.Build.0 = Release|Any CPU
		{39D8DD32-401E-4F71-939B-0575B3C383BA}.Release|x86.ActiveCfg = Release|Any CPU
		{39D8DD32-401E-4F71-939B-0575B3C383BA}.Release|x86.Build.0 = Release|Any CPU
		{9CCA81B8-1453-46A4-B849-FA38F44F011B}.Debug|Any CPU.ActiveCfg = Debug|Any CPU
		{9CCA81B8-1453-46A4-B849-FA38F44F011B}.Debug|Any CPU.Build.0 = Debug|Any CPU
		{9CCA81B8-1453-46A4-B849-FA38F44F011B}.Debug|x64.ActiveCfg = Debug|Any CPU
		{9CCA81B8-1453-46A4-B849-FA38F44F011B}.Debug|x64.Build.0 = Debug|Any CPU
		{9CCA81B8-1453-46A4-B849-FA38F44F011B}.Debug|x86.ActiveCfg = Debug|Any CPU
		{9CCA81B8-1453-46A4-B849-FA38F44F011B}.Debug|x86.Build.0 = Debug|Any CPU
		{9CCA81B8-1453-46A4-B849-FA38F44F011B}.Release|Any CPU.ActiveCfg = Release|Any CPU
		{9CCA81B8-1453-46A4-B849-FA38F44F011B}.Release|Any CPU.Build.0 = Release|Any CPU
		{9CCA81B8-1453-46A4-B849-FA38F44F011B}.Release|x64.ActiveCfg = Release|Any CPU
		{9CCA81B8-1453-46A4-B849-FA38F44F011B}.Release|x64.Build.0 = Release|Any CPU
		{9CCA81B8-1453-46A4-B849-FA38F44F011B}.Release|x86.ActiveCfg = Release|Any CPU
		{9CCA81B8-1453-46A4-B849-FA38F44F011B}.Release|x86.Build.0 = Release|Any CPU
		{9E8AED78-5EE2-4E82-932F-AF11FB7BC2AE}.Debug|Any CPU.ActiveCfg = Debug|Any CPU
		{9E8AED78-5EE2-4E82-932F-AF11FB7BC2AE}.Debug|Any CPU.Build.0 = Debug|Any CPU
		{9E8AED78-5EE2-4E82-932F-AF11FB7BC2AE}.Debug|x64.ActiveCfg = Debug|Any CPU
		{9E8AED78-5EE2-4E82-932F-AF11FB7BC2AE}.Debug|x64.Build.0 = Debug|Any CPU
		{9E8AED78-5EE2-4E82-932F-AF11FB7BC2AE}.Debug|x86.ActiveCfg = Debug|Any CPU
		{9E8AED78-5EE2-4E82-932F-AF11FB7BC2AE}.Debug|x86.Build.0 = Debug|Any CPU
		{9E8AED78-5EE2-4E82-932F-AF11FB7BC2AE}.Release|Any CPU.ActiveCfg = Release|Any CPU
		{9E8AED78-5EE2-4E82-932F-AF11FB7BC2AE}.Release|Any CPU.Build.0 = Release|Any CPU
		{9E8AED78-5EE2-4E82-932F-AF11FB7BC2AE}.Release|x64.ActiveCfg = Release|Any CPU
		{9E8AED78-5EE2-4E82-932F-AF11FB7BC2AE}.Release|x64.Build.0 = Release|Any CPU
		{9E8AED78-5EE2-4E82-932F-AF11FB7BC2AE}.Release|x86.ActiveCfg = Release|Any CPU
		{9E8AED78-5EE2-4E82-932F-AF11FB7BC2AE}.Release|x86.Build.0 = Release|Any CPU
		{F687887D-6D81-4E1D-BDE2-C4803825AAC1}.Debug|Any CPU.ActiveCfg = Debug|Any CPU
		{F687887D-6D81-4E1D-BDE2-C4803825AAC1}.Debug|Any CPU.Build.0 = Debug|Any CPU
		{F687887D-6D81-4E1D-BDE2-C4803825AAC1}.Debug|x64.ActiveCfg = Debug|Any CPU
		{F687887D-6D81-4E1D-BDE2-C4803825AAC1}.Debug|x64.Build.0 = Debug|Any CPU
		{F687887D-6D81-4E1D-BDE2-C4803825AAC1}.Debug|x86.ActiveCfg = Debug|Any CPU
		{F687887D-6D81-4E1D-BDE2-C4803825AAC1}.Debug|x86.Build.0 = Debug|Any CPU
		{F687887D-6D81-4E1D-BDE2-C4803825AAC1}.Release|Any CPU.ActiveCfg = Release|Any CPU
		{F687887D-6D81-4E1D-BDE2-C4803825AAC1}.Release|Any CPU.Build.0 = Release|Any CPU
		{F687887D-6D81-4E1D-BDE2-C4803825AAC1}.Release|x64.ActiveCfg = Release|Any CPU
		{F687887D-6D81-4E1D-BDE2-C4803825AAC1}.Release|x64.Build.0 = Release|Any CPU
		{F687887D-6D81-4E1D-BDE2-C4803825AAC1}.Release|x86.ActiveCfg = Release|Any CPU
		{F687887D-6D81-4E1D-BDE2-C4803825AAC1}.Release|x86.Build.0 = Release|Any CPU
		{5440B2D9-592E-43C9-8B8E-B68BAC7DF42E}.Debug|Any CPU.ActiveCfg = Debug|Any CPU
		{5440B2D9-592E-43C9-8B8E-B68BAC7DF42E}.Debug|Any CPU.Build.0 = Debug|Any CPU
		{5440B2D9-592E-43C9-8B8E-B68BAC7DF42E}.Debug|x64.ActiveCfg = Debug|Any CPU
		{5440B2D9-592E-43C9-8B8E-B68BAC7DF42E}.Debug|x64.Build.0 = Debug|Any CPU
		{5440B2D9-592E-43C9-8B8E-B68BAC7DF42E}.Debug|x86.ActiveCfg = Debug|Any CPU
		{5440B2D9-592E-43C9-8B8E-B68BAC7DF42E}.Debug|x86.Build.0 = Debug|Any CPU
		{5440B2D9-592E-43C9-8B8E-B68BAC7DF42E}.Release|Any CPU.ActiveCfg = Release|Any CPU
		{5440B2D9-592E-43C9-8B8E-B68BAC7DF42E}.Release|Any CPU.Build.0 = Release|Any CPU
		{5440B2D9-592E-43C9-8B8E-B68BAC7DF42E}.Release|x64.ActiveCfg = Release|Any CPU
		{5440B2D9-592E-43C9-8B8E-B68BAC7DF42E}.Release|x64.Build.0 = Release|Any CPU
		{5440B2D9-592E-43C9-8B8E-B68BAC7DF42E}.Release|x86.ActiveCfg = Release|Any CPU
		{5440B2D9-592E-43C9-8B8E-B68BAC7DF42E}.Release|x86.Build.0 = Release|Any CPU
		{2802FE29-A3E2-48CB-A563-97A6AFB558D3}.Debug|Any CPU.ActiveCfg = Debug|Any CPU
		{2802FE29-A3E2-48CB-A563-97A6AFB558D3}.Debug|Any CPU.Build.0 = Debug|Any CPU
		{2802FE29-A3E2-48CB-A563-97A6AFB558D3}.Debug|x64.ActiveCfg = Debug|Any CPU
		{2802FE29-A3E2-48CB-A563-97A6AFB558D3}.Debug|x64.Build.0 = Debug|Any CPU
		{2802FE29-A3E2-48CB-A563-97A6AFB558D3}.Debug|x86.ActiveCfg = Debug|Any CPU
		{2802FE29-A3E2-48CB-A563-97A6AFB558D3}.Debug|x86.Build.0 = Debug|Any CPU
		{2802FE29-A3E2-48CB-A563-97A6AFB558D3}.Release|Any CPU.ActiveCfg = Release|Any CPU
		{2802FE29-A3E2-48CB-A563-97A6AFB558D3}.Release|Any CPU.Build.0 = Release|Any CPU
		{2802FE29-A3E2-48CB-A563-97A6AFB558D3}.Release|x64.ActiveCfg = Release|Any CPU
		{2802FE29-A3E2-48CB-A563-97A6AFB558D3}.Release|x64.Build.0 = Release|Any CPU
		{2802FE29-A3E2-48CB-A563-97A6AFB558D3}.Release|x86.ActiveCfg = Release|Any CPU
		{2802FE29-A3E2-48CB-A563-97A6AFB558D3}.Release|x86.Build.0 = Release|Any CPU
	EndGlobalSection
	GlobalSection(SolutionProperties) = preSolution
		HideSolutionNode = FALSE
	EndGlobalSection
	GlobalSection(NestedProjects) = preSolution
		{731280E1-4203-4AE3-A488-65AFD17E797B} = {827E0CD3-B72D-47B6-A68D-7590B98EB39B}
		{39D8DD32-401E-4F71-939B-0575B3C383BA} = {827E0CD3-B72D-47B6-A68D-7590B98EB39B}
		{9CCA81B8-1453-46A4-B849-FA38F44F011B} = {827E0CD3-B72D-47B6-A68D-7590B98EB39B}
		{9E8AED78-5EE2-4E82-932F-AF11FB7BC2AE} = {827E0CD3-B72D-47B6-A68D-7590B98EB39B}
		{F687887D-6D81-4E1D-BDE2-C4803825AAC1} = {827E0CD3-B72D-47B6-A68D-7590B98EB39B}
		{5440B2D9-592E-43C9-8B8E-B68BAC7DF42E} = {0C88DD14-F956-CE84-757C-A364CCF449FC}
		{2802FE29-A3E2-48CB-A563-97A6AFB558D3} = {0C88DD14-F956-CE84-757C-A364CCF449FC}
	EndGlobalSection
EndGlobal
