
Microsoft Visual Studio Solution File, Format Version 12.00
# Visual Studio Version 17
VisualStudioVersion = 17.0.31903.59
MinimumVisualStudioVersion = 10.0.40219.1
Project("{2150E333-8FDC-42A3-9474-1A3956D46DE8}") = "src", "src", "{827E0CD3-B72D-47B6-A68D-7590B98EB39B}"
EndProject
Project("{FAE04EC0-301F-11D3-BF4B-00C04F79EFBC}") = "Altinn.Authorization.ProblemDetails.Abstractions", "src\ProblemDetails.Abstractions\Altinn.Authorization.ProblemDetails.Abstractions.csproj", "{14F0B9B7-8E46-401D-8D9B-1531FD74A38D}"
EndProject
Project("{FAE04EC0-301F-11D3-BF4B-00C04F79EFBC}") = "Altinn.Authorization.ProblemDetails", "src\ProblemDetails\Altinn.Authorization.ProblemDetails.csproj", "{8506AAC0-C64D-43DD-84DD-849580E47F2E}"
EndProject
Project("{2150E333-8FDC-42A3-9474-1A3956D46DE8}") = "test", "test", "{0C88DD14-F956-CE84-757C-A364CCF449FC}"
EndProject
Project("{FAE04EC0-301F-11D3-BF4B-00C04F79EFBC}") = "Altinn.Authorization.ProblemDetails.Tests", "test\ProblemDetails.Tests\Altinn.Authorization.ProblemDetails.Tests.csproj", "{B5A18147-5C6D-46FE-8E45-CAFE9E56FF07}"
EndProject
Project("{2150E333-8FDC-42A3-9474-1A3956D46DE8}") = "pkgs", "pkgs", "{9D04EDA7-9286-9C38-2C42-87A0303CF8B9}"
EndProject
Project("{2150E333-8FDC-42A3-9474-1A3956D46DE8}") = "Altinn.Authorization.TestUtils", "Altinn.Authorization.TestUtils", "{00E22EFA-B251-4832-5267-0E375C381169}"
EndProject
Project("{FAE04EC0-301F-11D3-BF4B-00C04F79EFBC}") = "Altinn.Authorization.TestUtils", "..\Altinn.Authorization.TestUtils\src\TestUtils\Altinn.Authorization.TestUtils.csproj", "{DDD3B214-947E-40B6-8916-C211C292DE5A}"
EndProject
Project("{FAE04EC0-301F-11D3-BF4B-00C04F79EFBC}") = "Altinn.Authorization.TestUtils.AspNetCore", "..\Altinn.Authorization.TestUtils\src\TestUtils.AspNetCore\Altinn.Authorization.TestUtils.AspNetCore.csproj", "{5CFB2BC7-F6F4-4D8A-BD6E-88497349ACC3}"
EndProject
Project("{FAE04EC0-301F-11D3-BF4B-00C04F79EFBC}") = "Altinn.Authorization.TestUtils.Http", "..\Altinn.Authorization.TestUtils\src\TestUtils.Http\Altinn.Authorization.TestUtils.Http.csproj", "{781A9550-DA8A-4CF9-9193-2CC077E8F3C2}"
EndProject
Global
	GlobalSection(SolutionConfigurationPlatforms) = preSolution
		Debug|Any CPU = Debug|Any CPU
		Debug|x64 = Debug|x64
		Debug|x86 = Debug|x86
		Release|Any CPU = Release|Any CPU
		Release|x64 = Release|x64
		Release|x86 = Release|x86
	EndGlobalSection
	GlobalSection(ProjectConfigurationPlatforms) = postSolution
		{14F0B9B7-8E46-401D-8D9B-1531FD74A38D}.Debug|Any CPU.ActiveCfg = Debug|Any CPU
		{14F0B9B7-8E46-401D-8D9B-1531FD74A38D}.Debug|Any CPU.Build.0 = Debug|Any CPU
		{14F0B9B7-8E46-401D-8D9B-1531FD74A38D}.Debug|x64.ActiveCfg = Debug|Any CPU
		{14F0B9B7-8E46-401D-8D9B-1531FD74A38D}.Debug|x64.Build.0 = Debug|Any CPU
		{14F0B9B7-8E46-401D-8D9B-1531FD74A38D}.Debug|x86.ActiveCfg = Debug|Any CPU
		{14F0B9B7-8E46-401D-8D9B-1531FD74A38D}.Debug|x86.Build.0 = Debug|Any CPU
		{14F0B9B7-8E46-401D-8D9B-1531FD74A38D}.Release|Any CPU.ActiveCfg = Release|Any CPU
		{14F0B9B7-8E46-401D-8D9B-1531FD74A38D}.Release|Any CPU.Build.0 = Release|Any CPU
		{14F0B9B7-8E46-401D-8D9B-1531FD74A38D}.Release|x64.ActiveCfg = Release|Any CPU
		{14F0B9B7-8E46-401D-8D9B-1531FD74A38D}.Release|x64.Build.0 = Release|Any CPU
		{14F0B9B7-8E46-401D-8D9B-1531FD74A38D}.Release|x86.ActiveCfg = Release|Any CPU
		{14F0B9B7-8E46-401D-8D9B-1531FD74A38D}.Release|x86.Build.0 = Release|Any CPU
		{8506AAC0-C64D-43DD-84DD-849580E47F2E}.Debug|Any CPU.ActiveCfg = Debug|Any CPU
		{8506AAC0-C64D-43DD-84DD-849580E47F2E}.Debug|Any CPU.Build.0 = Debug|Any CPU
		{8506AAC0-C64D-43DD-84DD-849580E47F2E}.Debug|x64.ActiveCfg = Debug|Any CPU
		{8506AAC0-C64D-43DD-84DD-849580E47F2E}.Debug|x64.Build.0 = Debug|Any CPU
		{8506AAC0-C64D-43DD-84DD-849580E47F2E}.Debug|x86.ActiveCfg = Debug|Any CPU
		{8506AAC0-C64D-43DD-84DD-849580E47F2E}.Debug|x86.Build.0 = Debug|Any CPU
		{8506AAC0-C64D-43DD-84DD-849580E47F2E}.Release|Any CPU.ActiveCfg = Release|Any CPU
		{8506AAC0-C64D-43DD-84DD-849580E47F2E}.Release|Any CPU.Build.0 = Release|Any CPU
		{8506AAC0-C64D-43DD-84DD-849580E47F2E}.Release|x64.ActiveCfg = Release|Any CPU
		{8506AAC0-C64D-43DD-84DD-849580E47F2E}.Release|x64.Build.0 = Release|Any CPU
		{8506AAC0-C64D-43DD-84DD-849580E47F2E}.Release|x86.ActiveCfg = Release|Any CPU
		{8506AAC0-C64D-43DD-84DD-849580E47F2E}.Release|x86.Build.0 = Release|Any CPU
		{B5A18147-5C6D-46FE-8E45-CAFE9E56FF07}.Debug|Any CPU.ActiveCfg = Debug|Any CPU
		{B5A18147-5C6D-46FE-8E45-CAFE9E56FF07}.Debug|Any CPU.Build.0 = Debug|Any CPU
		{B5A18147-5C6D-46FE-8E45-CAFE9E56FF07}.Debug|x64.ActiveCfg = Debug|Any CPU
		{B5A18147-5C6D-46FE-8E45-CAFE9E56FF07}.Debug|x64.Build.0 = Debug|Any CPU
		{B5A18147-5C6D-46FE-8E45-CAFE9E56FF07}.Debug|x86.ActiveCfg = Debug|Any CPU
		{B5A18147-5C6D-46FE-8E45-CAFE9E56FF07}.Debug|x86.Build.0 = Debug|Any CPU
		{B5A18147-5C6D-46FE-8E45-CAFE9E56FF07}.Release|Any CPU.ActiveCfg = Release|Any CPU
		{B5A18147-5C6D-46FE-8E45-CAFE9E56FF07}.Release|Any CPU.Build.0 = Release|Any CPU
		{B5A18147-5C6D-46FE-8E45-CAFE9E56FF07}.Release|x64.ActiveCfg = Release|Any CPU
		{B5A18147-5C6D-46FE-8E45-CAFE9E56FF07}.Release|x64.Build.0 = Release|Any CPU
		{B5A18147-5C6D-46FE-8E45-CAFE9E56FF07}.Release|x86.ActiveCfg = Release|Any CPU
		{B5A18147-5C6D-46FE-8E45-CAFE9E56FF07}.Release|x86.Build.0 = Release|Any CPU
		{DDD3B214-947E-40B6-8916-C211C292DE5A}.Debug|Any CPU.ActiveCfg = Debug|Any CPU
		{DDD3B214-947E-40B6-8916-C211C292DE5A}.Debug|Any CPU.Build.0 = Debug|Any CPU
		{DDD3B214-947E-40B6-8916-C211C292DE5A}.Debug|x64.ActiveCfg = Debug|Any CPU
		{DDD3B214-947E-40B6-8916-C211C292DE5A}.Debug|x64.Build.0 = Debug|Any CPU
		{DDD3B214-947E-40B6-8916-C211C292DE5A}.Debug|x86.ActiveCfg = Debug|Any CPU
		{DDD3B214-947E-40B6-8916-C211C292DE5A}.Debug|x86.Build.0 = Debug|Any CPU
		{DDD3B214-947E-40B6-8916-C211C292DE5A}.Release|Any CPU.ActiveCfg = Release|Any CPU
		{DDD3B214-947E-40B6-8916-C211C292DE5A}.Release|Any CPU.Build.0 = Release|Any CPU
		{DDD3B214-947E-40B6-8916-C211C292DE5A}.Release|x64.ActiveCfg = Release|Any CPU
		{DDD3B214-947E-40B6-8916-C211C292DE5A}.Release|x64.Build.0 = Release|Any CPU
		{DDD3B214-947E-40B6-8916-C211C292DE5A}.Release|x86.ActiveCfg = Release|Any CPU
		{DDD3B214-947E-40B6-8916-C211C292DE5A}.Release|x86.Build.0 = Release|Any CPU
		{5CFB2BC7-F6F4-4D8A-BD6E-88497349ACC3}.Debug|Any CPU.ActiveCfg = Debug|Any CPU
		{5CFB2BC7-F6F4-4D8A-BD6E-88497349ACC3}.Debug|Any CPU.Build.0 = Debug|Any CPU
		{5CFB2BC7-F6F4-4D8A-BD6E-88497349ACC3}.Debug|x64.ActiveCfg = Debug|Any CPU
		{5CFB2BC7-F6F4-4D8A-BD6E-88497349ACC3}.Debug|x64.Build.0 = Debug|Any CPU
		{5CFB2BC7-F6F4-4D8A-BD6E-88497349ACC3}.Debug|x86.ActiveCfg = Debug|Any CPU
		{5CFB2BC7-F6F4-4D8A-BD6E-88497349ACC3}.Debug|x86.Build.0 = Debug|Any CPU
		{5CFB2BC7-F6F4-4D8A-BD6E-88497349ACC3}.Release|Any CPU.ActiveCfg = Release|Any CPU
		{5CFB2BC7-F6F4-4D8A-BD6E-88497349ACC3}.Release|Any CPU.Build.0 = Release|Any CPU
		{5CFB2BC7-F6F4-4D8A-BD6E-88497349ACC3}.Release|x64.ActiveCfg = Release|Any CPU
		{5CFB2BC7-F6F4-4D8A-BD6E-88497349ACC3}.Release|x64.Build.0 = Release|Any CPU
		{5CFB2BC7-F6F4-4D8A-BD6E-88497349ACC3}.Release|x86.ActiveCfg = Release|Any CPU
		{5CFB2BC7-F6F4-4D8A-BD6E-88497349ACC3}.Release|x86.Build.0 = Release|Any CPU
		{781A9550-DA8A-4CF9-9193-2CC077E8F3C2}.Debug|Any CPU.ActiveCfg = Debug|Any CPU
		{781A9550-DA8A-4CF9-9193-2CC077E8F3C2}.Debug|Any CPU.Build.0 = Debug|Any CPU
		{781A9550-DA8A-4CF9-9193-2CC077E8F3C2}.Debug|x64.ActiveCfg = Debug|Any CPU
		{781A9550-DA8A-4CF9-9193-2CC077E8F3C2}.Debug|x64.Build.0 = Debug|Any CPU
		{781A9550-DA8A-4CF9-9193-2CC077E8F3C2}.Debug|x86.ActiveCfg = Debug|Any CPU
		{781A9550-DA8A-4CF9-9193-2CC077E8F3C2}.Debug|x86.Build.0 = Debug|Any CPU
		{781A9550-DA8A-4CF9-9193-2CC077E8F3C2}.Release|Any CPU.ActiveCfg = Release|Any CPU
		{781A9550-DA8A-4CF9-9193-2CC077E8F3C2}.Release|Any CPU.Build.0 = Release|Any CPU
		{781A9550-DA8A-4CF9-9193-2CC077E8F3C2}.Release|x64.ActiveCfg = Release|Any CPU
		{781A9550-DA8A-4CF9-9193-2CC077E8F3C2}.Release|x64.Build.0 = Release|Any CPU
		{781A9550-DA8A-4CF9-9193-2CC077E8F3C2}.Release|x86.ActiveCfg = Release|Any CPU
		{781A9550-DA8A-4CF9-9193-2CC077E8F3C2}.Release|x86.Build.0 = Release|Any CPU
	EndGlobalSection
	GlobalSection(SolutionProperties) = preSolution
		HideSolutionNode = FALSE
	EndGlobalSection
	GlobalSection(NestedProjects) = preSolution
		{14F0B9B7-8E46-401D-8D9B-1531FD74A38D} = {827E0CD3-B72D-47B6-A68D-7590B98EB39B}
		{8506AAC0-C64D-43DD-84DD-849580E47F2E} = {827E0CD3-B72D-47B6-A68D-7590B98EB39B}
		{B5A18147-5C6D-46FE-8E45-CAFE9E56FF07} = {0C88DD14-F956-CE84-757C-A364CCF449FC}
		{00E22EFA-B251-4832-5267-0E375C381169} = {9D04EDA7-9286-9C38-2C42-87A0303CF8B9}
		{DDD3B214-947E-40B6-8916-C211C292DE5A} = {00E22EFA-B251-4832-5267-0E375C381169}
		{5CFB2BC7-F6F4-4D8A-BD6E-88497349ACC3} = {00E22EFA-B251-4832-5267-0E375C381169}
		{781A9550-DA8A-4CF9-9193-2CC077E8F3C2} = {00E22EFA-B251-4832-5267-0E375C381169}
	EndGlobalSection
EndGlobal
