<Solution>
  <Folder Name="/deps/" />
  <Folder Name="/deps/ProblemDetails/">
    <Project Path="../Altinn.Authorization.ProblemDetails/src/ProblemDetails/Altinn.Authorization.ProblemDetails.csproj" />
    <Project Path="../Altinn.Authorization.ProblemDetails/src/ProblemDetails.Abstractions/Altinn.Authorization.ProblemDetails.Abstractions.csproj" />
    <Project Path="../Altinn.Authorization.ProblemDetails/src/ProblemDetails.Validation/Altinn.Authorization.ProblemDetails.Validation.csproj" />
  </Folder>
  <Folder Name="/deps/TestUtils/">
    <Project Path="../Altinn.Authorization.TestUtils/src/TestUtils/Altinn.Authorization.TestUtils.csproj" />
    <Project Path="../Altinn.Authorization.TestUtils/src/TestUtils.AspNetCore/Altinn.Authorization.TestUtils.AspNetCore.csproj" />
    <Project Path="../Altinn.Authorization.TestUtils/src/TestUtils.Http/Altinn.Authorization.TestUtils.Http.csproj" />
    <Project Path="../Altinn.Authorization.TestUtils/src/TestUtils.Options/Altinn.Authorization.TestUtils.Options.csproj" />
  </Folder>
  <Folder Name="/deps/Swashbuckle/">
    <Project Path="../Altinn.Swashbuckle/src/Altinn.Swashbuckle/Altinn.Swashbuckle.csproj" />
    <Project Path="../Altinn.Swashbuckle/src/Altinn.Swashbuckle.Abstractions/Altinn.Swashbuckle.Abstractions.csproj" />
  </Folder>
  <Folder Name="/sample/">
    <Project Path="sample/ServiceDefaults.Sample.Api/Altinn.Authorization.ServiceDefaults.Sample.Api.csproj" />
  </Folder>
  <Folder Name="/src/">
    <Project Path="src/ServiceDefaults/Altinn.Authorization.ServiceDefaults.csproj" />
    <Project Path="src/ServiceDefaults.Abstractions/Altinn.Authorization.ServiceDefaults.Abstractions.csproj" />
    <Project Path="src/ServiceDefaults.Authorization/Altinn.Authorization.ServiceDefaults.Authorization.csproj" />
    <Project Path="src/ServiceDefaults.HttpClient/Altinn.Authorization.ServiceDefaults.HttpClient.csproj" />
    <Project Path="src/ServiceDefaults.HttpClient.MaskinPorten/Altinn.Authorization.ServiceDefaults.HttpClient.MaskinPorten.csproj" />
    <Project Path="src/ServiceDefaults.Npgsql/Altinn.Authorization.ServiceDefaults.Npgsql.csproj" />
    <Project Path="src/ServiceDefaults.Npgsql.TestSeed/Altinn.Authorization.ServiceDefaults.Npgsql.TestSeed.csproj" />
    <Project Path="src/ServiceDefaults.Npgsql.Yuniql/Altinn.Authorization.ServiceDefaults.Npgsql.Yuniql.csproj" />
    <Project Path="src/ServiceDefaults.Swashbuckle/Altinn.Authorization.ServiceDefaults.Swashbuckle.csproj" />
    <Project Path="src/ServiceDefaults.Telemetry/Altinn.Authorization.ServiceDefaults.Telemetry.csproj" />
  </Folder>
  <Folder Name="/test/">
    <Project Path="test/ServiceDefaults.Authorization.Tests/Altinn.Authorization.ServiceDefaults.Authorization.Tests.csproj" />
    <Project Path="test/ServiceDefaults.HttpClient.MaskinPorten.Tests/Altinn.Authorization.ServiceDefaults.HttpClient.MaskinPorten.Tests.csproj" />
    <Project Path="test/ServiceDefaults.Npgsql.Tests/Altinn.Authorization.ServiceDefaults.Npgsql.Tests.csproj" />
    <Project Path="test/ServiceDefaults.Tests/Altinn.Authorization.ServiceDefaults.Tests.csproj" />
  </Folder>
</Solution>
