
Microsoft Visual Studio Solution File, Format Version 12.00
# Visual Studio Version 17
VisualStudioVersion = 17.0.31903.59
MinimumVisualStudioVersion = 10.0.40219.1
Project("{2150E333-8FDC-42A3-9474-1A3956D46DE8}") = "Altinn.Authorization.ModelUtils", "Altinn.Authorization.ModelUtils", "{EB75EB21-BF84-91EF-4E6E-5977B2E575DE}"
EndProject
Project("{2150E333-8FDC-42A3-9474-1A3956D46DE8}") = "src", "src", "{8280278A-98F2-E206-A079-E506139BE16C}"
EndProject
Project("{FAE04EC0-301F-11D3-BF4B-00C04F79EFBC}") = "Altinn.Authorization.ModelUtils", "Altinn.Authorization.ModelUtils\src\ModelUtils\Altinn.Authorization.ModelUtils.csproj", "{CD8E3C10-E3C5-40DD-B356-B278AB2EC729}"
EndProject
Project("{2150E333-8FDC-42A3-9474-1A3956D46DE8}") = "test", "test", "{9A590182-5978-D8C7-E303-291190AE30CB}"
EndProject
Project("{FAE04EC0-301F-11D3-BF4B-00C04F79EFBC}") = "Altinn.Authorization.ModelUtils.Tests", "Altinn.Authorization.ModelUtils\test\ModelUtils.Tests\Altinn.Authorization.ModelUtils.Tests.csproj", "{735D4AAA-8D40-4705-A40C-C670EF5F694D}"
EndProject
Project("{2150E333-8FDC-42A3-9474-1A3956D46DE8}") = "Altinn.Authorization.ProblemDetails", "Altinn.Authorization.ProblemDetails", "{F3AF90AF-75E4-0F12-A774-47027EA19581}"
EndProject
Project("{2150E333-8FDC-42A3-9474-1A3956D46DE8}") = "src", "src", "{D4D3E438-BFB7-2F8D-680E-54BE7DA40A99}"
EndProject
Project("{FAE04EC0-301F-11D3-BF4B-00C04F79EFBC}") = "Altinn.Authorization.ProblemDetails.Abstractions", "Altinn.Authorization.ProblemDetails\src\ProblemDetails.Abstractions\Altinn.Authorization.ProblemDetails.Abstractions.csproj", "{BA0BF8DA-B7AE-438F-B60A-7DBA5C055652}"
EndProject
Project("{FAE04EC0-301F-11D3-BF4B-00C04F79EFBC}") = "Altinn.Authorization.ProblemDetails", "Altinn.Authorization.ProblemDetails\src\ProblemDetails\Altinn.Authorization.ProblemDetails.csproj", "{879F0A05-F2D4-4274-8F41-9088C328F19C}"
EndProject
Project("{2150E333-8FDC-42A3-9474-1A3956D46DE8}") = "test", "test", "{9F1133D0-4896-081B-73A1-17DBEFCB2077}"
EndProject
Project("{FAE04EC0-301F-11D3-BF4B-00C04F79EFBC}") = "Altinn.Authorization.ProblemDetails.Tests", "Altinn.Authorization.ProblemDetails\test\ProblemDetails.Tests\Altinn.Authorization.ProblemDetails.Tests.csproj", "{FF70F7A7-CB9B-4616-925D-1CAB88E3A7E2}"
EndProject
Project("{2150E333-8FDC-42A3-9474-1A3956D46DE8}") = "Altinn.Authorization.ServiceDefaults", "Altinn.Authorization.ServiceDefaults", "{763561C8-F89B-6354-139D-F9478C28527A}"
EndProject
Project("{2150E333-8FDC-42A3-9474-1A3956D46DE8}") = "src", "src", "{73FC86DF-ABEB-B5B7-2E65-11FA347832F9}"
EndProject
Project("{FAE04EC0-301F-11D3-BF4B-00C04F79EFBC}") = "Altinn.Authorization.ServiceDefaults.Npgsql.TestSeed", "Altinn.Authorization.ServiceDefaults\src\ServiceDefaults.Npgsql.TestSeed\Altinn.Authorization.ServiceDefaults.Npgsql.TestSeed.csproj", "{24C96D2B-D1CF-44B3-BC06-6931C1EEAECB}"
EndProject
Project("{FAE04EC0-301F-11D3-BF4B-00C04F79EFBC}") = "Altinn.Authorization.ServiceDefaults.Npgsql.Yuniql", "Altinn.Authorization.ServiceDefaults\src\ServiceDefaults.Npgsql.Yuniql\Altinn.Authorization.ServiceDefaults.Npgsql.Yuniql.csproj", "{1F782A57-E2B3-4ECC-A425-86DB0C3B6F76}"
EndProject
Project("{FAE04EC0-301F-11D3-BF4B-00C04F79EFBC}") = "Altinn.Authorization.ServiceDefaults.Npgsql", "Altinn.Authorization.ServiceDefaults\src\ServiceDefaults.Npgsql\Altinn.Authorization.ServiceDefaults.Npgsql.csproj", "{302DA7C9-7962-4BE1-BDFC-C47F216B085C}"
EndProject
Project("{FAE04EC0-301F-11D3-BF4B-00C04F79EFBC}") = "Altinn.Authorization.ServiceDefaults.Telemetry", "Altinn.Authorization.ServiceDefaults\src\ServiceDefaults.Telemetry\Altinn.Authorization.ServiceDefaults.Telemetry.csproj", "{9A5B397C-A8B4-4C8B-8ABE-7ED40E6DC8A0}"
EndProject
Project("{FAE04EC0-301F-11D3-BF4B-00C04F79EFBC}") = "Altinn.Authorization.ServiceDefaults", "Altinn.Authorization.ServiceDefaults\src\ServiceDefaults\Altinn.Authorization.ServiceDefaults.csproj", "{6DBE47A5-B355-4FB1-B4FB-1822AAAAD0C9}"
EndProject
Project("{2150E333-8FDC-42A3-9474-1A3956D46DE8}") = "test", "test", "{D3C758B1-2EFB-5E1A-6276-3A5D7C0FB0D3}"
EndProject
Project("{FAE04EC0-301F-11D3-BF4B-00C04F79EFBC}") = "Altinn.Authorization.ServiceDefaults.Npgsql.Tests", "Altinn.Authorization.ServiceDefaults\test\ServiceDefaults.Npgsql.Tests\Altinn.Authorization.ServiceDefaults.Npgsql.Tests.csproj", "{930A70AE-AEF6-4500-A874-A914F12C7D0C}"
EndProject
Project("{FAE04EC0-301F-11D3-BF4B-00C04F79EFBC}") = "Altinn.Authorization.ServiceDefaults.Tests", "Altinn.Authorization.ServiceDefaults\test\ServiceDefaults.Tests\Altinn.Authorization.ServiceDefaults.Tests.csproj", "{D8430EDD-F28E-4C65-8933-FB6FC7A6AAE9}"
EndProject
Project("{2150E333-8FDC-42A3-9474-1A3956D46DE8}") = "Altinn.Cli", "Altinn.Cli", "{CCD4F0B1-712D-5CB0-B003-69F99109FDBB}"
EndProject
Project("{2150E333-8FDC-42A3-9474-1A3956D46DE8}") = "src", "src", "{7F792CA6-478D-DCB5-A90C-7EF8CD8769D2}"
EndProject
Project("{FAE04EC0-301F-11D3-BF4B-00C04F79EFBC}") = "Altinn.Cli.Jwks", "Altinn.Cli\src\Altinn.Cli.Jwks\Altinn.Cli.Jwks.csproj", "{9401986E-9457-4A82-A450-5A30A5589E6C}"
EndProject
Project("{2150E333-8FDC-42A3-9474-1A3956D46DE8}") = "Altinn.Swashbuckle", "Altinn.Swashbuckle", "{BF057CF0-9C6A-80B2-4115-E7279622C476}"
EndProject
Project("{2150E333-8FDC-42A3-9474-1A3956D46DE8}") = "src", "src", "{6AC13BEE-AC66-9A69-3AE8-4AFF3674B77D}"
EndProject
Project("{FAE04EC0-301F-11D3-BF4B-00C04F79EFBC}") = "Altinn.Swashbuckle.Abstractions", "Altinn.Swashbuckle\src\Altinn.Swashbuckle.Abstractions\Altinn.Swashbuckle.Abstractions.csproj", "{0CD7CD86-753C-4E46-9369-0AFD4EAA14EE}"
EndProject
Project("{FAE04EC0-301F-11D3-BF4B-00C04F79EFBC}") = "Altinn.Swashbuckle", "Altinn.Swashbuckle\src\Altinn.Swashbuckle\Altinn.Swashbuckle.csproj", "{29323F2A-0258-4C86-A73F-3925489E2CF7}"
EndProject
Project("{2150E333-8FDC-42A3-9474-1A3956D46DE8}") = "test", "test", "{61037860-D530-EA0A-0349-2817C6CED953}"
EndProject
Project("{FAE04EC0-301F-11D3-BF4B-00C04F79EFBC}") = "Altinn.Swashbuckle.Tests", "Altinn.Swashbuckle\test\Altinn.Swashbuckle.Tests\Altinn.Swashbuckle.Tests.csproj", "{21B6BED3-D014-4A95-AF8F-F7336E89C3C1}"
EndProject
Project("{2150E333-8FDC-42A3-9474-1A3956D46DE8}") = "Altinn.Urn", "Altinn.Urn", "{37DA62FC-1946-D917-9850-17117E007FB2}"
EndProject
Project("{2150E333-8FDC-42A3-9474-1A3956D46DE8}") = "sample", "sample", "{D30A479B-612C-2B85-DA7A-7319B0E5B2D8}"
EndProject
Project("{FAE04EC0-301F-11D3-BF4B-00C04F79EFBC}") = "Altinn.Urn.Sample.Api", "Altinn.Urn\sample\Altinn.Urn.Sample.Api\Altinn.Urn.Sample.Api.csproj", "{F70A80D8-6CFD-43E0-B2CF-221B70681C38}"
EndProject
Project("{2150E333-8FDC-42A3-9474-1A3956D46DE8}") = "src", "src", "{63D763DC-53D7-188A-B9A8-5533EA86DBC3}"
EndProject
Project("{FAE04EC0-301F-11D3-BF4B-00C04F79EFBC}") = "Altinn.Urn.SourceGenerator", "Altinn.Urn\src\Altinn.Urn.SourceGenerator\Altinn.Urn.SourceGenerator.csproj", "{EEE3ED9E-9BA0-4285-8BCB-6F2847311C8C}"
EndProject
Project("{FAE04EC0-301F-11D3-BF4B-00C04F79EFBC}") = "Altinn.Urn.Swashbuckle", "Altinn.Urn\src\Altinn.Urn.Swashbuckle\Altinn.Urn.Swashbuckle.csproj", "{9E72D146-2FFE-4550-94F3-A458E8392709}"
EndProject
Project("{FAE04EC0-301F-11D3-BF4B-00C04F79EFBC}") = "Altinn.Urn", "Altinn.Urn\src\Altinn.Urn\Altinn.Urn.csproj", "{B0C6D09D-8D20-4E12-A838-F089267197F9}"
EndProject
Project("{2150E333-8FDC-42A3-9474-1A3956D46DE8}") = "test", "test", "{850559B7-F60F-B250-FDD5-8803A3C1702F}"
EndProject
Project("{FAE04EC0-301F-11D3-BF4B-00C04F79EFBC}") = "Altinn.Urn.SourceGenerator.IntegrationTests", "Altinn.Urn\test\Altinn.Urn.SourceGenerator.IntegrationTests\Altinn.Urn.SourceGenerator.IntegrationTests.csproj", "{EFB4755C-4B01-4CFA-A329-F165093B9BB1}"
EndProject
Project("{FAE04EC0-301F-11D3-BF4B-00C04F79EFBC}") = "Altinn.Urn.SourceGenerator.Tests", "Altinn.Urn\test\Altinn.Urn.SourceGenerator.Tests\Altinn.Urn.SourceGenerator.Tests.csproj", "{554FA883-D68A-4CC8-9CCC-331CEFF5D357}"
EndProject
Project("{FAE04EC0-301F-11D3-BF4B-00C04F79EFBC}") = "Altinn.Urn.Swashbuckle.Tests", "Altinn.Urn\test\Altinn.Urn.Swashbuckle.Tests\Altinn.Urn.Swashbuckle.Tests.csproj", "{03AAA55C-FB09-4441-AFEA-DCD3E4D875F9}"
EndProject
Project("{FAE04EC0-301F-11D3-BF4B-00C04F79EFBC}") = "Altinn.Urn.Tests", "Altinn.Urn\test\Altinn.Urn.Tests\Altinn.Urn.Tests.csproj", "{8FBC23AA-C119-4558-A243-0287319D9773}"
EndProject
Global
	GlobalSection(SolutionConfigurationPlatforms) = preSolution
		Debug|Any CPU = Debug|Any CPU
		Debug|x64 = Debug|x64
		Debug|x86 = Debug|x86
		Release|Any CPU = Release|Any CPU
		Release|x64 = Release|x64
		Release|x86 = Release|x86
	EndGlobalSection
	GlobalSection(ProjectConfigurationPlatforms) = postSolution
		{CD8E3C10-E3C5-40DD-B356-B278AB2EC729}.Debug|Any CPU.ActiveCfg = Debug|Any CPU
		{CD8E3C10-E3C5-40DD-B356-B278AB2EC729}.Debug|Any CPU.Build.0 = Debug|Any CPU
		{CD8E3C10-E3C5-40DD-B356-B278AB2EC729}.Debug|x64.ActiveCfg = Debug|Any CPU
		{CD8E3C10-E3C5-40DD-B356-B278AB2EC729}.Debug|x64.Build.0 = Debug|Any CPU
		{CD8E3C10-E3C5-40DD-B356-B278AB2EC729}.Debug|x86.ActiveCfg = Debug|Any CPU
		{CD8E3C10-E3C5-40DD-B356-B278AB2EC729}.Debug|x86.Build.0 = Debug|Any CPU
		{CD8E3C10-E3C5-40DD-B356-B278AB2EC729}.Release|Any CPU.ActiveCfg = Release|Any CPU
		{CD8E3C10-E3C5-40DD-B356-B278AB2EC729}.Release|Any CPU.Build.0 = Release|Any CPU
		{CD8E3C10-E3C5-40DD-B356-B278AB2EC729}.Release|x64.ActiveCfg = Release|Any CPU
		{CD8E3C10-E3C5-40DD-B356-B278AB2EC729}.Release|x64.Build.0 = Release|Any CPU
		{CD8E3C10-E3C5-40DD-B356-B278AB2EC729}.Release|x86.ActiveCfg = Release|Any CPU
		{CD8E3C10-E3C5-40DD-B356-B278AB2EC729}.Release|x86.Build.0 = Release|Any CPU
		{735D4AAA-8D40-4705-A40C-C670EF5F694D}.Debug|Any CPU.ActiveCfg = Debug|Any CPU
		{735D4AAA-8D40-4705-A40C-C670EF5F694D}.Debug|Any CPU.Build.0 = Debug|Any CPU
		{735D4AAA-8D40-4705-A40C-C670EF5F694D}.Debug|x64.ActiveCfg = Debug|Any CPU
		{735D4AAA-8D40-4705-A40C-C670EF5F694D}.Debug|x64.Build.0 = Debug|Any CPU
		{735D4AAA-8D40-4705-A40C-C670EF5F694D}.Debug|x86.ActiveCfg = Debug|Any CPU
		{735D4AAA-8D40-4705-A40C-C670EF5F694D}.Debug|x86.Build.0 = Debug|Any CPU
		{735D4AAA-8D40-4705-A40C-C670EF5F694D}.Release|Any CPU.ActiveCfg = Release|Any CPU
		{735D4AAA-8D40-4705-A40C-C670EF5F694D}.Release|Any CPU.Build.0 = Release|Any CPU
		{735D4AAA-8D40-4705-A40C-C670EF5F694D}.Release|x64.ActiveCfg = Release|Any CPU
		{735D4AAA-8D40-4705-A40C-C670EF5F694D}.Release|x64.Build.0 = Release|Any CPU
		{735D4AAA-8D40-4705-A40C-C670EF5F694D}.Release|x86.ActiveCfg = Release|Any CPU
		{735D4AAA-8D40-4705-A40C-C670EF5F694D}.Release|x86.Build.0 = Release|Any CPU
		{BA0BF8DA-B7AE-438F-B60A-7DBA5C055652}.Debug|Any CPU.ActiveCfg = Debug|Any CPU
		{BA0BF8DA-B7AE-438F-B60A-7DBA5C055652}.Debug|Any CPU.Build.0 = Debug|Any CPU
		{BA0BF8DA-B7AE-438F-B60A-7DBA5C055652}.Debug|x64.ActiveCfg = Debug|Any CPU
		{BA0BF8DA-B7AE-438F-B60A-7DBA5C055652}.Debug|x64.Build.0 = Debug|Any CPU
		{BA0BF8DA-B7AE-438F-B60A-7DBA5C055652}.Debug|x86.ActiveCfg = Debug|Any CPU
		{BA0BF8DA-B7AE-438F-B60A-7DBA5C055652}.Debug|x86.Build.0 = Debug|Any CPU
		{BA0BF8DA-B7AE-438F-B60A-7DBA5C055652}.Release|Any CPU.ActiveCfg = Release|Any CPU
		{BA0BF8DA-B7AE-438F-B60A-7DBA5C055652}.Release|Any CPU.Build.0 = Release|Any CPU
		{BA0BF8DA-B7AE-438F-B60A-7DBA5C055652}.Release|x64.ActiveCfg = Release|Any CPU
		{BA0BF8DA-B7AE-438F-B60A-7DBA5C055652}.Release|x64.Build.0 = Release|Any CPU
		{BA0BF8DA-B7AE-438F-B60A-7DBA5C055652}.Release|x86.ActiveCfg = Release|Any CPU
		{BA0BF8DA-B7AE-438F-B60A-7DBA5C055652}.Release|x86.Build.0 = Release|Any CPU
		{879F0A05-F2D4-4274-8F41-9088C328F19C}.Debug|Any CPU.ActiveCfg = Debug|Any CPU
		{879F0A05-F2D4-4274-8F41-9088C328F19C}.Debug|Any CPU.Build.0 = Debug|Any CPU
		{879F0A05-F2D4-4274-8F41-9088C328F19C}.Debug|x64.ActiveCfg = Debug|Any CPU
		{879F0A05-F2D4-4274-8F41-9088C328F19C}.Debug|x64.Build.0 = Debug|Any CPU
		{879F0A05-F2D4-4274-8F41-9088C328F19C}.Debug|x86.ActiveCfg = Debug|Any CPU
		{879F0A05-F2D4-4274-8F41-9088C328F19C}.Debug|x86.Build.0 = Debug|Any CPU
		{879F0A05-F2D4-4274-8F41-9088C328F19C}.Release|Any CPU.ActiveCfg = Release|Any CPU
		{879F0A05-F2D4-4274-8F41-9088C328F19C}.Release|Any CPU.Build.0 = Release|Any CPU
		{879F0A05-F2D4-4274-8F41-9088C328F19C}.Release|x64.ActiveCfg = Release|Any CPU
		{879F0A05-F2D4-4274-8F41-9088C328F19C}.Release|x64.Build.0 = Release|Any CPU
		{879F0A05-F2D4-4274-8F41-9088C328F19C}.Release|x86.ActiveCfg = Release|Any CPU
		{879F0A05-F2D4-4274-8F41-9088C328F19C}.Release|x86.Build.0 = Release|Any CPU
		{FF70F7A7-CB9B-4616-925D-1CAB88E3A7E2}.Debug|Any CPU.ActiveCfg = Debug|Any CPU
		{FF70F7A7-CB9B-4616-925D-1CAB88E3A7E2}.Debug|Any CPU.Build.0 = Debug|Any CPU
		{FF70F7A7-CB9B-4616-925D-1CAB88E3A7E2}.Debug|x64.ActiveCfg = Debug|Any CPU
		{FF70F7A7-CB9B-4616-925D-1CAB88E3A7E2}.Debug|x64.Build.0 = Debug|Any CPU
		{FF70F7A7-CB9B-4616-925D-1CAB88E3A7E2}.Debug|x86.ActiveCfg = Debug|Any CPU
		{FF70F7A7-CB9B-4616-925D-1CAB88E3A7E2}.Debug|x86.Build.0 = Debug|Any CPU
		{FF70F7A7-CB9B-4616-925D-1CAB88E3A7E2}.Release|Any CPU.ActiveCfg = Release|Any CPU
		{FF70F7A7-CB9B-4616-925D-1CAB88E3A7E2}.Release|Any CPU.Build.0 = Release|Any CPU
		{FF70F7A7-CB9B-4616-925D-1CAB88E3A7E2}.Release|x64.ActiveCfg = Release|Any CPU
		{FF70F7A7-CB9B-4616-925D-1CAB88E3A7E2}.Release|x64.Build.0 = Release|Any CPU
		{FF70F7A7-CB9B-4616-925D-1CAB88E3A7E2}.Release|x86.ActiveCfg = Release|Any CPU
		{FF70F7A7-CB9B-4616-925D-1CAB88E3A7E2}.Release|x86.Build.0 = Release|Any CPU
		{24C96D2B-D1CF-44B3-BC06-6931C1EEAECB}.Debug|Any CPU.ActiveCfg = Debug|Any CPU
		{24C96D2B-D1CF-44B3-BC06-6931C1EEAECB}.Debug|Any CPU.Build.0 = Debug|Any CPU
		{24C96D2B-D1CF-44B3-BC06-6931C1EEAECB}.Debug|x64.ActiveCfg = Debug|Any CPU
		{24C96D2B-D1CF-44B3-BC06-6931C1EEAECB}.Debug|x64.Build.0 = Debug|Any CPU
		{24C96D2B-D1CF-44B3-BC06-6931C1EEAECB}.Debug|x86.ActiveCfg = Debug|Any CPU
		{24C96D2B-D1CF-44B3-BC06-6931C1EEAECB}.Debug|x86.Build.0 = Debug|Any CPU
		{24C96D2B-D1CF-44B3-BC06-6931C1EEAECB}.Release|Any CPU.ActiveCfg = Release|Any CPU
		{24C96D2B-D1CF-44B3-BC06-6931C1EEAECB}.Release|Any CPU.Build.0 = Release|Any CPU
		{24C96D2B-D1CF-44B3-BC06-6931C1EEAECB}.Release|x64.ActiveCfg = Release|Any CPU
		{24C96D2B-D1CF-44B3-BC06-6931C1EEAECB}.Release|x64.Build.0 = Release|Any CPU
		{24C96D2B-D1CF-44B3-BC06-6931C1EEAECB}.Release|x86.ActiveCfg = Release|Any CPU
		{24C96D2B-D1CF-44B3-BC06-6931C1EEAECB}.Release|x86.Build.0 = Release|Any CPU
		{1F782A57-E2B3-4ECC-A425-86DB0C3B6F76}.Debug|Any CPU.ActiveCfg = Debug|Any CPU
		{1F782A57-E2B3-4ECC-A425-86DB0C3B6F76}.Debug|Any CPU.Build.0 = Debug|Any CPU
		{1F782A57-E2B3-4ECC-A425-86DB0C3B6F76}.Debug|x64.ActiveCfg = Debug|Any CPU
		{1F782A57-E2B3-4ECC-A425-86DB0C3B6F76}.Debug|x64.Build.0 = Debug|Any CPU
		{1F782A57-E2B3-4ECC-A425-86DB0C3B6F76}.Debug|x86.ActiveCfg = Debug|Any CPU
		{1F782A57-E2B3-4ECC-A425-86DB0C3B6F76}.Debug|x86.Build.0 = Debug|Any CPU
		{1F782A57-E2B3-4ECC-A425-86DB0C3B6F76}.Release|Any CPU.ActiveCfg = Release|Any CPU
		{1F782A57-E2B3-4ECC-A425-86DB0C3B6F76}.Release|Any CPU.Build.0 = Release|Any CPU
		{1F782A57-E2B3-4ECC-A425-86DB0C3B6F76}.Release|x64.ActiveCfg = Release|Any CPU
		{1F782A57-E2B3-4ECC-A425-86DB0C3B6F76}.Release|x64.Build.0 = Release|Any CPU
		{1F782A57-E2B3-4ECC-A425-86DB0C3B6F76}.Release|x86.ActiveCfg = Release|Any CPU
		{1F782A57-E2B3-4ECC-A425-86DB0C3B6F76}.Release|x86.Build.0 = Release|Any CPU
		{302DA7C9-7962-4BE1-BDFC-C47F216B085C}.Debug|Any CPU.ActiveCfg = Debug|Any CPU
		{302DA7C9-7962-4BE1-BDFC-C47F216B085C}.Debug|Any CPU.Build.0 = Debug|Any CPU
		{302DA7C9-7962-4BE1-BDFC-C47F216B085C}.Debug|x64.ActiveCfg = Debug|Any CPU
		{302DA7C9-7962-4BE1-BDFC-C47F216B085C}.Debug|x64.Build.0 = Debug|Any CPU
		{302DA7C9-7962-4BE1-BDFC-C47F216B085C}.Debug|x86.ActiveCfg = Debug|Any CPU
		{302DA7C9-7962-4BE1-BDFC-C47F216B085C}.Debug|x86.Build.0 = Debug|Any CPU
		{302DA7C9-7962-4BE1-BDFC-C47F216B085C}.Release|Any CPU.ActiveCfg = Release|Any CPU
		{302DA7C9-7962-4BE1-BDFC-C47F216B085C}.Release|Any CPU.Build.0 = Release|Any CPU
		{302DA7C9-7962-4BE1-BDFC-C47F216B085C}.Release|x64.ActiveCfg = Release|Any CPU
		{302DA7C9-7962-4BE1-BDFC-C47F216B085C}.Release|x64.Build.0 = Release|Any CPU
		{302DA7C9-7962-4BE1-BDFC-C47F216B085C}.Release|x86.ActiveCfg = Release|Any CPU
		{302DA7C9-7962-4BE1-BDFC-C47F216B085C}.Release|x86.Build.0 = Release|Any CPU
		{9A5B397C-A8B4-4C8B-8ABE-7ED40E6DC8A0}.Debug|Any CPU.ActiveCfg = Debug|Any CPU
		{9A5B397C-A8B4-4C8B-8ABE-7ED40E6DC8A0}.Debug|Any CPU.Build.0 = Debug|Any CPU
		{9A5B397C-A8B4-4C8B-8ABE-7ED40E6DC8A0}.Debug|x64.ActiveCfg = Debug|Any CPU
		{9A5B397C-A8B4-4C8B-8ABE-7ED40E6DC8A0}.Debug|x64.Build.0 = Debug|Any CPU
		{9A5B397C-A8B4-4C8B-8ABE-7ED40E6DC8A0}.Debug|x86.ActiveCfg = Debug|Any CPU
		{9A5B397C-A8B4-4C8B-8ABE-7ED40E6DC8A0}.Debug|x86.Build.0 = Debug|Any CPU
		{9A5B397C-A8B4-4C8B-8ABE-7ED40E6DC8A0}.Release|Any CPU.ActiveCfg = Release|Any CPU
		{9A5B397C-A8B4-4C8B-8ABE-7ED40E6DC8A0}.Release|Any CPU.Build.0 = Release|Any CPU
		{9A5B397C-A8B4-4C8B-8ABE-7ED40E6DC8A0}.Release|x64.ActiveCfg = Release|Any CPU
		{9A5B397C-A8B4-4C8B-8ABE-7ED40E6DC8A0}.Release|x64.Build.0 = Release|Any CPU
		{9A5B397C-A8B4-4C8B-8ABE-7ED40E6DC8A0}.Release|x86.ActiveCfg = Release|Any CPU
		{9A5B397C-A8B4-4C8B-8ABE-7ED40E6DC8A0}.Release|x86.Build.0 = Release|Any CPU
		{6DBE47A5-B355-4FB1-B4FB-1822AAAAD0C9}.Debug|Any CPU.ActiveCfg = Debug|Any CPU
		{6DBE47A5-B355-4FB1-B4FB-1822AAAAD0C9}.Debug|Any CPU.Build.0 = Debug|Any CPU
		{6DBE47A5-B355-4FB1-B4FB-1822AAAAD0C9}.Debug|x64.ActiveCfg = Debug|Any CPU
		{6DBE47A5-B355-4FB1-B4FB-1822AAAAD0C9}.Debug|x64.Build.0 = Debug|Any CPU
		{6DBE47A5-B355-4FB1-B4FB-1822AAAAD0C9}.Debug|x86.ActiveCfg = Debug|Any CPU
		{6DBE47A5-B355-4FB1-B4FB-1822AAAAD0C9}.Debug|x86.Build.0 = Debug|Any CPU
		{6DBE47A5-B355-4FB1-B4FB-1822AAAAD0C9}.Release|Any CPU.ActiveCfg = Release|Any CPU
		{6DBE47A5-B355-4FB1-B4FB-1822AAAAD0C9}.Release|Any CPU.Build.0 = Release|Any CPU
		{6DBE47A5-B355-4FB1-B4FB-1822AAAAD0C9}.Release|x64.ActiveCfg = Release|Any CPU
		{6DBE47A5-B355-4FB1-B4FB-1822AAAAD0C9}.Release|x64.Build.0 = Release|Any CPU
		{6DBE47A5-B355-4FB1-B4FB-1822AAAAD0C9}.Release|x86.ActiveCfg = Release|Any CPU
		{6DBE47A5-B355-4FB1-B4FB-1822AAAAD0C9}.Release|x86.Build.0 = Release|Any CPU
		{930A70AE-AEF6-4500-A874-A914F12C7D0C}.Debug|Any CPU.ActiveCfg = Debug|Any CPU
		{930A70AE-AEF6-4500-A874-A914F12C7D0C}.Debug|Any CPU.Build.0 = Debug|Any CPU
		{930A70AE-AEF6-4500-A874-A914F12C7D0C}.Debug|x64.ActiveCfg = Debug|Any CPU
		{930A70AE-AEF6-4500-A874-A914F12C7D0C}.Debug|x64.Build.0 = Debug|Any CPU
		{930A70AE-AEF6-4500-A874-A914F12C7D0C}.Debug|x86.ActiveCfg = Debug|Any CPU
		{930A70AE-AEF6-4500-A874-A914F12C7D0C}.Debug|x86.Build.0 = Debug|Any CPU
		{930A70AE-AEF6-4500-A874-A914F12C7D0C}.Release|Any CPU.ActiveCfg = Release|Any CPU
		{930A70AE-AEF6-4500-A874-A914F12C7D0C}.Release|Any CPU.Build.0 = Release|Any CPU
		{930A70AE-AEF6-4500-A874-A914F12C7D0C}.Release|x64.ActiveCfg = Release|Any CPU
		{930A70AE-AEF6-4500-A874-A914F12C7D0C}.Release|x64.Build.0 = Release|Any CPU
		{930A70AE-AEF6-4500-A874-A914F12C7D0C}.Release|x86.ActiveCfg = Release|Any CPU
		{930A70AE-AEF6-4500-A874-A914F12C7D0C}.Release|x86.Build.0 = Release|Any CPU
		{D8430EDD-F28E-4C65-8933-FB6FC7A6AAE9}.Debug|Any CPU.ActiveCfg = Debug|Any CPU
		{D8430EDD-F28E-4C65-8933-FB6FC7A6AAE9}.Debug|Any CPU.Build.0 = Debug|Any CPU
		{D8430EDD-F28E-4C65-8933-FB6FC7A6AAE9}.Debug|x64.ActiveCfg = Debug|Any CPU
		{D8430EDD-F28E-4C65-8933-FB6FC7A6AAE9}.Debug|x64.Build.0 = Debug|Any CPU
		{D8430EDD-F28E-4C65-8933-FB6FC7A6AAE9}.Debug|x86.ActiveCfg = Debug|Any CPU
		{D8430EDD-F28E-4C65-8933-FB6FC7A6AAE9}.Debug|x86.Build.0 = Debug|Any CPU
		{D8430EDD-F28E-4C65-8933-FB6FC7A6AAE9}.Release|Any CPU.ActiveCfg = Release|Any CPU
		{D8430EDD-F28E-4C65-8933-FB6FC7A6AAE9}.Release|Any CPU.Build.0 = Release|Any CPU
		{D8430EDD-F28E-4C65-8933-FB6FC7A6AAE9}.Release|x64.ActiveCfg = Release|Any CPU
		{D8430EDD-F28E-4C65-8933-FB6FC7A6AAE9}.Release|x64.Build.0 = Release|Any CPU
		{D8430EDD-F28E-4C65-8933-FB6FC7A6AAE9}.Release|x86.ActiveCfg = Release|Any CPU
		{D8430EDD-F28E-4C65-8933-FB6FC7A6AAE9}.Release|x86.Build.0 = Release|Any CPU
		{9401986E-9457-4A82-A450-5A30A5589E6C}.Debug|Any CPU.ActiveCfg = Debug|Any CPU
		{9401986E-9457-4A82-A450-5A30A5589E6C}.Debug|Any CPU.Build.0 = Debug|Any CPU
		{9401986E-9457-4A82-A450-5A30A5589E6C}.Debug|x64.ActiveCfg = Debug|Any CPU
		{9401986E-9457-4A82-A450-5A30A5589E6C}.Debug|x64.Build.0 = Debug|Any CPU
		{9401986E-9457-4A82-A450-5A30A5589E6C}.Debug|x86.ActiveCfg = Debug|Any CPU
		{9401986E-9457-4A82-A450-5A30A5589E6C}.Debug|x86.Build.0 = Debug|Any CPU
		{9401986E-9457-4A82-A450-5A30A5589E6C}.Release|Any CPU.ActiveCfg = Release|Any CPU
		{9401986E-9457-4A82-A450-5A30A5589E6C}.Release|Any CPU.Build.0 = Release|Any CPU
		{9401986E-9457-4A82-A450-5A30A5589E6C}.Release|x64.ActiveCfg = Release|Any CPU
		{9401986E-9457-4A82-A450-5A30A5589E6C}.Release|x64.Build.0 = Release|Any CPU
		{9401986E-9457-4A82-A450-5A30A5589E6C}.Release|x86.ActiveCfg = Release|Any CPU
		{9401986E-9457-4A82-A450-5A30A5589E6C}.Release|x86.Build.0 = Release|Any CPU
		{0CD7CD86-753C-4E46-9369-0AFD4EAA14EE}.Debug|Any CPU.ActiveCfg = Debug|Any CPU
		{0CD7CD86-753C-4E46-9369-0AFD4EAA14EE}.Debug|Any CPU.Build.0 = Debug|Any CPU
		{0CD7CD86-753C-4E46-9369-0AFD4EAA14EE}.Debug|x64.ActiveCfg = Debug|Any CPU
		{0CD7CD86-753C-4E46-9369-0AFD4EAA14EE}.Debug|x64.Build.0 = Debug|Any CPU
		{0CD7CD86-753C-4E46-9369-0AFD4EAA14EE}.Debug|x86.ActiveCfg = Debug|Any CPU
		{0CD7CD86-753C-4E46-9369-0AFD4EAA14EE}.Debug|x86.Build.0 = Debug|Any CPU
		{0CD7CD86-753C-4E46-9369-0AFD4EAA14EE}.Release|Any CPU.ActiveCfg = Release|Any CPU
		{0CD7CD86-753C-4E46-9369-0AFD4EAA14EE}.Release|Any CPU.Build.0 = Release|Any CPU
		{0CD7CD86-753C-4E46-9369-0AFD4EAA14EE}.Release|x64.ActiveCfg = Release|Any CPU
		{0CD7CD86-753C-4E46-9369-0AFD4EAA14EE}.Release|x64.Build.0 = Release|Any CPU
		{0CD7CD86-753C-4E46-9369-0AFD4EAA14EE}.Release|x86.ActiveCfg = Release|Any CPU
		{0CD7CD86-753C-4E46-9369-0AFD4EAA14EE}.Release|x86.Build.0 = Release|Any CPU
		{29323F2A-0258-4C86-A73F-3925489E2CF7}.Debug|Any CPU.ActiveCfg = Debug|Any CPU
		{29323F2A-0258-4C86-A73F-3925489E2CF7}.Debug|Any CPU.Build.0 = Debug|Any CPU
		{29323F2A-0258-4C86-A73F-3925489E2CF7}.Debug|x64.ActiveCfg = Debug|Any CPU
		{29323F2A-0258-4C86-A73F-3925489E2CF7}.Debug|x64.Build.0 = Debug|Any CPU
		{29323F2A-0258-4C86-A73F-3925489E2CF7}.Debug|x86.ActiveCfg = Debug|Any CPU
		{29323F2A-0258-4C86-A73F-3925489E2CF7}.Debug|x86.Build.0 = Debug|Any CPU
		{29323F2A-0258-4C86-A73F-3925489E2CF7}.Release|Any CPU.ActiveCfg = Release|Any CPU
		{29323F2A-0258-4C86-A73F-3925489E2CF7}.Release|Any CPU.Build.0 = Release|Any CPU
		{29323F2A-0258-4C86-A73F-3925489E2CF7}.Release|x64.ActiveCfg = Release|Any CPU
		{29323F2A-0258-4C86-A73F-3925489E2CF7}.Release|x64.Build.0 = Release|Any CPU
		{29323F2A-0258-4C86-A73F-3925489E2CF7}.Release|x86.ActiveCfg = Release|Any CPU
		{29323F2A-0258-4C86-A73F-3925489E2CF7}.Release|x86.Build.0 = Release|Any CPU
		{21B6BED3-D014-4A95-AF8F-F7336E89C3C1}.Debug|Any CPU.ActiveCfg = Debug|Any CPU
		{21B6BED3-D014-4A95-AF8F-F7336E89C3C1}.Debug|Any CPU.Build.0 = Debug|Any CPU
		{21B6BED3-D014-4A95-AF8F-F7336E89C3C1}.Debug|x64.ActiveCfg = Debug|Any CPU
		{21B6BED3-D014-4A95-AF8F-F7336E89C3C1}.Debug|x64.Build.0 = Debug|Any CPU
		{21B6BED3-D014-4A95-AF8F-F7336E89C3C1}.Debug|x86.ActiveCfg = Debug|Any CPU
		{21B6BED3-D014-4A95-AF8F-F7336E89C3C1}.Debug|x86.Build.0 = Debug|Any CPU
		{21B6BED3-D014-4A95-AF8F-F7336E89C3C1}.Release|Any CPU.ActiveCfg = Release|Any CPU
		{21B6BED3-D014-4A95-AF8F-F7336E89C3C1}.Release|Any CPU.Build.0 = Release|Any CPU
		{21B6BED3-D014-4A95-AF8F-F7336E89C3C1}.Release|x64.ActiveCfg = Release|Any CPU
		{21B6BED3-D014-4A95-AF8F-F7336E89C3C1}.Release|x64.Build.0 = Release|Any CPU
		{21B6BED3-D014-4A95-AF8F-F7336E89C3C1}.Release|x86.ActiveCfg = Release|Any CPU
		{21B6BED3-D014-4A95-AF8F-F7336E89C3C1}.Release|x86.Build.0 = Release|Any CPU
		{F70A80D8-6CFD-43E0-B2CF-221B70681C38}.Debug|Any CPU.ActiveCfg = Debug|Any CPU
		{F70A80D8-6CFD-43E0-B2CF-221B70681C38}.Debug|Any CPU.Build.0 = Debug|Any CPU
		{F70A80D8-6CFD-43E0-B2CF-221B70681C38}.Debug|x64.ActiveCfg = Debug|Any CPU
		{F70A80D8-6CFD-43E0-B2CF-221B70681C38}.Debug|x64.Build.0 = Debug|Any CPU
		{F70A80D8-6CFD-43E0-B2CF-221B70681C38}.Debug|x86.ActiveCfg = Debug|Any CPU
		{F70A80D8-6CFD-43E0-B2CF-221B70681C38}.Debug|x86.Build.0 = Debug|Any CPU
		{F70A80D8-6CFD-43E0-B2CF-221B70681C38}.Release|Any CPU.ActiveCfg = Release|Any CPU
		{F70A80D8-6CFD-43E0-B2CF-221B70681C38}.Release|Any CPU.Build.0 = Release|Any CPU
		{F70A80D8-6CFD-43E0-B2CF-221B70681C38}.Release|x64.ActiveCfg = Release|Any CPU
		{F70A80D8-6CFD-43E0-B2CF-221B70681C38}.Release|x64.Build.0 = Release|Any CPU
		{F70A80D8-6CFD-43E0-B2CF-221B70681C38}.Release|x86.ActiveCfg = Release|Any CPU
		{F70A80D8-6CFD-43E0-B2CF-221B70681C38}.Release|x86.Build.0 = Release|Any CPU
		{EEE3ED9E-9BA0-4285-8BCB-6F2847311C8C}.Debug|Any CPU.ActiveCfg = Debug|Any CPU
		{EEE3ED9E-9BA0-4285-8BCB-6F2847311C8C}.Debug|Any CPU.Build.0 = Debug|Any CPU
		{EEE3ED9E-9BA0-4285-8BCB-6F2847311C8C}.Debug|x64.ActiveCfg = Debug|Any CPU
		{EEE3ED9E-9BA0-4285-8BCB-6F2847311C8C}.Debug|x64.Build.0 = Debug|Any CPU
		{EEE3ED9E-9BA0-4285-8BCB-6F2847311C8C}.Debug|x86.ActiveCfg = Debug|Any CPU
		{EEE3ED9E-9BA0-4285-8BCB-6F2847311C8C}.Debug|x86.Build.0 = Debug|Any CPU
		{EEE3ED9E-9BA0-4285-8BCB-6F2847311C8C}.Release|Any CPU.ActiveCfg = Release|Any CPU
		{EEE3ED9E-9BA0-4285-8BCB-6F2847311C8C}.Release|Any CPU.Build.0 = Release|Any CPU
		{EEE3ED9E-9BA0-4285-8BCB-6F2847311C8C}.Release|x64.ActiveCfg = Release|Any CPU
		{EEE3ED9E-9BA0-4285-8BCB-6F2847311C8C}.Release|x64.Build.0 = Release|Any CPU
		{EEE3ED9E-9BA0-4285-8BCB-6F2847311C8C}.Release|x86.ActiveCfg = Release|Any CPU
		{EEE3ED9E-9BA0-4285-8BCB-6F2847311C8C}.Release|x86.Build.0 = Release|Any CPU
		{9E72D146-2FFE-4550-94F3-A458E8392709}.Debug|Any CPU.ActiveCfg = Debug|Any CPU
		{9E72D146-2FFE-4550-94F3-A458E8392709}.Debug|Any CPU.Build.0 = Debug|Any CPU
		{9E72D146-2FFE-4550-94F3-A458E8392709}.Debug|x64.ActiveCfg = Debug|Any CPU
		{9E72D146-2FFE-4550-94F3-A458E8392709}.Debug|x64.Build.0 = Debug|Any CPU
		{9E72D146-2FFE-4550-94F3-A458E8392709}.Debug|x86.ActiveCfg = Debug|Any CPU
		{9E72D146-2FFE-4550-94F3-A458E8392709}.Debug|x86.Build.0 = Debug|Any CPU
		{9E72D146-2FFE-4550-94F3-A458E8392709}.Release|Any CPU.ActiveCfg = Release|Any CPU
		{9E72D146-2FFE-4550-94F3-A458E8392709}.Release|Any CPU.Build.0 = Release|Any CPU
		{9E72D146-2FFE-4550-94F3-A458E8392709}.Release|x64.ActiveCfg = Release|Any CPU
		{9E72D146-2FFE-4550-94F3-A458E8392709}.Release|x64.Build.0 = Release|Any CPU
		{9E72D146-2FFE-4550-94F3-A458E8392709}.Release|x86.ActiveCfg = Release|Any CPU
		{9E72D146-2FFE-4550-94F3-A458E8392709}.Release|x86.Build.0 = Release|Any CPU
		{B0C6D09D-8D20-4E12-A838-F089267197F9}.Debug|Any CPU.ActiveCfg = Debug|Any CPU
		{B0C6D09D-8D20-4E12-A838-F089267197F9}.Debug|Any CPU.Build.0 = Debug|Any CPU
		{B0C6D09D-8D20-4E12-A838-F089267197F9}.Debug|x64.ActiveCfg = Debug|Any CPU
		{B0C6D09D-8D20-4E12-A838-F089267197F9}.Debug|x64.Build.0 = Debug|Any CPU
		{B0C6D09D-8D20-4E12-A838-F089267197F9}.Debug|x86.ActiveCfg = Debug|Any CPU
		{B0C6D09D-8D20-4E12-A838-F089267197F9}.Debug|x86.Build.0 = Debug|Any CPU
		{B0C6D09D-8D20-4E12-A838-F089267197F9}.Release|Any CPU.ActiveCfg = Release|Any CPU
		{B0C6D09D-8D20-4E12-A838-F089267197F9}.Release|Any CPU.Build.0 = Release|Any CPU
		{B0C6D09D-8D20-4E12-A838-F089267197F9}.Release|x64.ActiveCfg = Release|Any CPU
		{B0C6D09D-8D20-4E12-A838-F089267197F9}.Release|x64.Build.0 = Release|Any CPU
		{B0C6D09D-8D20-4E12-A838-F089267197F9}.Release|x86.ActiveCfg = Release|Any CPU
		{B0C6D09D-8D20-4E12-A838-F089267197F9}.Release|x86.Build.0 = Release|Any CPU
		{EFB4755C-4B01-4CFA-A329-F165093B9BB1}.Debug|Any CPU.ActiveCfg = Debug|Any CPU
		{EFB4755C-4B01-4CFA-A329-F165093B9BB1}.Debug|Any CPU.Build.0 = Debug|Any CPU
		{EFB4755C-4B01-4CFA-A329-F165093B9BB1}.Debug|x64.ActiveCfg = Debug|Any CPU
		{EFB4755C-4B01-4CFA-A329-F165093B9BB1}.Debug|x64.Build.0 = Debug|Any CPU
		{EFB4755C-4B01-4CFA-A329-F165093B9BB1}.Debug|x86.ActiveCfg = Debug|Any CPU
		{EFB4755C-4B01-4CFA-A329-F165093B9BB1}.Debug|x86.Build.0 = Debug|Any CPU
		{EFB4755C-4B01-4CFA-A329-F165093B9BB1}.Release|Any CPU.ActiveCfg = Release|Any CPU
		{EFB4755C-4B01-4CFA-A329-F165093B9BB1}.Release|Any CPU.Build.0 = Release|Any CPU
		{EFB4755C-4B01-4CFA-A329-F165093B9BB1}.Release|x64.ActiveCfg = Release|Any CPU
		{EFB4755C-4B01-4CFA-A329-F165093B9BB1}.Release|x64.Build.0 = Release|Any CPU
		{EFB4755C-4B01-4CFA-A329-F165093B9BB1}.Release|x86.ActiveCfg = Release|Any CPU
		{EFB4755C-4B01-4CFA-A329-F165093B9BB1}.Release|x86.Build.0 = Release|Any CPU
		{554FA883-D68A-4CC8-9CCC-331CEFF5D357}.Debug|Any CPU.ActiveCfg = Debug|Any CPU
		{554FA883-D68A-4CC8-9CCC-331CEFF5D357}.Debug|Any CPU.Build.0 = Debug|Any CPU
		{554FA883-D68A-4CC8-9CCC-331CEFF5D357}.Debug|x64.ActiveCfg = Debug|Any CPU
		{554FA883-D68A-4CC8-9CCC-331CEFF5D357}.Debug|x64.Build.0 = Debug|Any CPU
		{554FA883-D68A-4CC8-9CCC-331CEFF5D357}.Debug|x86.ActiveCfg = Debug|Any CPU
		{554FA883-D68A-4CC8-9CCC-331CEFF5D357}.Debug|x86.Build.0 = Debug|Any CPU
		{554FA883-D68A-4CC8-9CCC-331CEFF5D357}.Release|Any CPU.ActiveCfg = Release|Any CPU
		{554FA883-D68A-4CC8-9CCC-331CEFF5D357}.Release|Any CPU.Build.0 = Release|Any CPU
		{554FA883-D68A-4CC8-9CCC-331CEFF5D357}.Release|x64.ActiveCfg = Release|Any CPU
		{554FA883-D68A-4CC8-9CCC-331CEFF5D357}.Release|x64.Build.0 = Release|Any CPU
		{554FA883-D68A-4CC8-9CCC-331CEFF5D357}.Release|x86.ActiveCfg = Release|Any CPU
		{554FA883-D68A-4CC8-9CCC-331CEFF5D357}.Release|x86.Build.0 = Release|Any CPU
		{03AAA55C-FB09-4441-AFEA-DCD3E4D875F9}.Debug|Any CPU.ActiveCfg = Debug|Any CPU
		{03AAA55C-FB09-4441-AFEA-DCD3E4D875F9}.Debug|Any CPU.Build.0 = Debug|Any CPU
		{03AAA55C-FB09-4441-AFEA-DCD3E4D875F9}.Debug|x64.ActiveCfg = Debug|Any CPU
		{03AAA55C-FB09-4441-AFEA-DCD3E4D875F9}.Debug|x64.Build.0 = Debug|Any CPU
		{03AAA55C-FB09-4441-AFEA-DCD3E4D875F9}.Debug|x86.ActiveCfg = Debug|Any CPU
		{03AAA55C-FB09-4441-AFEA-DCD3E4D875F9}.Debug|x86.Build.0 = Debug|Any CPU
		{03AAA55C-FB09-4441-AFEA-DCD3E4D875F9}.Release|Any CPU.ActiveCfg = Release|Any CPU
		{03AAA55C-FB09-4441-AFEA-DCD3E4D875F9}.Release|Any CPU.Build.0 = Release|Any CPU
		{03AAA55C-FB09-4441-AFEA-DCD3E4D875F9}.Release|x64.ActiveCfg = Release|Any CPU
		{03AAA55C-FB09-4441-AFEA-DCD3E4D875F9}.Release|x64.Build.0 = Release|Any CPU
		{03AAA55C-FB09-4441-AFEA-DCD3E4D875F9}.Release|x86.ActiveCfg = Release|Any CPU
		{03AAA55C-FB09-4441-AFEA-DCD3E4D875F9}.Release|x86.Build.0 = Release|Any CPU
		{8FBC23AA-C119-4558-A243-0287319D9773}.Debug|Any CPU.ActiveCfg = Debug|Any CPU
		{8FBC23AA-C119-4558-A243-0287319D9773}.Debug|Any CPU.Build.0 = Debug|Any CPU
		{8FBC23AA-C119-4558-A243-0287319D9773}.Debug|x64.ActiveCfg = Debug|Any CPU
		{8FBC23AA-C119-4558-A243-0287319D9773}.Debug|x64.Build.0 = Debug|Any CPU
		{8FBC23AA-C119-4558-A243-0287319D9773}.Debug|x86.ActiveCfg = Debug|Any CPU
		{8FBC23AA-C119-4558-A243-0287319D9773}.Debug|x86.Build.0 = Debug|Any CPU
		{8FBC23AA-C119-4558-A243-0287319D9773}.Release|Any CPU.ActiveCfg = Release|Any CPU
		{8FBC23AA-C119-4558-A243-0287319D9773}.Release|Any CPU.Build.0 = Release|Any CPU
		{8FBC23AA-C119-4558-A243-0287319D9773}.Release|x64.ActiveCfg = Release|Any CPU
		{8FBC23AA-C119-4558-A243-0287319D9773}.Release|x64.Build.0 = Release|Any CPU
		{8FBC23AA-C119-4558-A243-0287319D9773}.Release|x86.ActiveCfg = Release|Any CPU
		{8FBC23AA-C119-4558-A243-0287319D9773}.Release|x86.Build.0 = Release|Any CPU
	EndGlobalSection
	GlobalSection(SolutionProperties) = preSolution
		HideSolutionNode = FALSE
	EndGlobalSection
	GlobalSection(NestedProjects) = preSolution
		{8280278A-98F2-E206-A079-E506139BE16C} = {EB75EB21-BF84-91EF-4E6E-5977B2E575DE}
		{CD8E3C10-E3C5-40DD-B356-B278AB2EC729} = {8280278A-98F2-E206-A079-E506139BE16C}
		{9A590182-5978-D8C7-E303-291190AE30CB} = {EB75EB21-BF84-91EF-4E6E-5977B2E575DE}
		{735D4AAA-8D40-4705-A40C-C670EF5F694D} = {9A590182-5978-D8C7-E303-291190AE30CB}
		{D4D3E438-BFB7-2F8D-680E-54BE7DA40A99} = {F3AF90AF-75E4-0F12-A774-47027EA19581}
		{BA0BF8DA-B7AE-438F-B60A-7DBA5C055652} = {D4D3E438-BFB7-2F8D-680E-54BE7DA40A99}
		{879F0A05-F2D4-4274-8F41-9088C328F19C} = {D4D3E438-BFB7-2F8D-680E-54BE7DA40A99}
		{9F1133D0-4896-081B-73A1-17DBEFCB2077} = {F3AF90AF-75E4-0F12-A774-47027EA19581}
		{FF70F7A7-CB9B-4616-925D-1CAB88E3A7E2} = {9F1133D0-4896-081B-73A1-17DBEFCB2077}
		{73FC86DF-ABEB-B5B7-2E65-11FA347832F9} = {763561C8-F89B-6354-139D-F9478C28527A}
		{24C96D2B-D1CF-44B3-BC06-6931C1EEAECB} = {73FC86DF-ABEB-B5B7-2E65-11FA347832F9}
		{1F782A57-E2B3-4ECC-A425-86DB0C3B6F76} = {73FC86DF-ABEB-B5B7-2E65-11FA347832F9}
		{302DA7C9-7962-4BE1-BDFC-C47F216B085C} = {73FC86DF-ABEB-B5B7-2E65-11FA347832F9}
		{9A5B397C-A8B4-4C8B-8ABE-7ED40E6DC8A0} = {73FC86DF-ABEB-B5B7-2E65-11FA347832F9}
		{6DBE47A5-B355-4FB1-B4FB-1822AAAAD0C9} = {73FC86DF-ABEB-B5B7-2E65-11FA347832F9}
		{D3C758B1-2EFB-5E1A-6276-3A5D7C0FB0D3} = {763561C8-F89B-6354-139D-F9478C28527A}
		{930A70AE-AEF6-4500-A874-A914F12C7D0C} = {D3C758B1-2EFB-5E1A-6276-3A5D7C0FB0D3}
		{D8430EDD-F28E-4C65-8933-FB6FC7A6AAE9} = {D3C758B1-2EFB-5E1A-6276-3A5D7C0FB0D3}
		{7F792CA6-478D-DCB5-A90C-7EF8CD8769D2} = {CCD4F0B1-712D-5CB0-B003-69F99109FDBB}
		{9401986E-9457-4A82-A450-5A30A5589E6C} = {7F792CA6-478D-DCB5-A90C-7EF8CD8769D2}
		{6AC13BEE-AC66-9A69-3AE8-4AFF3674B77D} = {BF057CF0-9C6A-80B2-4115-E7279622C476}
		{0CD7CD86-753C-4E46-9369-0AFD4EAA14EE} = {6AC13BEE-AC66-9A69-3AE8-4AFF3674B77D}
		{29323F2A-0258-4C86-A73F-3925489E2CF7} = {6AC13BEE-AC66-9A69-3AE8-4AFF3674B77D}
		{61037860-D530-EA0A-0349-2817C6CED953} = {BF057CF0-9C6A-80B2-4115-E7279622C476}
		{21B6BED3-D014-4A95-AF8F-F7336E89C3C1} = {61037860-D530-EA0A-0349-2817C6CED953}
		{D30A479B-612C-2B85-DA7A-7319B0E5B2D8} = {37DA62FC-1946-D917-9850-17117E007FB2}
		{F70A80D8-6CFD-43E0-B2CF-221B70681C38} = {D30A479B-612C-2B85-DA7A-7319B0E5B2D8}
		{63D763DC-53D7-188A-B9A8-5533EA86DBC3} = {37DA62FC-1946-D917-9850-17117E007FB2}
		{EEE3ED9E-9BA0-4285-8BCB-6F2847311C8C} = {63D763DC-53D7-188A-B9A8-5533EA86DBC3}
		{9E72D146-2FFE-4550-94F3-A458E8392709} = {63D763DC-53D7-188A-B9A8-5533EA86DBC3}
		{B0C6D09D-8D20-4E12-A838-F089267197F9} = {63D763DC-53D7-188A-B9A8-5533EA86DBC3}
		{850559B7-F60F-B250-FDD5-8803A3C1702F} = {37DA62FC-1946-D917-9850-17117E007FB2}
		{EFB4755C-4B01-4CFA-A329-F165093B9BB1} = {850559B7-F60F-B250-FDD5-8803A3C1702F}
		{554FA883-D68A-4CC8-9CCC-331CEFF5D357} = {850559B7-F60F-B250-FDD5-8803A3C1702F}
		{03AAA55C-FB09-4441-AFEA-DCD3E4D875F9} = {850559B7-F60F-B250-FDD5-8803A3C1702F}
		{8FBC23AA-C119-4558-A243-0287319D9773} = {850559B7-F60F-B250-FDD5-8803A3C1702F}
	EndGlobalSection
EndGlobal
